
Microsoft Visual Studio Solution File, Format Version 12.00
# Visual Studio 15
VisualStudioVersion = 15.0.28307.329
MinimumVisualStudioVersion = 10.0.40219.1
Project("{2150E333-8FDC-42A3-9474-1A3956D46DE8}") = "NavigationPane_CodeBehind_Blank", "NavigationPane_CodeBehind_Blank", "{C4E92CB0-6154-4ED4-A5DD-E393ED961D10}"
EndProject
Project("{FAE04EC0-301F-11D3-BF4B-00C04F79EFBC}") = "App_NavigationPane_CodeBehind_Blank", "App_NavigationPane_CodeBehind_Blank\App_NavigationPane_CodeBehind_Blank.csproj", "{0E216AC4-6F66-47A5-A235-6534A7461F34}"
EndProject
Project("{9A19103F-16F7-4668-BE54-9A1E7A4F7556}") = "App_NavigationPane_CodeBehind_Blank.Core", "App_NavigationPane_CodeBehind_Blank.Core\App_NavigationPane_CodeBehind_Blank.Core.csproj", "{970991CF-A55E-41E9-8871-D0A7DF999190}"
EndProject
Project("{2150E333-8FDC-42A3-9474-1A3956D46DE8}") = "NavigationPane_MvvmLight_Blank", "NavigationPane_MvvmLight_Blank", "{04A81047-DC05-474B-96C9-0ED53A16B883}"
EndProject
Project("{FAE04EC0-301F-11D3-BF4B-00C04F79EFBC}") = "App_NavigationPane_MvvmLight_Blank", "App_NavigationPane_MvvmLight_Blank\App_NavigationPane_MvvmLight_Blank.csproj", "{FA7F3E67-B7B3-4BD1-BFAE-870DF0B2C0D7}"
EndProject
Project("{9A19103F-16F7-4668-BE54-9A1E7A4F7556}") = "App_NavigationPane_MvvmLight_Blank.Core", "App_NavigationPane_MvvmLight_Blank.Core\App_NavigationPane_MvvmLight_Blank.Core.csproj", "{A6AEB275-9D8C-4B48-8E0C-409BA65DB8E7}"
EndProject
Project("{2150E333-8FDC-42A3-9474-1A3956D46DE8}") = "NavigationPane_MvvmBasic_Blank", "NavigationPane_MvvmBasic_Blank", "{8D4A5DA2-D20A-488F-AC9E-31172FE51909}"
EndProject
Project("{FAE04EC0-301F-11D3-BF4B-00C04F79EFBC}") = "App_NavigationPane_MvvmBasic_Blank", "App_NavigationPane_MvvmBasic_Blank\App_NavigationPane_MvvmBasic_Blank.csproj", "{6C563FCF-34DA-4558-9182-72EE007515EA}"
EndProject
Project("{9A19103F-16F7-4668-BE54-9A1E7A4F7556}") = "App_NavigationPane_MvvmBasic_Blank.Core", "App_NavigationPane_MvvmBasic_Blank.Core\App_NavigationPane_MvvmBasic_Blank.Core.csproj", "{29D4BDA7-F7BC-4C22-BE1A-1D9C4A0AC278}"
EndProject
Project("{2150E333-8FDC-42A3-9474-1A3956D46DE8}") = "NavigationPane_CaliburnMicro_Blank", "NavigationPane_CaliburnMicro_Blank", "{A35CEA24-A76C-437F-8EFA-39AF32DC4182}"
EndProject
Project("{FAE04EC0-301F-11D3-BF4B-00C04F79EFBC}") = "App_NavigationPane_CaliburnMicro_Blank", "App_NavigationPane_CaliburnMicro_Blank\App_NavigationPane_CaliburnMicro_Blank.csproj", "{B1B9AE84-5FA2-4F21-8003-7A7709C66B4C}"
EndProject
Project("{9A19103F-16F7-4668-BE54-9A1E7A4F7556}") = "App_NavigationPane_CaliburnMicro_Blank.Core", "App_NavigationPane_CaliburnMicro_Blank.Core\App_NavigationPane_CaliburnMicro_Blank.Core.csproj", "{935245DC-F54C-4228-A08D-A1C55672B9CC}"
EndProject
Project("{2150E333-8FDC-42A3-9474-1A3956D46DE8}") = "NavigationPane_Prism_Blank", "NavigationPane_Prism_Blank", "{34912521-F922-4B03-9A39-79B3B468E623}"
EndProject
Project("{FAE04EC0-301F-11D3-BF4B-00C04F79EFBC}") = "App_NavigationPane_Prism_Blank", "App_NavigationPane_Prism_Blank\App_NavigationPane_Prism_Blank.csproj", "{AF1A7FE3-83F5-4B9A-9AA4-45170670115C}"
EndProject
Project("{9A19103F-16F7-4668-BE54-9A1E7A4F7556}") = "App_NavigationPane_Prism_Blank.Core", "App_NavigationPane_Prism_Blank.Core\App_NavigationPane_Prism_Blank.Core.csproj", "{4C59E889-1788-4742-A3C5-0EAD35D2D56E}"
EndProject
Project("{2150E333-8FDC-42A3-9474-1A3956D46DE8}") = "NavigationPane_CodeBehind_Settings", "NavigationPane_CodeBehind_Settings", "{D8E94CE5-BF08-4CC0-8678-843558B4AD52}"
EndProject
Project("{FAE04EC0-301F-11D3-BF4B-00C04F79EFBC}") = "App_NavigationPane_CodeBehind_Settings", "App_NavigationPane_CodeBehind_Settings\App_NavigationPane_CodeBehind_Settings.csproj", "{1C5CB891-F7FF-4977-8864-379CED4D6363}"
EndProject
Project("{9A19103F-16F7-4668-BE54-9A1E7A4F7556}") = "App_NavigationPane_CodeBehind_Settings.Core", "App_NavigationPane_CodeBehind_Settings.Core\App_NavigationPane_CodeBehind_Settings.Core.csproj", "{CEBF9BC1-9DBC-40D9-A414-46B9CC7B6658}"
EndProject
Project("{2150E333-8FDC-42A3-9474-1A3956D46DE8}") = "NavigationPane_MvvmLight_Settings", "NavigationPane_MvvmLight_Settings", "{204FC433-6F39-4B54-8C36-C543791644AA}"
EndProject
Project("{FAE04EC0-301F-11D3-BF4B-00C04F79EFBC}") = "App_NavigationPane_MvvmLight_Settings", "App_NavigationPane_MvvmLight_Settings\App_NavigationPane_MvvmLight_Settings.csproj", "{302ED0E9-F8BD-4C85-9C70-BFD19CF89886}"
EndProject
Project("{9A19103F-16F7-4668-BE54-9A1E7A4F7556}") = "App_NavigationPane_MvvmLight_Settings.Core", "App_NavigationPane_MvvmLight_Settings.Core\App_NavigationPane_MvvmLight_Settings.Core.csproj", "{8EAACDF2-D931-428A-AF05-DBFD400C4FEE}"
EndProject
Project("{2150E333-8FDC-42A3-9474-1A3956D46DE8}") = "NavigationPane_MvvmBasic_Settings", "NavigationPane_MvvmBasic_Settings", "{33EC8E00-BFE7-4EB3-A56F-677A5B5D0606}"
EndProject
Project("{FAE04EC0-301F-11D3-BF4B-00C04F79EFBC}") = "App_NavigationPane_MvvmBasic_Settings", "App_NavigationPane_MvvmBasic_Settings\App_NavigationPane_MvvmBasic_Settings.csproj", "{24EB648E-3815-4382-B126-98F361E7811F}"
EndProject
Project("{9A19103F-16F7-4668-BE54-9A1E7A4F7556}") = "App_NavigationPane_MvvmBasic_Settings.Core", "App_NavigationPane_MvvmBasic_Settings.Core\App_NavigationPane_MvvmBasic_Settings.Core.csproj", "{77C35154-3C1E-4914-8A14-7A2F7CE25337}"
EndProject
Project("{2150E333-8FDC-42A3-9474-1A3956D46DE8}") = "NavigationPane_CaliburnMicro_Settings", "NavigationPane_CaliburnMicro_Settings", "{FB5CFFB1-C39D-4ECC-83F2-6CE10B52C763}"
EndProject
Project("{FAE04EC0-301F-11D3-BF4B-00C04F79EFBC}") = "App_NavigationPane_CaliburnMicro_Settings", "App_NavigationPane_CaliburnMicro_Settings\App_NavigationPane_CaliburnMicro_Settings.csproj", "{0A8C58E3-4E74-44C8-A6DD-3B4171C78A60}"
EndProject
Project("{9A19103F-16F7-4668-BE54-9A1E7A4F7556}") = "App_NavigationPane_CaliburnMicro_Settings.Core", "App_NavigationPane_CaliburnMicro_Settings.Core\App_NavigationPane_CaliburnMicro_Settings.Core.csproj", "{10D0CBD5-6AD1-4ECC-B85C-83E1F035C1C4}"
EndProject
Project("{2150E333-8FDC-42A3-9474-1A3956D46DE8}") = "NavigationPane_Prism_Settings", "NavigationPane_Prism_Settings", "{CE4848AE-5D03-4009-85F7-F22C8E860DBE}"
EndProject
Project("{FAE04EC0-301F-11D3-BF4B-00C04F79EFBC}") = "App_NavigationPane_Prism_Settings", "App_NavigationPane_Prism_Settings\App_NavigationPane_Prism_Settings.csproj", "{EFA80962-7AF4-4F3A-8053-36D193FDC43F}"
EndProject
Project("{9A19103F-16F7-4668-BE54-9A1E7A4F7556}") = "App_NavigationPane_Prism_Settings.Core", "App_NavigationPane_Prism_Settings.Core\App_NavigationPane_Prism_Settings.Core.csproj", "{08AA4057-9A5D-460F-B21E-2336203B9D9C}"
EndProject
Project("{2150E333-8FDC-42A3-9474-1A3956D46DE8}") = "NavigationPane_CodeBehind_WebView", "NavigationPane_CodeBehind_WebView", "{89C3C07B-7C3B-4024-958B-B4B4692D4A4F}"
EndProject
Project("{FAE04EC0-301F-11D3-BF4B-00C04F79EFBC}") = "App_NavigationPane_CodeBehind_WebView", "App_NavigationPane_CodeBehind_WebView\App_NavigationPane_CodeBehind_WebView.csproj", "{438B2405-756B-4043-9792-A4C9D183950F}"
EndProject
Project("{9A19103F-16F7-4668-BE54-9A1E7A4F7556}") = "App_NavigationPane_CodeBehind_WebView.Core", "App_NavigationPane_CodeBehind_WebView.Core\App_NavigationPane_CodeBehind_WebView.Core.csproj", "{42C5CE70-AD89-4C8E-AADE-D93133BC910E}"
EndProject
Project("{2150E333-8FDC-42A3-9474-1A3956D46DE8}") = "NavigationPane_MvvmBasic_WebView", "NavigationPane_MvvmBasic_WebView", "{1357BDFC-CF94-4A7E-9D98-F859CD3F80A2}"
EndProject
Project("{FAE04EC0-301F-11D3-BF4B-00C04F79EFBC}") = "App_NavigationPane_MvvmBasic_WebView", "App_NavigationPane_MvvmBasic_WebView\App_NavigationPane_MvvmBasic_WebView.csproj", "{6A636E1B-9822-4E84-8C42-32CA681C818C}"
EndProject
Project("{9A19103F-16F7-4668-BE54-9A1E7A4F7556}") = "App_NavigationPane_MvvmBasic_WebView.Core", "App_NavigationPane_MvvmBasic_WebView.Core\App_NavigationPane_MvvmBasic_WebView.Core.csproj", "{BEFE6617-8EAF-41DF-9DF3-EB9F6455760E}"
EndProject
Project("{2150E333-8FDC-42A3-9474-1A3956D46DE8}") = "NavigationPane_CaliburnMicro_WebView", "NavigationPane_CaliburnMicro_WebView", "{8B26BC43-D886-4B39-8961-3DD61F2E4AE6}"
EndProject
Project("{FAE04EC0-301F-11D3-BF4B-00C04F79EFBC}") = "App_NavigationPane_CaliburnMicro_WebView", "App_NavigationPane_CaliburnMicro_WebView\App_NavigationPane_CaliburnMicro_WebView.csproj", "{D1082FEC-52B4-4F5A-9646-9493AD4D07D4}"
EndProject
Project("{9A19103F-16F7-4668-BE54-9A1E7A4F7556}") = "App_NavigationPane_CaliburnMicro_WebView.Core", "App_NavigationPane_CaliburnMicro_WebView.Core\App_NavigationPane_CaliburnMicro_WebView.Core.csproj", "{84D49EFF-27A8-4505-9F62-9BE68A9568AF}"
EndProject
Project("{2150E333-8FDC-42A3-9474-1A3956D46DE8}") = "NavigationPane_Prism_WebView", "NavigationPane_Prism_WebView", "{143CCF9B-0A51-4168-B275-7B323B70CAD9}"
EndProject
Project("{FAE04EC0-301F-11D3-BF4B-00C04F79EFBC}") = "App_NavigationPane_Prism_WebView", "App_NavigationPane_Prism_WebView\App_NavigationPane_Prism_WebView.csproj", "{F291D525-2A0B-47F1-8539-5C4FC0253EE8}"
EndProject
Project("{9A19103F-16F7-4668-BE54-9A1E7A4F7556}") = "App_NavigationPane_Prism_WebView.Core", "App_NavigationPane_Prism_WebView.Core\App_NavigationPane_Prism_WebView.Core.csproj", "{10A10DA3-3FC9-436A-83FE-E7AF69D1775A}"
EndProject
Project("{2150E333-8FDC-42A3-9474-1A3956D46DE8}") = "NavigationPane_MvvmLight_WebView", "NavigationPane_MvvmLight_WebView", "{5AE4C324-33AB-4A35-981F-D0749042D321}"
EndProject
Project("{FAE04EC0-301F-11D3-BF4B-00C04F79EFBC}") = "App_NavigationPane_MvvmLight_WebView", "App_NavigationPane_MvvmLight_WebView\App_NavigationPane_MvvmLight_WebView.csproj", "{21F26CD8-B49F-404C-A5E5-8DB44B0E3414}"
EndProject
Project("{9A19103F-16F7-4668-BE54-9A1E7A4F7556}") = "App_NavigationPane_MvvmLight_WebView.Core", "App_NavigationPane_MvvmLight_WebView.Core\App_NavigationPane_MvvmLight_WebView.Core.csproj", "{93779F37-571B-4821-BFF3-3B8D61D1093C}"
EndProject
Project("{2150E333-8FDC-42A3-9474-1A3956D46DE8}") = "NavigationPane_CodeBehind_MediaPlayer", "NavigationPane_CodeBehind_MediaPlayer", "{087573A2-6D9C-43A6-854C-71FFCEE1BCAF}"
EndProject
Project("{FAE04EC0-301F-11D3-BF4B-00C04F79EFBC}") = "App_NavigationPane_CodeBehind_MediaPlayer", "App_NavigationPane_CodeBehind_MediaPlayer\App_NavigationPane_CodeBehind_MediaPlayer.csproj", "{774090E9-58DF-4601-9574-1B770D9B2270}"
EndProject
Project("{9A19103F-16F7-4668-BE54-9A1E7A4F7556}") = "App_NavigationPane_CodeBehind_MediaPlayer.Core", "App_NavigationPane_CodeBehind_MediaPlayer.Core\App_NavigationPane_CodeBehind_MediaPlayer.Core.csproj", "{588B1C4D-9178-4B3A-84D4-EE15CE772293}"
EndProject
Project("{2150E333-8FDC-42A3-9474-1A3956D46DE8}") = "NavigationPane_MvvmLight_MediaPlayer", "NavigationPane_MvvmLight_MediaPlayer", "{57C6602E-7090-41A8-A96F-AD71C7A85A70}"
EndProject
Project("{FAE04EC0-301F-11D3-BF4B-00C04F79EFBC}") = "App_NavigationPane_MvvmLight_MediaPlayer", "App_NavigationPane_MvvmLight_MediaPlayer\App_NavigationPane_MvvmLight_MediaPlayer.csproj", "{4985CE5D-5E20-4D8A-BB19-039981D4FBF3}"
EndProject
Project("{9A19103F-16F7-4668-BE54-9A1E7A4F7556}") = "App_NavigationPane_MvvmLight_MediaPlayer.Core", "App_NavigationPane_MvvmLight_MediaPlayer.Core\App_NavigationPane_MvvmLight_MediaPlayer.Core.csproj", "{5674A9DD-3F44-4731-9B4F-C0DF6687DE17}"
EndProject
Project("{2150E333-8FDC-42A3-9474-1A3956D46DE8}") = "NavigationPane_MvvmBasic_MediaPlayer", "NavigationPane_MvvmBasic_MediaPlayer", "{C86D16C3-7D73-4F4C-AE59-80F883D0AC8C}"
EndProject
Project("{FAE04EC0-301F-11D3-BF4B-00C04F79EFBC}") = "_App_NavigationPane_MvvmBasic_MediaPlayer", "_App_NavigationPane_MvvmBasic_MediaPlayer\_App_NavigationPane_MvvmBasic_MediaPlayer.csproj", "{36BF491F-5115-4CA9-838E-6ED11A1D9947}"
EndProject
Project("{9A19103F-16F7-4668-BE54-9A1E7A4F7556}") = "_App_NavigationPane_MvvmBasic_MediaPlayer.Core", "_App_NavigationPane_MvvmBasic_MediaPlayer.Core\_App_NavigationPane_MvvmBasic_MediaPlayer.Core.csproj", "{94BF9B12-A69F-403D-BD87-EDD4F2592958}"
EndProject
Project("{2150E333-8FDC-42A3-9474-1A3956D46DE8}") = "NavigationPane_CaliburnMicro_MediaPlayer", "NavigationPane_CaliburnMicro_MediaPlayer", "{95756DD7-C5CB-4349-85DF-1A6B781770ED}"
EndProject
Project("{FAE04EC0-301F-11D3-BF4B-00C04F79EFBC}") = "App_NavigationPane_CaliburnMicro_MediaPlayer", "App_NavigationPane_CaliburnMicro_MediaPlayer\App_NavigationPane_CaliburnMicro_MediaPlayer.csproj", "{DBC58C1D-131B-4139-8744-CB662742FB27}"
EndProject
Project("{9A19103F-16F7-4668-BE54-9A1E7A4F7556}") = "App_NavigationPane_CaliburnMicro_MediaPlayer.Core", "App_NavigationPane_CaliburnMicro_MediaPlayer.Core\App_NavigationPane_CaliburnMicro_MediaPlayer.Core.csproj", "{F156E29A-4EB4-4EFE-9AE1-30E5D3258BE9}"
EndProject
Project("{2150E333-8FDC-42A3-9474-1A3956D46DE8}") = "NavigationPane_Prism_MediaPlayer", "NavigationPane_Prism_MediaPlayer", "{FB93E7E8-E07B-41D2-94F3-D35DF36062A0}"
EndProject
Project("{FAE04EC0-301F-11D3-BF4B-00C04F79EFBC}") = "App_NavigationPane_Prism_MediaPlayer", "App_NavigationPane_Prism_MediaPlayer\App_NavigationPane_Prism_MediaPlayer.csproj", "{F094606E-F25F-49DB-B9E3-A82876EACD16}"
EndProject
Project("{9A19103F-16F7-4668-BE54-9A1E7A4F7556}") = "App_NavigationPane_Prism_MediaPlayer.Core", "App_NavigationPane_Prism_MediaPlayer.Core\App_NavigationPane_Prism_MediaPlayer.Core.csproj", "{BB919DFF-ACBB-4B7A-939B-EE44338A1712}"
EndProject
Project("{2150E333-8FDC-42A3-9474-1A3956D46DE8}") = "NavigationPane_CodeBehind_MasterDetail", "NavigationPane_CodeBehind_MasterDetail", "{29599FB4-028B-4C3A-ADD2-6841A4D1FF7F}"
EndProject
Project("{FAE04EC0-301F-11D3-BF4B-00C04F79EFBC}") = "App_NavigationPane_CodeBehind_MasterDetail", "App_NavigationPane_CodeBehind_MasterDetail\App_NavigationPane_CodeBehind_MasterDetail.csproj", "{CF3571E9-4813-49B4-9F6E-85BD58CE15BB}"
EndProject
Project("{9A19103F-16F7-4668-BE54-9A1E7A4F7556}") = "App_NavigationPane_CodeBehind_MasterDetail.Core", "App_NavigationPane_CodeBehind_MasterDetail.Core\App_NavigationPane_CodeBehind_MasterDetail.Core.csproj", "{927E215F-CE66-4B32-BE67-61D73F165B4C}"
EndProject
Project("{2150E333-8FDC-42A3-9474-1A3956D46DE8}") = "NavigationPane_MvvmLight_MasterDetail", "NavigationPane_MvvmLight_MasterDetail", "{0FEFF3A4-820E-46F8-9486-8D71CDEE6CC1}"
EndProject
Project("{FAE04EC0-301F-11D3-BF4B-00C04F79EFBC}") = "App_NavigationPane_MvvmLight_MasterDetail", "App_NavigationPane_MvvmLight_MasterDetail\App_NavigationPane_MvvmLight_MasterDetail.csproj", "{2AA491B1-79E7-4307-92C3-EA2B5C6E0D3D}"
EndProject
Project("{9A19103F-16F7-4668-BE54-9A1E7A4F7556}") = "App_NavigationPane_MvvmLight_MasterDetail.Core", "App_NavigationPane_MvvmLight_MasterDetail.Core\App_NavigationPane_MvvmLight_MasterDetail.Core.csproj", "{29F6AB9C-B09B-4DDD-A10E-531621504E96}"
EndProject
Project("{2150E333-8FDC-42A3-9474-1A3956D46DE8}") = "NavigationPane_MvvmBasic_MasterDetail", "NavigationPane_MvvmBasic_MasterDetail", "{5D41D83F-FC8A-40B6-908E-D71225CB9870}"
EndProject
Project("{FAE04EC0-301F-11D3-BF4B-00C04F79EFBC}") = "App_NavigationPane_MvvmBasic_MasterDetail", "App_NavigationPane_MvvmBasic_MasterDetail\App_NavigationPane_MvvmBasic_MasterDetail.csproj", "{80972519-990B-4FC3-8D22-6B21B2DE96E4}"
EndProject
Project("{9A19103F-16F7-4668-BE54-9A1E7A4F7556}") = "App_NavigationPane_MvvmBasic_MasterDetail.Core", "App_NavigationPane_MvvmBasic_MasterDetail.Core\App_NavigationPane_MvvmBasic_MasterDetail.Core.csproj", "{01E5E586-D6C5-44ED-BCDE-0699B429441F}"
EndProject
Project("{2150E333-8FDC-42A3-9474-1A3956D46DE8}") = "NavigationPane_CaliburnMicro_MasterDetail", "NavigationPane_CaliburnMicro_MasterDetail", "{44A7816E-4BA6-459B-9EAA-9DA396B86D47}"
EndProject
Project("{FAE04EC0-301F-11D3-BF4B-00C04F79EFBC}") = "App_NavigationPane_CaliburnMicro_MasterDetail", "App_NavigationPane_CaliburnMicro_MasterDetail\App_NavigationPane_CaliburnMicro_MasterDetail.csproj", "{B5517755-CDEC-42E5-A0E0-2F4AD0743157}"
EndProject
Project("{9A19103F-16F7-4668-BE54-9A1E7A4F7556}") = "App_NavigationPane_CaliburnMicro_MasterDetail.Core", "App_NavigationPane_CaliburnMicro_MasterDetail.Core\App_NavigationPane_CaliburnMicro_MasterDetail.Core.csproj", "{0E851E4C-D2FE-4B10-B5D1-88894EF82482}"
EndProject
Project("{2150E333-8FDC-42A3-9474-1A3956D46DE8}") = "NavigationPane_Prism_MasterDetail", "NavigationPane_Prism_MasterDetail", "{487EF9AB-DDAD-4348-B066-2D50C4DAFD11}"
EndProject
Project("{FAE04EC0-301F-11D3-BF4B-00C04F79EFBC}") = "App_NavigationPane_Prism_MasterDetail", "App_NavigationPane_Prism_MasterDetail\App_NavigationPane_Prism_MasterDetail.csproj", "{D23B6050-BD0E-4BE0-A90D-A1030F22DEF5}"
EndProject
Project("{9A19103F-16F7-4668-BE54-9A1E7A4F7556}") = "App_NavigationPane_Prism_MasterDetail.Core", "App_NavigationPane_Prism_MasterDetail.Core\App_NavigationPane_Prism_MasterDetail.Core.csproj", "{C1770C38-2078-43A3-9B85-1F5E963B6AC1}"
EndProject
Global
	GlobalSection(SolutionConfigurationPlatforms) = preSolution
		Debug|Any CPU = Debug|Any CPU
		Debug|ARM = Debug|ARM
		Debug|x64 = Debug|x64
		Debug|x86 = Debug|x86
		Release|Any CPU = Release|Any CPU
		Release|ARM = Release|ARM
		Release|x64 = Release|x64
		Release|x86 = Release|x86
	EndGlobalSection
	GlobalSection(ProjectConfigurationPlatforms) = postSolution
		{0E216AC4-6F66-47A5-A235-6534A7461F34}.Debug|Any CPU.ActiveCfg = Debug|x86
		{0E216AC4-6F66-47A5-A235-6534A7461F34}.Debug|ARM.ActiveCfg = Debug|ARM
		{0E216AC4-6F66-47A5-A235-6534A7461F34}.Debug|ARM.Build.0 = Debug|ARM
		{0E216AC4-6F66-47A5-A235-6534A7461F34}.Debug|ARM.Deploy.0 = Debug|ARM
		{0E216AC4-6F66-47A5-A235-6534A7461F34}.Debug|x64.ActiveCfg = Debug|x64
		{0E216AC4-6F66-47A5-A235-6534A7461F34}.Debug|x64.Build.0 = Debug|x64
		{0E216AC4-6F66-47A5-A235-6534A7461F34}.Debug|x64.Deploy.0 = Debug|x64
		{0E216AC4-6F66-47A5-A235-6534A7461F34}.Debug|x86.ActiveCfg = Debug|x86
		{0E216AC4-6F66-47A5-A235-6534A7461F34}.Debug|x86.Build.0 = Debug|x86
		{0E216AC4-6F66-47A5-A235-6534A7461F34}.Debug|x86.Deploy.0 = Debug|x86
		{0E216AC4-6F66-47A5-A235-6534A7461F34}.Release|Any CPU.ActiveCfg = Release|x86
		{0E216AC4-6F66-47A5-A235-6534A7461F34}.Release|ARM.ActiveCfg = Release|ARM
		{0E216AC4-6F66-47A5-A235-6534A7461F34}.Release|ARM.Build.0 = Release|ARM
		{0E216AC4-6F66-47A5-A235-6534A7461F34}.Release|ARM.Deploy.0 = Release|ARM
		{0E216AC4-6F66-47A5-A235-6534A7461F34}.Release|x64.ActiveCfg = Release|x64
		{0E216AC4-6F66-47A5-A235-6534A7461F34}.Release|x64.Build.0 = Release|x64
		{0E216AC4-6F66-47A5-A235-6534A7461F34}.Release|x64.Deploy.0 = Release|x64
		{0E216AC4-6F66-47A5-A235-6534A7461F34}.Release|x86.ActiveCfg = Release|x86
		{0E216AC4-6F66-47A5-A235-6534A7461F34}.Release|x86.Build.0 = Release|x86
		{0E216AC4-6F66-47A5-A235-6534A7461F34}.Release|x86.Deploy.0 = Release|x86
		{970991CF-A55E-41E9-8871-D0A7DF999190}.Debug|Any CPU.ActiveCfg = Debug|Any CPU
		{970991CF-A55E-41E9-8871-D0A7DF999190}.Debug|Any CPU.Build.0 = Debug|Any CPU
		{970991CF-A55E-41E9-8871-D0A7DF999190}.Debug|ARM.ActiveCfg = Debug|Any CPU
		{970991CF-A55E-41E9-8871-D0A7DF999190}.Debug|ARM.Build.0 = Debug|Any CPU
		{970991CF-A55E-41E9-8871-D0A7DF999190}.Debug|x64.ActiveCfg = Debug|Any CPU
		{970991CF-A55E-41E9-8871-D0A7DF999190}.Debug|x64.Build.0 = Debug|Any CPU
		{970991CF-A55E-41E9-8871-D0A7DF999190}.Debug|x86.ActiveCfg = Debug|Any CPU
		{970991CF-A55E-41E9-8871-D0A7DF999190}.Debug|x86.Build.0 = Debug|Any CPU
		{970991CF-A55E-41E9-8871-D0A7DF999190}.Release|Any CPU.ActiveCfg = Release|Any CPU
		{970991CF-A55E-41E9-8871-D0A7DF999190}.Release|Any CPU.Build.0 = Release|Any CPU
		{970991CF-A55E-41E9-8871-D0A7DF999190}.Release|ARM.ActiveCfg = Release|Any CPU
		{970991CF-A55E-41E9-8871-D0A7DF999190}.Release|ARM.Build.0 = Release|Any CPU
		{970991CF-A55E-41E9-8871-D0A7DF999190}.Release|x64.ActiveCfg = Release|Any CPU
		{970991CF-A55E-41E9-8871-D0A7DF999190}.Release|x64.Build.0 = Release|Any CPU
		{970991CF-A55E-41E9-8871-D0A7DF999190}.Release|x86.ActiveCfg = Release|Any CPU
		{970991CF-A55E-41E9-8871-D0A7DF999190}.Release|x86.Build.0 = Release|Any CPU
		{FA7F3E67-B7B3-4BD1-BFAE-870DF0B2C0D7}.Debug|Any CPU.ActiveCfg = Debug|x86
		{FA7F3E67-B7B3-4BD1-BFAE-870DF0B2C0D7}.Debug|ARM.ActiveCfg = Debug|ARM
		{FA7F3E67-B7B3-4BD1-BFAE-870DF0B2C0D7}.Debug|ARM.Build.0 = Debug|ARM
		{FA7F3E67-B7B3-4BD1-BFAE-870DF0B2C0D7}.Debug|ARM.Deploy.0 = Debug|ARM
		{FA7F3E67-B7B3-4BD1-BFAE-870DF0B2C0D7}.Debug|x64.ActiveCfg = Debug|x64
		{FA7F3E67-B7B3-4BD1-BFAE-870DF0B2C0D7}.Debug|x64.Build.0 = Debug|x64
		{FA7F3E67-B7B3-4BD1-BFAE-870DF0B2C0D7}.Debug|x64.Deploy.0 = Debug|x64
		{FA7F3E67-B7B3-4BD1-BFAE-870DF0B2C0D7}.Debug|x86.ActiveCfg = Debug|x86
		{FA7F3E67-B7B3-4BD1-BFAE-870DF0B2C0D7}.Debug|x86.Build.0 = Debug|x86
		{FA7F3E67-B7B3-4BD1-BFAE-870DF0B2C0D7}.Debug|x86.Deploy.0 = Debug|x86
		{FA7F3E67-B7B3-4BD1-BFAE-870DF0B2C0D7}.Release|Any CPU.ActiveCfg = Release|x86
		{FA7F3E67-B7B3-4BD1-BFAE-870DF0B2C0D7}.Release|ARM.ActiveCfg = Release|ARM
		{FA7F3E67-B7B3-4BD1-BFAE-870DF0B2C0D7}.Release|ARM.Build.0 = Release|ARM
		{FA7F3E67-B7B3-4BD1-BFAE-870DF0B2C0D7}.Release|ARM.Deploy.0 = Release|ARM
		{FA7F3E67-B7B3-4BD1-BFAE-870DF0B2C0D7}.Release|x64.ActiveCfg = Release|x64
		{FA7F3E67-B7B3-4BD1-BFAE-870DF0B2C0D7}.Release|x64.Build.0 = Release|x64
		{FA7F3E67-B7B3-4BD1-BFAE-870DF0B2C0D7}.Release|x64.Deploy.0 = Release|x64
		{FA7F3E67-B7B3-4BD1-BFAE-870DF0B2C0D7}.Release|x86.ActiveCfg = Release|x86
		{FA7F3E67-B7B3-4BD1-BFAE-870DF0B2C0D7}.Release|x86.Build.0 = Release|x86
		{FA7F3E67-B7B3-4BD1-BFAE-870DF0B2C0D7}.Release|x86.Deploy.0 = Release|x86
		{A6AEB275-9D8C-4B48-8E0C-409BA65DB8E7}.Debug|Any CPU.ActiveCfg = Debug|Any CPU
		{A6AEB275-9D8C-4B48-8E0C-409BA65DB8E7}.Debug|Any CPU.Build.0 = Debug|Any CPU
		{A6AEB275-9D8C-4B48-8E0C-409BA65DB8E7}.Debug|ARM.ActiveCfg = Debug|Any CPU
		{A6AEB275-9D8C-4B48-8E0C-409BA65DB8E7}.Debug|ARM.Build.0 = Debug|Any CPU
		{A6AEB275-9D8C-4B48-8E0C-409BA65DB8E7}.Debug|x64.ActiveCfg = Debug|Any CPU
		{A6AEB275-9D8C-4B48-8E0C-409BA65DB8E7}.Debug|x64.Build.0 = Debug|Any CPU
		{A6AEB275-9D8C-4B48-8E0C-409BA65DB8E7}.Debug|x86.ActiveCfg = Debug|Any CPU
		{A6AEB275-9D8C-4B48-8E0C-409BA65DB8E7}.Debug|x86.Build.0 = Debug|Any CPU
		{A6AEB275-9D8C-4B48-8E0C-409BA65DB8E7}.Release|Any CPU.ActiveCfg = Release|Any CPU
		{A6AEB275-9D8C-4B48-8E0C-409BA65DB8E7}.Release|Any CPU.Build.0 = Release|Any CPU
		{A6AEB275-9D8C-4B48-8E0C-409BA65DB8E7}.Release|ARM.ActiveCfg = Release|Any CPU
		{A6AEB275-9D8C-4B48-8E0C-409BA65DB8E7}.Release|ARM.Build.0 = Release|Any CPU
		{A6AEB275-9D8C-4B48-8E0C-409BA65DB8E7}.Release|x64.ActiveCfg = Release|Any CPU
		{A6AEB275-9D8C-4B48-8E0C-409BA65DB8E7}.Release|x64.Build.0 = Release|Any CPU
		{A6AEB275-9D8C-4B48-8E0C-409BA65DB8E7}.Release|x86.ActiveCfg = Release|Any CPU
		{A6AEB275-9D8C-4B48-8E0C-409BA65DB8E7}.Release|x86.Build.0 = Release|Any CPU
		{6C563FCF-34DA-4558-9182-72EE007515EA}.Debug|Any CPU.ActiveCfg = Debug|x86
		{6C563FCF-34DA-4558-9182-72EE007515EA}.Debug|ARM.ActiveCfg = Debug|ARM
		{6C563FCF-34DA-4558-9182-72EE007515EA}.Debug|ARM.Build.0 = Debug|ARM
		{6C563FCF-34DA-4558-9182-72EE007515EA}.Debug|ARM.Deploy.0 = Debug|ARM
		{6C563FCF-34DA-4558-9182-72EE007515EA}.Debug|x64.ActiveCfg = Debug|x64
		{6C563FCF-34DA-4558-9182-72EE007515EA}.Debug|x64.Build.0 = Debug|x64
		{6C563FCF-34DA-4558-9182-72EE007515EA}.Debug|x64.Deploy.0 = Debug|x64
		{6C563FCF-34DA-4558-9182-72EE007515EA}.Debug|x86.ActiveCfg = Debug|x86
		{6C563FCF-34DA-4558-9182-72EE007515EA}.Debug|x86.Build.0 = Debug|x86
		{6C563FCF-34DA-4558-9182-72EE007515EA}.Debug|x86.Deploy.0 = Debug|x86
		{6C563FCF-34DA-4558-9182-72EE007515EA}.Release|Any CPU.ActiveCfg = Release|x86
		{6C563FCF-34DA-4558-9182-72EE007515EA}.Release|ARM.ActiveCfg = Release|ARM
		{6C563FCF-34DA-4558-9182-72EE007515EA}.Release|ARM.Build.0 = Release|ARM
		{6C563FCF-34DA-4558-9182-72EE007515EA}.Release|ARM.Deploy.0 = Release|ARM
		{6C563FCF-34DA-4558-9182-72EE007515EA}.Release|x64.ActiveCfg = Release|x64
		{6C563FCF-34DA-4558-9182-72EE007515EA}.Release|x64.Build.0 = Release|x64
		{6C563FCF-34DA-4558-9182-72EE007515EA}.Release|x64.Deploy.0 = Release|x64
		{6C563FCF-34DA-4558-9182-72EE007515EA}.Release|x86.ActiveCfg = Release|x86
		{6C563FCF-34DA-4558-9182-72EE007515EA}.Release|x86.Build.0 = Release|x86
		{6C563FCF-34DA-4558-9182-72EE007515EA}.Release|x86.Deploy.0 = Release|x86
		{29D4BDA7-F7BC-4C22-BE1A-1D9C4A0AC278}.Debug|Any CPU.ActiveCfg = Debug|Any CPU
		{29D4BDA7-F7BC-4C22-BE1A-1D9C4A0AC278}.Debug|Any CPU.Build.0 = Debug|Any CPU
		{29D4BDA7-F7BC-4C22-BE1A-1D9C4A0AC278}.Debug|ARM.ActiveCfg = Debug|Any CPU
		{29D4BDA7-F7BC-4C22-BE1A-1D9C4A0AC278}.Debug|ARM.Build.0 = Debug|Any CPU
		{29D4BDA7-F7BC-4C22-BE1A-1D9C4A0AC278}.Debug|x64.ActiveCfg = Debug|Any CPU
		{29D4BDA7-F7BC-4C22-BE1A-1D9C4A0AC278}.Debug|x64.Build.0 = Debug|Any CPU
		{29D4BDA7-F7BC-4C22-BE1A-1D9C4A0AC278}.Debug|x86.ActiveCfg = Debug|Any CPU
		{29D4BDA7-F7BC-4C22-BE1A-1D9C4A0AC278}.Debug|x86.Build.0 = Debug|Any CPU
		{29D4BDA7-F7BC-4C22-BE1A-1D9C4A0AC278}.Release|Any CPU.ActiveCfg = Release|Any CPU
		{29D4BDA7-F7BC-4C22-BE1A-1D9C4A0AC278}.Release|Any CPU.Build.0 = Release|Any CPU
		{29D4BDA7-F7BC-4C22-BE1A-1D9C4A0AC278}.Release|ARM.ActiveCfg = Release|Any CPU
		{29D4BDA7-F7BC-4C22-BE1A-1D9C4A0AC278}.Release|ARM.Build.0 = Release|Any CPU
		{29D4BDA7-F7BC-4C22-BE1A-1D9C4A0AC278}.Release|x64.ActiveCfg = Release|Any CPU
		{29D4BDA7-F7BC-4C22-BE1A-1D9C4A0AC278}.Release|x64.Build.0 = Release|Any CPU
		{29D4BDA7-F7BC-4C22-BE1A-1D9C4A0AC278}.Release|x86.ActiveCfg = Release|Any CPU
		{29D4BDA7-F7BC-4C22-BE1A-1D9C4A0AC278}.Release|x86.Build.0 = Release|Any CPU
		{B1B9AE84-5FA2-4F21-8003-7A7709C66B4C}.Debug|Any CPU.ActiveCfg = Debug|x86
		{B1B9AE84-5FA2-4F21-8003-7A7709C66B4C}.Debug|ARM.ActiveCfg = Debug|ARM
		{B1B9AE84-5FA2-4F21-8003-7A7709C66B4C}.Debug|ARM.Build.0 = Debug|ARM
		{B1B9AE84-5FA2-4F21-8003-7A7709C66B4C}.Debug|ARM.Deploy.0 = Debug|ARM
		{B1B9AE84-5FA2-4F21-8003-7A7709C66B4C}.Debug|x64.ActiveCfg = Debug|x64
		{B1B9AE84-5FA2-4F21-8003-7A7709C66B4C}.Debug|x64.Build.0 = Debug|x64
		{B1B9AE84-5FA2-4F21-8003-7A7709C66B4C}.Debug|x64.Deploy.0 = Debug|x64
		{B1B9AE84-5FA2-4F21-8003-7A7709C66B4C}.Debug|x86.ActiveCfg = Debug|x86
		{B1B9AE84-5FA2-4F21-8003-7A7709C66B4C}.Debug|x86.Build.0 = Debug|x86
		{B1B9AE84-5FA2-4F21-8003-7A7709C66B4C}.Debug|x86.Deploy.0 = Debug|x86
		{B1B9AE84-5FA2-4F21-8003-7A7709C66B4C}.Release|Any CPU.ActiveCfg = Release|x86
		{B1B9AE84-5FA2-4F21-8003-7A7709C66B4C}.Release|ARM.ActiveCfg = Release|ARM
		{B1B9AE84-5FA2-4F21-8003-7A7709C66B4C}.Release|ARM.Build.0 = Release|ARM
		{B1B9AE84-5FA2-4F21-8003-7A7709C66B4C}.Release|ARM.Deploy.0 = Release|ARM
		{B1B9AE84-5FA2-4F21-8003-7A7709C66B4C}.Release|x64.ActiveCfg = Release|x64
		{B1B9AE84-5FA2-4F21-8003-7A7709C66B4C}.Release|x64.Build.0 = Release|x64
		{B1B9AE84-5FA2-4F21-8003-7A7709C66B4C}.Release|x64.Deploy.0 = Release|x64
		{B1B9AE84-5FA2-4F21-8003-7A7709C66B4C}.Release|x86.ActiveCfg = Release|x86
		{B1B9AE84-5FA2-4F21-8003-7A7709C66B4C}.Release|x86.Build.0 = Release|x86
		{B1B9AE84-5FA2-4F21-8003-7A7709C66B4C}.Release|x86.Deploy.0 = Release|x86
		{935245DC-F54C-4228-A08D-A1C55672B9CC}.Debug|Any CPU.ActiveCfg = Debug|Any CPU
		{935245DC-F54C-4228-A08D-A1C55672B9CC}.Debug|Any CPU.Build.0 = Debug|Any CPU
		{935245DC-F54C-4228-A08D-A1C55672B9CC}.Debug|ARM.ActiveCfg = Debug|Any CPU
		{935245DC-F54C-4228-A08D-A1C55672B9CC}.Debug|ARM.Build.0 = Debug|Any CPU
		{935245DC-F54C-4228-A08D-A1C55672B9CC}.Debug|x64.ActiveCfg = Debug|Any CPU
		{935245DC-F54C-4228-A08D-A1C55672B9CC}.Debug|x64.Build.0 = Debug|Any CPU
		{935245DC-F54C-4228-A08D-A1C55672B9CC}.Debug|x86.ActiveCfg = Debug|Any CPU
		{935245DC-F54C-4228-A08D-A1C55672B9CC}.Debug|x86.Build.0 = Debug|Any CPU
		{935245DC-F54C-4228-A08D-A1C55672B9CC}.Release|Any CPU.ActiveCfg = Release|Any CPU
		{935245DC-F54C-4228-A08D-A1C55672B9CC}.Release|Any CPU.Build.0 = Release|Any CPU
		{935245DC-F54C-4228-A08D-A1C55672B9CC}.Release|ARM.ActiveCfg = Release|Any CPU
		{935245DC-F54C-4228-A08D-A1C55672B9CC}.Release|ARM.Build.0 = Release|Any CPU
		{935245DC-F54C-4228-A08D-A1C55672B9CC}.Release|x64.ActiveCfg = Release|Any CPU
		{935245DC-F54C-4228-A08D-A1C55672B9CC}.Release|x64.Build.0 = Release|Any CPU
		{935245DC-F54C-4228-A08D-A1C55672B9CC}.Release|x86.ActiveCfg = Release|Any CPU
		{935245DC-F54C-4228-A08D-A1C55672B9CC}.Release|x86.Build.0 = Release|Any CPU
		{AF1A7FE3-83F5-4B9A-9AA4-45170670115C}.Debug|Any CPU.ActiveCfg = Debug|x86
		{AF1A7FE3-83F5-4B9A-9AA4-45170670115C}.Debug|ARM.ActiveCfg = Debug|ARM
		{AF1A7FE3-83F5-4B9A-9AA4-45170670115C}.Debug|ARM.Build.0 = Debug|ARM
		{AF1A7FE3-83F5-4B9A-9AA4-45170670115C}.Debug|ARM.Deploy.0 = Debug|ARM
		{AF1A7FE3-83F5-4B9A-9AA4-45170670115C}.Debug|x64.ActiveCfg = Debug|x64
		{AF1A7FE3-83F5-4B9A-9AA4-45170670115C}.Debug|x64.Build.0 = Debug|x64
		{AF1A7FE3-83F5-4B9A-9AA4-45170670115C}.Debug|x64.Deploy.0 = Debug|x64
		{AF1A7FE3-83F5-4B9A-9AA4-45170670115C}.Debug|x86.ActiveCfg = Debug|x86
		{AF1A7FE3-83F5-4B9A-9AA4-45170670115C}.Debug|x86.Build.0 = Debug|x86
		{AF1A7FE3-83F5-4B9A-9AA4-45170670115C}.Debug|x86.Deploy.0 = Debug|x86
		{AF1A7FE3-83F5-4B9A-9AA4-45170670115C}.Release|Any CPU.ActiveCfg = Release|x86
		{AF1A7FE3-83F5-4B9A-9AA4-45170670115C}.Release|ARM.ActiveCfg = Release|ARM
		{AF1A7FE3-83F5-4B9A-9AA4-45170670115C}.Release|ARM.Build.0 = Release|ARM
		{AF1A7FE3-83F5-4B9A-9AA4-45170670115C}.Release|ARM.Deploy.0 = Release|ARM
		{AF1A7FE3-83F5-4B9A-9AA4-45170670115C}.Release|x64.ActiveCfg = Release|x64
		{AF1A7FE3-83F5-4B9A-9AA4-45170670115C}.Release|x64.Build.0 = Release|x64
		{AF1A7FE3-83F5-4B9A-9AA4-45170670115C}.Release|x64.Deploy.0 = Release|x64
		{AF1A7FE3-83F5-4B9A-9AA4-45170670115C}.Release|x86.ActiveCfg = Release|x86
		{AF1A7FE3-83F5-4B9A-9AA4-45170670115C}.Release|x86.Build.0 = Release|x86
		{AF1A7FE3-83F5-4B9A-9AA4-45170670115C}.Release|x86.Deploy.0 = Release|x86
		{4C59E889-1788-4742-A3C5-0EAD35D2D56E}.Debug|Any CPU.ActiveCfg = Debug|Any CPU
		{4C59E889-1788-4742-A3C5-0EAD35D2D56E}.Debug|Any CPU.Build.0 = Debug|Any CPU
		{4C59E889-1788-4742-A3C5-0EAD35D2D56E}.Debug|ARM.ActiveCfg = Debug|Any CPU
		{4C59E889-1788-4742-A3C5-0EAD35D2D56E}.Debug|ARM.Build.0 = Debug|Any CPU
		{4C59E889-1788-4742-A3C5-0EAD35D2D56E}.Debug|x64.ActiveCfg = Debug|Any CPU
		{4C59E889-1788-4742-A3C5-0EAD35D2D56E}.Debug|x64.Build.0 = Debug|Any CPU
		{4C59E889-1788-4742-A3C5-0EAD35D2D56E}.Debug|x86.ActiveCfg = Debug|Any CPU
		{4C59E889-1788-4742-A3C5-0EAD35D2D56E}.Debug|x86.Build.0 = Debug|Any CPU
		{4C59E889-1788-4742-A3C5-0EAD35D2D56E}.Release|Any CPU.ActiveCfg = Release|Any CPU
		{4C59E889-1788-4742-A3C5-0EAD35D2D56E}.Release|Any CPU.Build.0 = Release|Any CPU
		{4C59E889-1788-4742-A3C5-0EAD35D2D56E}.Release|ARM.ActiveCfg = Release|Any CPU
		{4C59E889-1788-4742-A3C5-0EAD35D2D56E}.Release|ARM.Build.0 = Release|Any CPU
		{4C59E889-1788-4742-A3C5-0EAD35D2D56E}.Release|x64.ActiveCfg = Release|Any CPU
		{4C59E889-1788-4742-A3C5-0EAD35D2D56E}.Release|x64.Build.0 = Release|Any CPU
		{4C59E889-1788-4742-A3C5-0EAD35D2D56E}.Release|x86.ActiveCfg = Release|Any CPU
		{4C59E889-1788-4742-A3C5-0EAD35D2D56E}.Release|x86.Build.0 = Release|Any CPU
		{1C5CB891-F7FF-4977-8864-379CED4D6363}.Debug|Any CPU.ActiveCfg = Debug|x86
		{1C5CB891-F7FF-4977-8864-379CED4D6363}.Debug|ARM.ActiveCfg = Debug|ARM
		{1C5CB891-F7FF-4977-8864-379CED4D6363}.Debug|ARM.Build.0 = Debug|ARM
		{1C5CB891-F7FF-4977-8864-379CED4D6363}.Debug|ARM.Deploy.0 = Debug|ARM
		{1C5CB891-F7FF-4977-8864-379CED4D6363}.Debug|x64.ActiveCfg = Debug|x64
		{1C5CB891-F7FF-4977-8864-379CED4D6363}.Debug|x64.Build.0 = Debug|x64
		{1C5CB891-F7FF-4977-8864-379CED4D6363}.Debug|x64.Deploy.0 = Debug|x64
		{1C5CB891-F7FF-4977-8864-379CED4D6363}.Debug|x86.ActiveCfg = Debug|x86
		{1C5CB891-F7FF-4977-8864-379CED4D6363}.Debug|x86.Build.0 = Debug|x86
		{1C5CB891-F7FF-4977-8864-379CED4D6363}.Debug|x86.Deploy.0 = Debug|x86
		{1C5CB891-F7FF-4977-8864-379CED4D6363}.Release|Any CPU.ActiveCfg = Release|x86
		{1C5CB891-F7FF-4977-8864-379CED4D6363}.Release|ARM.ActiveCfg = Release|ARM
		{1C5CB891-F7FF-4977-8864-379CED4D6363}.Release|ARM.Build.0 = Release|ARM
		{1C5CB891-F7FF-4977-8864-379CED4D6363}.Release|ARM.Deploy.0 = Release|ARM
		{1C5CB891-F7FF-4977-8864-379CED4D6363}.Release|x64.ActiveCfg = Release|x64
		{1C5CB891-F7FF-4977-8864-379CED4D6363}.Release|x64.Build.0 = Release|x64
		{1C5CB891-F7FF-4977-8864-379CED4D6363}.Release|x64.Deploy.0 = Release|x64
		{1C5CB891-F7FF-4977-8864-379CED4D6363}.Release|x86.ActiveCfg = Release|x86
		{1C5CB891-F7FF-4977-8864-379CED4D6363}.Release|x86.Build.0 = Release|x86
		{1C5CB891-F7FF-4977-8864-379CED4D6363}.Release|x86.Deploy.0 = Release|x86
		{CEBF9BC1-9DBC-40D9-A414-46B9CC7B6658}.Debug|Any CPU.ActiveCfg = Debug|Any CPU
		{CEBF9BC1-9DBC-40D9-A414-46B9CC7B6658}.Debug|Any CPU.Build.0 = Debug|Any CPU
		{CEBF9BC1-9DBC-40D9-A414-46B9CC7B6658}.Debug|ARM.ActiveCfg = Debug|Any CPU
		{CEBF9BC1-9DBC-40D9-A414-46B9CC7B6658}.Debug|ARM.Build.0 = Debug|Any CPU
		{CEBF9BC1-9DBC-40D9-A414-46B9CC7B6658}.Debug|x64.ActiveCfg = Debug|Any CPU
		{CEBF9BC1-9DBC-40D9-A414-46B9CC7B6658}.Debug|x64.Build.0 = Debug|Any CPU
		{CEBF9BC1-9DBC-40D9-A414-46B9CC7B6658}.Debug|x86.ActiveCfg = Debug|Any CPU
		{CEBF9BC1-9DBC-40D9-A414-46B9CC7B6658}.Debug|x86.Build.0 = Debug|Any CPU
		{CEBF9BC1-9DBC-40D9-A414-46B9CC7B6658}.Release|Any CPU.ActiveCfg = Release|Any CPU
		{CEBF9BC1-9DBC-40D9-A414-46B9CC7B6658}.Release|Any CPU.Build.0 = Release|Any CPU
		{CEBF9BC1-9DBC-40D9-A414-46B9CC7B6658}.Release|ARM.ActiveCfg = Release|Any CPU
		{CEBF9BC1-9DBC-40D9-A414-46B9CC7B6658}.Release|ARM.Build.0 = Release|Any CPU
		{CEBF9BC1-9DBC-40D9-A414-46B9CC7B6658}.Release|x64.ActiveCfg = Release|Any CPU
		{CEBF9BC1-9DBC-40D9-A414-46B9CC7B6658}.Release|x64.Build.0 = Release|Any CPU
		{CEBF9BC1-9DBC-40D9-A414-46B9CC7B6658}.Release|x86.ActiveCfg = Release|Any CPU
		{CEBF9BC1-9DBC-40D9-A414-46B9CC7B6658}.Release|x86.Build.0 = Release|Any CPU
		{302ED0E9-F8BD-4C85-9C70-BFD19CF89886}.Debug|Any CPU.ActiveCfg = Debug|x86
		{302ED0E9-F8BD-4C85-9C70-BFD19CF89886}.Debug|ARM.ActiveCfg = Debug|ARM
		{302ED0E9-F8BD-4C85-9C70-BFD19CF89886}.Debug|ARM.Build.0 = Debug|ARM
		{302ED0E9-F8BD-4C85-9C70-BFD19CF89886}.Debug|ARM.Deploy.0 = Debug|ARM
		{302ED0E9-F8BD-4C85-9C70-BFD19CF89886}.Debug|x64.ActiveCfg = Debug|x64
		{302ED0E9-F8BD-4C85-9C70-BFD19CF89886}.Debug|x64.Build.0 = Debug|x64
		{302ED0E9-F8BD-4C85-9C70-BFD19CF89886}.Debug|x64.Deploy.0 = Debug|x64
		{302ED0E9-F8BD-4C85-9C70-BFD19CF89886}.Debug|x86.ActiveCfg = Debug|x86
		{302ED0E9-F8BD-4C85-9C70-BFD19CF89886}.Debug|x86.Build.0 = Debug|x86
		{302ED0E9-F8BD-4C85-9C70-BFD19CF89886}.Debug|x86.Deploy.0 = Debug|x86
		{302ED0E9-F8BD-4C85-9C70-BFD19CF89886}.Release|Any CPU.ActiveCfg = Release|x86
		{302ED0E9-F8BD-4C85-9C70-BFD19CF89886}.Release|ARM.ActiveCfg = Release|ARM
		{302ED0E9-F8BD-4C85-9C70-BFD19CF89886}.Release|ARM.Build.0 = Release|ARM
		{302ED0E9-F8BD-4C85-9C70-BFD19CF89886}.Release|ARM.Deploy.0 = Release|ARM
		{302ED0E9-F8BD-4C85-9C70-BFD19CF89886}.Release|x64.ActiveCfg = Release|x64
		{302ED0E9-F8BD-4C85-9C70-BFD19CF89886}.Release|x64.Build.0 = Release|x64
		{302ED0E9-F8BD-4C85-9C70-BFD19CF89886}.Release|x64.Deploy.0 = Release|x64
		{302ED0E9-F8BD-4C85-9C70-BFD19CF89886}.Release|x86.ActiveCfg = Release|x86
		{302ED0E9-F8BD-4C85-9C70-BFD19CF89886}.Release|x86.Build.0 = Release|x86
		{302ED0E9-F8BD-4C85-9C70-BFD19CF89886}.Release|x86.Deploy.0 = Release|x86
		{8EAACDF2-D931-428A-AF05-DBFD400C4FEE}.Debug|Any CPU.ActiveCfg = Debug|Any CPU
		{8EAACDF2-D931-428A-AF05-DBFD400C4FEE}.Debug|Any CPU.Build.0 = Debug|Any CPU
		{8EAACDF2-D931-428A-AF05-DBFD400C4FEE}.Debug|ARM.ActiveCfg = Debug|Any CPU
		{8EAACDF2-D931-428A-AF05-DBFD400C4FEE}.Debug|ARM.Build.0 = Debug|Any CPU
		{8EAACDF2-D931-428A-AF05-DBFD400C4FEE}.Debug|x64.ActiveCfg = Debug|Any CPU
		{8EAACDF2-D931-428A-AF05-DBFD400C4FEE}.Debug|x64.Build.0 = Debug|Any CPU
		{8EAACDF2-D931-428A-AF05-DBFD400C4FEE}.Debug|x86.ActiveCfg = Debug|Any CPU
		{8EAACDF2-D931-428A-AF05-DBFD400C4FEE}.Debug|x86.Build.0 = Debug|Any CPU
		{8EAACDF2-D931-428A-AF05-DBFD400C4FEE}.Release|Any CPU.ActiveCfg = Release|Any CPU
		{8EAACDF2-D931-428A-AF05-DBFD400C4FEE}.Release|Any CPU.Build.0 = Release|Any CPU
		{8EAACDF2-D931-428A-AF05-DBFD400C4FEE}.Release|ARM.ActiveCfg = Release|Any CPU
		{8EAACDF2-D931-428A-AF05-DBFD400C4FEE}.Release|ARM.Build.0 = Release|Any CPU
		{8EAACDF2-D931-428A-AF05-DBFD400C4FEE}.Release|x64.ActiveCfg = Release|Any CPU
		{8EAACDF2-D931-428A-AF05-DBFD400C4FEE}.Release|x64.Build.0 = Release|Any CPU
		{8EAACDF2-D931-428A-AF05-DBFD400C4FEE}.Release|x86.ActiveCfg = Release|Any CPU
		{8EAACDF2-D931-428A-AF05-DBFD400C4FEE}.Release|x86.Build.0 = Release|Any CPU
		{24EB648E-3815-4382-B126-98F361E7811F}.Debug|Any CPU.ActiveCfg = Debug|x86
		{24EB648E-3815-4382-B126-98F361E7811F}.Debug|ARM.ActiveCfg = Debug|ARM
		{24EB648E-3815-4382-B126-98F361E7811F}.Debug|ARM.Build.0 = Debug|ARM
		{24EB648E-3815-4382-B126-98F361E7811F}.Debug|ARM.Deploy.0 = Debug|ARM
		{24EB648E-3815-4382-B126-98F361E7811F}.Debug|x64.ActiveCfg = Debug|x64
		{24EB648E-3815-4382-B126-98F361E7811F}.Debug|x64.Build.0 = Debug|x64
		{24EB648E-3815-4382-B126-98F361E7811F}.Debug|x64.Deploy.0 = Debug|x64
		{24EB648E-3815-4382-B126-98F361E7811F}.Debug|x86.ActiveCfg = Debug|x86
		{24EB648E-3815-4382-B126-98F361E7811F}.Debug|x86.Build.0 = Debug|x86
		{24EB648E-3815-4382-B126-98F361E7811F}.Debug|x86.Deploy.0 = Debug|x86
		{24EB648E-3815-4382-B126-98F361E7811F}.Release|Any CPU.ActiveCfg = Release|x86
		{24EB648E-3815-4382-B126-98F361E7811F}.Release|ARM.ActiveCfg = Release|ARM
		{24EB648E-3815-4382-B126-98F361E7811F}.Release|ARM.Build.0 = Release|ARM
		{24EB648E-3815-4382-B126-98F361E7811F}.Release|ARM.Deploy.0 = Release|ARM
		{24EB648E-3815-4382-B126-98F361E7811F}.Release|x64.ActiveCfg = Release|x64
		{24EB648E-3815-4382-B126-98F361E7811F}.Release|x64.Build.0 = Release|x64
		{24EB648E-3815-4382-B126-98F361E7811F}.Release|x64.Deploy.0 = Release|x64
		{24EB648E-3815-4382-B126-98F361E7811F}.Release|x86.ActiveCfg = Release|x86
		{24EB648E-3815-4382-B126-98F361E7811F}.Release|x86.Build.0 = Release|x86
		{24EB648E-3815-4382-B126-98F361E7811F}.Release|x86.Deploy.0 = Release|x86
		{77C35154-3C1E-4914-8A14-7A2F7CE25337}.Debug|Any CPU.ActiveCfg = Debug|Any CPU
		{77C35154-3C1E-4914-8A14-7A2F7CE25337}.Debug|Any CPU.Build.0 = Debug|Any CPU
		{77C35154-3C1E-4914-8A14-7A2F7CE25337}.Debug|ARM.ActiveCfg = Debug|Any CPU
		{77C35154-3C1E-4914-8A14-7A2F7CE25337}.Debug|ARM.Build.0 = Debug|Any CPU
		{77C35154-3C1E-4914-8A14-7A2F7CE25337}.Debug|x64.ActiveCfg = Debug|Any CPU
		{77C35154-3C1E-4914-8A14-7A2F7CE25337}.Debug|x64.Build.0 = Debug|Any CPU
		{77C35154-3C1E-4914-8A14-7A2F7CE25337}.Debug|x86.ActiveCfg = Debug|Any CPU
		{77C35154-3C1E-4914-8A14-7A2F7CE25337}.Debug|x86.Build.0 = Debug|Any CPU
		{77C35154-3C1E-4914-8A14-7A2F7CE25337}.Release|Any CPU.ActiveCfg = Release|Any CPU
		{77C35154-3C1E-4914-8A14-7A2F7CE25337}.Release|Any CPU.Build.0 = Release|Any CPU
		{77C35154-3C1E-4914-8A14-7A2F7CE25337}.Release|ARM.ActiveCfg = Release|Any CPU
		{77C35154-3C1E-4914-8A14-7A2F7CE25337}.Release|ARM.Build.0 = Release|Any CPU
		{77C35154-3C1E-4914-8A14-7A2F7CE25337}.Release|x64.ActiveCfg = Release|Any CPU
		{77C35154-3C1E-4914-8A14-7A2F7CE25337}.Release|x64.Build.0 = Release|Any CPU
		{77C35154-3C1E-4914-8A14-7A2F7CE25337}.Release|x86.ActiveCfg = Release|Any CPU
		{77C35154-3C1E-4914-8A14-7A2F7CE25337}.Release|x86.Build.0 = Release|Any CPU
		{0A8C58E3-4E74-44C8-A6DD-3B4171C78A60}.Debug|Any CPU.ActiveCfg = Debug|x86
		{0A8C58E3-4E74-44C8-A6DD-3B4171C78A60}.Debug|ARM.ActiveCfg = Debug|ARM
		{0A8C58E3-4E74-44C8-A6DD-3B4171C78A60}.Debug|ARM.Build.0 = Debug|ARM
		{0A8C58E3-4E74-44C8-A6DD-3B4171C78A60}.Debug|ARM.Deploy.0 = Debug|ARM
		{0A8C58E3-4E74-44C8-A6DD-3B4171C78A60}.Debug|x64.ActiveCfg = Debug|x64
		{0A8C58E3-4E74-44C8-A6DD-3B4171C78A60}.Debug|x64.Build.0 = Debug|x64
		{0A8C58E3-4E74-44C8-A6DD-3B4171C78A60}.Debug|x64.Deploy.0 = Debug|x64
		{0A8C58E3-4E74-44C8-A6DD-3B4171C78A60}.Debug|x86.ActiveCfg = Debug|x86
		{0A8C58E3-4E74-44C8-A6DD-3B4171C78A60}.Debug|x86.Build.0 = Debug|x86
		{0A8C58E3-4E74-44C8-A6DD-3B4171C78A60}.Debug|x86.Deploy.0 = Debug|x86
		{0A8C58E3-4E74-44C8-A6DD-3B4171C78A60}.Release|Any CPU.ActiveCfg = Release|x86
		{0A8C58E3-4E74-44C8-A6DD-3B4171C78A60}.Release|ARM.ActiveCfg = Release|ARM
		{0A8C58E3-4E74-44C8-A6DD-3B4171C78A60}.Release|ARM.Build.0 = Release|ARM
		{0A8C58E3-4E74-44C8-A6DD-3B4171C78A60}.Release|ARM.Deploy.0 = Release|ARM
		{0A8C58E3-4E74-44C8-A6DD-3B4171C78A60}.Release|x64.ActiveCfg = Release|x64
		{0A8C58E3-4E74-44C8-A6DD-3B4171C78A60}.Release|x64.Build.0 = Release|x64
		{0A8C58E3-4E74-44C8-A6DD-3B4171C78A60}.Release|x64.Deploy.0 = Release|x64
		{0A8C58E3-4E74-44C8-A6DD-3B4171C78A60}.Release|x86.ActiveCfg = Release|x86
		{0A8C58E3-4E74-44C8-A6DD-3B4171C78A60}.Release|x86.Build.0 = Release|x86
		{0A8C58E3-4E74-44C8-A6DD-3B4171C78A60}.Release|x86.Deploy.0 = Release|x86
		{10D0CBD5-6AD1-4ECC-B85C-83E1F035C1C4}.Debug|Any CPU.ActiveCfg = Debug|Any CPU
		{10D0CBD5-6AD1-4ECC-B85C-83E1F035C1C4}.Debug|Any CPU.Build.0 = Debug|Any CPU
		{10D0CBD5-6AD1-4ECC-B85C-83E1F035C1C4}.Debug|ARM.ActiveCfg = Debug|Any CPU
		{10D0CBD5-6AD1-4ECC-B85C-83E1F035C1C4}.Debug|ARM.Build.0 = Debug|Any CPU
		{10D0CBD5-6AD1-4ECC-B85C-83E1F035C1C4}.Debug|x64.ActiveCfg = Debug|Any CPU
		{10D0CBD5-6AD1-4ECC-B85C-83E1F035C1C4}.Debug|x64.Build.0 = Debug|Any CPU
		{10D0CBD5-6AD1-4ECC-B85C-83E1F035C1C4}.Debug|x86.ActiveCfg = Debug|Any CPU
		{10D0CBD5-6AD1-4ECC-B85C-83E1F035C1C4}.Debug|x86.Build.0 = Debug|Any CPU
		{10D0CBD5-6AD1-4ECC-B85C-83E1F035C1C4}.Release|Any CPU.ActiveCfg = Release|Any CPU
		{10D0CBD5-6AD1-4ECC-B85C-83E1F035C1C4}.Release|Any CPU.Build.0 = Release|Any CPU
		{10D0CBD5-6AD1-4ECC-B85C-83E1F035C1C4}.Release|ARM.ActiveCfg = Release|Any CPU
		{10D0CBD5-6AD1-4ECC-B85C-83E1F035C1C4}.Release|ARM.Build.0 = Release|Any CPU
		{10D0CBD5-6AD1-4ECC-B85C-83E1F035C1C4}.Release|x64.ActiveCfg = Release|Any CPU
		{10D0CBD5-6AD1-4ECC-B85C-83E1F035C1C4}.Release|x64.Build.0 = Release|Any CPU
		{10D0CBD5-6AD1-4ECC-B85C-83E1F035C1C4}.Release|x86.ActiveCfg = Release|Any CPU
		{10D0CBD5-6AD1-4ECC-B85C-83E1F035C1C4}.Release|x86.Build.0 = Release|Any CPU
		{EFA80962-7AF4-4F3A-8053-36D193FDC43F}.Debug|Any CPU.ActiveCfg = Debug|x86
		{EFA80962-7AF4-4F3A-8053-36D193FDC43F}.Debug|ARM.ActiveCfg = Debug|ARM
		{EFA80962-7AF4-4F3A-8053-36D193FDC43F}.Debug|ARM.Build.0 = Debug|ARM
		{EFA80962-7AF4-4F3A-8053-36D193FDC43F}.Debug|ARM.Deploy.0 = Debug|ARM
		{EFA80962-7AF4-4F3A-8053-36D193FDC43F}.Debug|x64.ActiveCfg = Debug|x64
		{EFA80962-7AF4-4F3A-8053-36D193FDC43F}.Debug|x64.Build.0 = Debug|x64
		{EFA80962-7AF4-4F3A-8053-36D193FDC43F}.Debug|x64.Deploy.0 = Debug|x64
		{EFA80962-7AF4-4F3A-8053-36D193FDC43F}.Debug|x86.ActiveCfg = Debug|x86
		{EFA80962-7AF4-4F3A-8053-36D193FDC43F}.Debug|x86.Build.0 = Debug|x86
		{EFA80962-7AF4-4F3A-8053-36D193FDC43F}.Debug|x86.Deploy.0 = Debug|x86
		{EFA80962-7AF4-4F3A-8053-36D193FDC43F}.Release|Any CPU.ActiveCfg = Release|x86
		{EFA80962-7AF4-4F3A-8053-36D193FDC43F}.Release|ARM.ActiveCfg = Release|ARM
		{EFA80962-7AF4-4F3A-8053-36D193FDC43F}.Release|ARM.Build.0 = Release|ARM
		{EFA80962-7AF4-4F3A-8053-36D193FDC43F}.Release|ARM.Deploy.0 = Release|ARM
		{EFA80962-7AF4-4F3A-8053-36D193FDC43F}.Release|x64.ActiveCfg = Release|x64
		{EFA80962-7AF4-4F3A-8053-36D193FDC43F}.Release|x64.Build.0 = Release|x64
		{EFA80962-7AF4-4F3A-8053-36D193FDC43F}.Release|x64.Deploy.0 = Release|x64
		{EFA80962-7AF4-4F3A-8053-36D193FDC43F}.Release|x86.ActiveCfg = Release|x86
		{EFA80962-7AF4-4F3A-8053-36D193FDC43F}.Release|x86.Build.0 = Release|x86
		{EFA80962-7AF4-4F3A-8053-36D193FDC43F}.Release|x86.Deploy.0 = Release|x86
		{08AA4057-9A5D-460F-B21E-2336203B9D9C}.Debug|Any CPU.ActiveCfg = Debug|Any CPU
		{08AA4057-9A5D-460F-B21E-2336203B9D9C}.Debug|Any CPU.Build.0 = Debug|Any CPU
		{08AA4057-9A5D-460F-B21E-2336203B9D9C}.Debug|ARM.ActiveCfg = Debug|Any CPU
		{08AA4057-9A5D-460F-B21E-2336203B9D9C}.Debug|ARM.Build.0 = Debug|Any CPU
		{08AA4057-9A5D-460F-B21E-2336203B9D9C}.Debug|x64.ActiveCfg = Debug|Any CPU
		{08AA4057-9A5D-460F-B21E-2336203B9D9C}.Debug|x64.Build.0 = Debug|Any CPU
		{08AA4057-9A5D-460F-B21E-2336203B9D9C}.Debug|x86.ActiveCfg = Debug|Any CPU
		{08AA4057-9A5D-460F-B21E-2336203B9D9C}.Debug|x86.Build.0 = Debug|Any CPU
		{08AA4057-9A5D-460F-B21E-2336203B9D9C}.Release|Any CPU.ActiveCfg = Release|Any CPU
		{08AA4057-9A5D-460F-B21E-2336203B9D9C}.Release|Any CPU.Build.0 = Release|Any CPU
		{08AA4057-9A5D-460F-B21E-2336203B9D9C}.Release|ARM.ActiveCfg = Release|Any CPU
		{08AA4057-9A5D-460F-B21E-2336203B9D9C}.Release|ARM.Build.0 = Release|Any CPU
		{08AA4057-9A5D-460F-B21E-2336203B9D9C}.Release|x64.ActiveCfg = Release|Any CPU
		{08AA4057-9A5D-460F-B21E-2336203B9D9C}.Release|x64.Build.0 = Release|Any CPU
		{08AA4057-9A5D-460F-B21E-2336203B9D9C}.Release|x86.ActiveCfg = Release|Any CPU
		{08AA4057-9A5D-460F-B21E-2336203B9D9C}.Release|x86.Build.0 = Release|Any CPU
		{438B2405-756B-4043-9792-A4C9D183950F}.Debug|Any CPU.ActiveCfg = Debug|x86
		{438B2405-756B-4043-9792-A4C9D183950F}.Debug|ARM.ActiveCfg = Debug|ARM
		{438B2405-756B-4043-9792-A4C9D183950F}.Debug|ARM.Build.0 = Debug|ARM
		{438B2405-756B-4043-9792-A4C9D183950F}.Debug|ARM.Deploy.0 = Debug|ARM
		{438B2405-756B-4043-9792-A4C9D183950F}.Debug|x64.ActiveCfg = Debug|x64
		{438B2405-756B-4043-9792-A4C9D183950F}.Debug|x64.Build.0 = Debug|x64
		{438B2405-756B-4043-9792-A4C9D183950F}.Debug|x64.Deploy.0 = Debug|x64
		{438B2405-756B-4043-9792-A4C9D183950F}.Debug|x86.ActiveCfg = Debug|x86
		{438B2405-756B-4043-9792-A4C9D183950F}.Debug|x86.Build.0 = Debug|x86
		{438B2405-756B-4043-9792-A4C9D183950F}.Debug|x86.Deploy.0 = Debug|x86
		{438B2405-756B-4043-9792-A4C9D183950F}.Release|Any CPU.ActiveCfg = Release|x86
		{438B2405-756B-4043-9792-A4C9D183950F}.Release|ARM.ActiveCfg = Release|ARM
		{438B2405-756B-4043-9792-A4C9D183950F}.Release|ARM.Build.0 = Release|ARM
		{438B2405-756B-4043-9792-A4C9D183950F}.Release|ARM.Deploy.0 = Release|ARM
		{438B2405-756B-4043-9792-A4C9D183950F}.Release|x64.ActiveCfg = Release|x64
		{438B2405-756B-4043-9792-A4C9D183950F}.Release|x64.Build.0 = Release|x64
		{438B2405-756B-4043-9792-A4C9D183950F}.Release|x64.Deploy.0 = Release|x64
		{438B2405-756B-4043-9792-A4C9D183950F}.Release|x86.ActiveCfg = Release|x86
		{438B2405-756B-4043-9792-A4C9D183950F}.Release|x86.Build.0 = Release|x86
		{438B2405-756B-4043-9792-A4C9D183950F}.Release|x86.Deploy.0 = Release|x86
		{42C5CE70-AD89-4C8E-AADE-D93133BC910E}.Debug|Any CPU.ActiveCfg = Debug|Any CPU
		{42C5CE70-AD89-4C8E-AADE-D93133BC910E}.Debug|Any CPU.Build.0 = Debug|Any CPU
		{42C5CE70-AD89-4C8E-AADE-D93133BC910E}.Debug|ARM.ActiveCfg = Debug|Any CPU
		{42C5CE70-AD89-4C8E-AADE-D93133BC910E}.Debug|ARM.Build.0 = Debug|Any CPU
		{42C5CE70-AD89-4C8E-AADE-D93133BC910E}.Debug|x64.ActiveCfg = Debug|Any CPU
		{42C5CE70-AD89-4C8E-AADE-D93133BC910E}.Debug|x64.Build.0 = Debug|Any CPU
		{42C5CE70-AD89-4C8E-AADE-D93133BC910E}.Debug|x86.ActiveCfg = Debug|Any CPU
		{42C5CE70-AD89-4C8E-AADE-D93133BC910E}.Debug|x86.Build.0 = Debug|Any CPU
		{42C5CE70-AD89-4C8E-AADE-D93133BC910E}.Release|Any CPU.ActiveCfg = Release|Any CPU
		{42C5CE70-AD89-4C8E-AADE-D93133BC910E}.Release|Any CPU.Build.0 = Release|Any CPU
		{42C5CE70-AD89-4C8E-AADE-D93133BC910E}.Release|ARM.ActiveCfg = Release|Any CPU
		{42C5CE70-AD89-4C8E-AADE-D93133BC910E}.Release|ARM.Build.0 = Release|Any CPU
		{42C5CE70-AD89-4C8E-AADE-D93133BC910E}.Release|x64.ActiveCfg = Release|Any CPU
		{42C5CE70-AD89-4C8E-AADE-D93133BC910E}.Release|x64.Build.0 = Release|Any CPU
		{42C5CE70-AD89-4C8E-AADE-D93133BC910E}.Release|x86.ActiveCfg = Release|Any CPU
		{42C5CE70-AD89-4C8E-AADE-D93133BC910E}.Release|x86.Build.0 = Release|Any CPU
		{6A636E1B-9822-4E84-8C42-32CA681C818C}.Debug|Any CPU.ActiveCfg = Debug|x86
		{6A636E1B-9822-4E84-8C42-32CA681C818C}.Debug|ARM.ActiveCfg = Debug|ARM
		{6A636E1B-9822-4E84-8C42-32CA681C818C}.Debug|ARM.Build.0 = Debug|ARM
		{6A636E1B-9822-4E84-8C42-32CA681C818C}.Debug|ARM.Deploy.0 = Debug|ARM
		{6A636E1B-9822-4E84-8C42-32CA681C818C}.Debug|x64.ActiveCfg = Debug|x64
		{6A636E1B-9822-4E84-8C42-32CA681C818C}.Debug|x64.Build.0 = Debug|x64
		{6A636E1B-9822-4E84-8C42-32CA681C818C}.Debug|x64.Deploy.0 = Debug|x64
		{6A636E1B-9822-4E84-8C42-32CA681C818C}.Debug|x86.ActiveCfg = Debug|x86
		{6A636E1B-9822-4E84-8C42-32CA681C818C}.Debug|x86.Build.0 = Debug|x86
		{6A636E1B-9822-4E84-8C42-32CA681C818C}.Debug|x86.Deploy.0 = Debug|x86
		{6A636E1B-9822-4E84-8C42-32CA681C818C}.Release|Any CPU.ActiveCfg = Release|x86
		{6A636E1B-9822-4E84-8C42-32CA681C818C}.Release|ARM.ActiveCfg = Release|ARM
		{6A636E1B-9822-4E84-8C42-32CA681C818C}.Release|ARM.Build.0 = Release|ARM
		{6A636E1B-9822-4E84-8C42-32CA681C818C}.Release|ARM.Deploy.0 = Release|ARM
		{6A636E1B-9822-4E84-8C42-32CA681C818C}.Release|x64.ActiveCfg = Release|x64
		{6A636E1B-9822-4E84-8C42-32CA681C818C}.Release|x64.Build.0 = Release|x64
		{6A636E1B-9822-4E84-8C42-32CA681C818C}.Release|x64.Deploy.0 = Release|x64
		{6A636E1B-9822-4E84-8C42-32CA681C818C}.Release|x86.ActiveCfg = Release|x86
		{6A636E1B-9822-4E84-8C42-32CA681C818C}.Release|x86.Build.0 = Release|x86
		{6A636E1B-9822-4E84-8C42-32CA681C818C}.Release|x86.Deploy.0 = Release|x86
		{BEFE6617-8EAF-41DF-9DF3-EB9F6455760E}.Debug|Any CPU.ActiveCfg = Debug|Any CPU
		{BEFE6617-8EAF-41DF-9DF3-EB9F6455760E}.Debug|Any CPU.Build.0 = Debug|Any CPU
		{BEFE6617-8EAF-41DF-9DF3-EB9F6455760E}.Debug|ARM.ActiveCfg = Debug|Any CPU
		{BEFE6617-8EAF-41DF-9DF3-EB9F6455760E}.Debug|ARM.Build.0 = Debug|Any CPU
		{BEFE6617-8EAF-41DF-9DF3-EB9F6455760E}.Debug|x64.ActiveCfg = Debug|Any CPU
		{BEFE6617-8EAF-41DF-9DF3-EB9F6455760E}.Debug|x64.Build.0 = Debug|Any CPU
		{BEFE6617-8EAF-41DF-9DF3-EB9F6455760E}.Debug|x86.ActiveCfg = Debug|Any CPU
		{BEFE6617-8EAF-41DF-9DF3-EB9F6455760E}.Debug|x86.Build.0 = Debug|Any CPU
		{BEFE6617-8EAF-41DF-9DF3-EB9F6455760E}.Release|Any CPU.ActiveCfg = Release|Any CPU
		{BEFE6617-8EAF-41DF-9DF3-EB9F6455760E}.Release|Any CPU.Build.0 = Release|Any CPU
		{BEFE6617-8EAF-41DF-9DF3-EB9F6455760E}.Release|ARM.ActiveCfg = Release|Any CPU
		{BEFE6617-8EAF-41DF-9DF3-EB9F6455760E}.Release|ARM.Build.0 = Release|Any CPU
		{BEFE6617-8EAF-41DF-9DF3-EB9F6455760E}.Release|x64.ActiveCfg = Release|Any CPU
		{BEFE6617-8EAF-41DF-9DF3-EB9F6455760E}.Release|x64.Build.0 = Release|Any CPU
		{BEFE6617-8EAF-41DF-9DF3-EB9F6455760E}.Release|x86.ActiveCfg = Release|Any CPU
		{BEFE6617-8EAF-41DF-9DF3-EB9F6455760E}.Release|x86.Build.0 = Release|Any CPU
		{D1082FEC-52B4-4F5A-9646-9493AD4D07D4}.Debug|Any CPU.ActiveCfg = Debug|x86
		{D1082FEC-52B4-4F5A-9646-9493AD4D07D4}.Debug|ARM.ActiveCfg = Debug|ARM
		{D1082FEC-52B4-4F5A-9646-9493AD4D07D4}.Debug|ARM.Build.0 = Debug|ARM
		{D1082FEC-52B4-4F5A-9646-9493AD4D07D4}.Debug|ARM.Deploy.0 = Debug|ARM
		{D1082FEC-52B4-4F5A-9646-9493AD4D07D4}.Debug|x64.ActiveCfg = Debug|x64
		{D1082FEC-52B4-4F5A-9646-9493AD4D07D4}.Debug|x64.Build.0 = Debug|x64
		{D1082FEC-52B4-4F5A-9646-9493AD4D07D4}.Debug|x64.Deploy.0 = Debug|x64
		{D1082FEC-52B4-4F5A-9646-9493AD4D07D4}.Debug|x86.ActiveCfg = Debug|x86
		{D1082FEC-52B4-4F5A-9646-9493AD4D07D4}.Debug|x86.Build.0 = Debug|x86
		{D1082FEC-52B4-4F5A-9646-9493AD4D07D4}.Debug|x86.Deploy.0 = Debug|x86
		{D1082FEC-52B4-4F5A-9646-9493AD4D07D4}.Release|Any CPU.ActiveCfg = Release|x86
		{D1082FEC-52B4-4F5A-9646-9493AD4D07D4}.Release|ARM.ActiveCfg = Release|ARM
		{D1082FEC-52B4-4F5A-9646-9493AD4D07D4}.Release|ARM.Build.0 = Release|ARM
		{D1082FEC-52B4-4F5A-9646-9493AD4D07D4}.Release|ARM.Deploy.0 = Release|ARM
		{D1082FEC-52B4-4F5A-9646-9493AD4D07D4}.Release|x64.ActiveCfg = Release|x64
		{D1082FEC-52B4-4F5A-9646-9493AD4D07D4}.Release|x64.Build.0 = Release|x64
		{D1082FEC-52B4-4F5A-9646-9493AD4D07D4}.Release|x64.Deploy.0 = Release|x64
		{D1082FEC-52B4-4F5A-9646-9493AD4D07D4}.Release|x86.ActiveCfg = Release|x86
		{D1082FEC-52B4-4F5A-9646-9493AD4D07D4}.Release|x86.Build.0 = Release|x86
		{D1082FEC-52B4-4F5A-9646-9493AD4D07D4}.Release|x86.Deploy.0 = Release|x86
		{84D49EFF-27A8-4505-9F62-9BE68A9568AF}.Debug|Any CPU.ActiveCfg = Debug|Any CPU
		{84D49EFF-27A8-4505-9F62-9BE68A9568AF}.Debug|Any CPU.Build.0 = Debug|Any CPU
		{84D49EFF-27A8-4505-9F62-9BE68A9568AF}.Debug|ARM.ActiveCfg = Debug|Any CPU
		{84D49EFF-27A8-4505-9F62-9BE68A9568AF}.Debug|ARM.Build.0 = Debug|Any CPU
		{84D49EFF-27A8-4505-9F62-9BE68A9568AF}.Debug|x64.ActiveCfg = Debug|Any CPU
		{84D49EFF-27A8-4505-9F62-9BE68A9568AF}.Debug|x64.Build.0 = Debug|Any CPU
		{84D49EFF-27A8-4505-9F62-9BE68A9568AF}.Debug|x86.ActiveCfg = Debug|Any CPU
		{84D49EFF-27A8-4505-9F62-9BE68A9568AF}.Debug|x86.Build.0 = Debug|Any CPU
		{84D49EFF-27A8-4505-9F62-9BE68A9568AF}.Release|Any CPU.ActiveCfg = Release|Any CPU
		{84D49EFF-27A8-4505-9F62-9BE68A9568AF}.Release|Any CPU.Build.0 = Release|Any CPU
		{84D49EFF-27A8-4505-9F62-9BE68A9568AF}.Release|ARM.ActiveCfg = Release|Any CPU
		{84D49EFF-27A8-4505-9F62-9BE68A9568AF}.Release|ARM.Build.0 = Release|Any CPU
		{84D49EFF-27A8-4505-9F62-9BE68A9568AF}.Release|x64.ActiveCfg = Release|Any CPU
		{84D49EFF-27A8-4505-9F62-9BE68A9568AF}.Release|x64.Build.0 = Release|Any CPU
		{84D49EFF-27A8-4505-9F62-9BE68A9568AF}.Release|x86.ActiveCfg = Release|Any CPU
		{84D49EFF-27A8-4505-9F62-9BE68A9568AF}.Release|x86.Build.0 = Release|Any CPU
		{F291D525-2A0B-47F1-8539-5C4FC0253EE8}.Debug|Any CPU.ActiveCfg = Debug|x86
		{F291D525-2A0B-47F1-8539-5C4FC0253EE8}.Debug|ARM.ActiveCfg = Debug|ARM
		{F291D525-2A0B-47F1-8539-5C4FC0253EE8}.Debug|ARM.Build.0 = Debug|ARM
		{F291D525-2A0B-47F1-8539-5C4FC0253EE8}.Debug|ARM.Deploy.0 = Debug|ARM
		{F291D525-2A0B-47F1-8539-5C4FC0253EE8}.Debug|x64.ActiveCfg = Debug|x64
		{F291D525-2A0B-47F1-8539-5C4FC0253EE8}.Debug|x64.Build.0 = Debug|x64
		{F291D525-2A0B-47F1-8539-5C4FC0253EE8}.Debug|x64.Deploy.0 = Debug|x64
		{F291D525-2A0B-47F1-8539-5C4FC0253EE8}.Debug|x86.ActiveCfg = Debug|x86
		{F291D525-2A0B-47F1-8539-5C4FC0253EE8}.Debug|x86.Build.0 = Debug|x86
		{F291D525-2A0B-47F1-8539-5C4FC0253EE8}.Debug|x86.Deploy.0 = Debug|x86
		{F291D525-2A0B-47F1-8539-5C4FC0253EE8}.Release|Any CPU.ActiveCfg = Release|x86
		{F291D525-2A0B-47F1-8539-5C4FC0253EE8}.Release|ARM.ActiveCfg = Release|ARM
		{F291D525-2A0B-47F1-8539-5C4FC0253EE8}.Release|ARM.Build.0 = Release|ARM
		{F291D525-2A0B-47F1-8539-5C4FC0253EE8}.Release|ARM.Deploy.0 = Release|ARM
		{F291D525-2A0B-47F1-8539-5C4FC0253EE8}.Release|x64.ActiveCfg = Release|x64
		{F291D525-2A0B-47F1-8539-5C4FC0253EE8}.Release|x64.Build.0 = Release|x64
		{F291D525-2A0B-47F1-8539-5C4FC0253EE8}.Release|x64.Deploy.0 = Release|x64
		{F291D525-2A0B-47F1-8539-5C4FC0253EE8}.Release|x86.ActiveCfg = Release|x86
		{F291D525-2A0B-47F1-8539-5C4FC0253EE8}.Release|x86.Build.0 = Release|x86
		{F291D525-2A0B-47F1-8539-5C4FC0253EE8}.Release|x86.Deploy.0 = Release|x86
		{10A10DA3-3FC9-436A-83FE-E7AF69D1775A}.Debug|Any CPU.ActiveCfg = Debug|Any CPU
		{10A10DA3-3FC9-436A-83FE-E7AF69D1775A}.Debug|Any CPU.Build.0 = Debug|Any CPU
		{10A10DA3-3FC9-436A-83FE-E7AF69D1775A}.Debug|ARM.ActiveCfg = Debug|Any CPU
		{10A10DA3-3FC9-436A-83FE-E7AF69D1775A}.Debug|ARM.Build.0 = Debug|Any CPU
		{10A10DA3-3FC9-436A-83FE-E7AF69D1775A}.Debug|x64.ActiveCfg = Debug|Any CPU
		{10A10DA3-3FC9-436A-83FE-E7AF69D1775A}.Debug|x64.Build.0 = Debug|Any CPU
		{10A10DA3-3FC9-436A-83FE-E7AF69D1775A}.Debug|x86.ActiveCfg = Debug|Any CPU
		{10A10DA3-3FC9-436A-83FE-E7AF69D1775A}.Debug|x86.Build.0 = Debug|Any CPU
		{10A10DA3-3FC9-436A-83FE-E7AF69D1775A}.Release|Any CPU.ActiveCfg = Release|Any CPU
		{10A10DA3-3FC9-436A-83FE-E7AF69D1775A}.Release|Any CPU.Build.0 = Release|Any CPU
		{10A10DA3-3FC9-436A-83FE-E7AF69D1775A}.Release|ARM.ActiveCfg = Release|Any CPU
		{10A10DA3-3FC9-436A-83FE-E7AF69D1775A}.Release|ARM.Build.0 = Release|Any CPU
		{10A10DA3-3FC9-436A-83FE-E7AF69D1775A}.Release|x64.ActiveCfg = Release|Any CPU
		{10A10DA3-3FC9-436A-83FE-E7AF69D1775A}.Release|x64.Build.0 = Release|Any CPU
		{10A10DA3-3FC9-436A-83FE-E7AF69D1775A}.Release|x86.ActiveCfg = Release|Any CPU
		{10A10DA3-3FC9-436A-83FE-E7AF69D1775A}.Release|x86.Build.0 = Release|Any CPU
		{21F26CD8-B49F-404C-A5E5-8DB44B0E3414}.Debug|Any CPU.ActiveCfg = Debug|x86
		{21F26CD8-B49F-404C-A5E5-8DB44B0E3414}.Debug|ARM.ActiveCfg = Debug|ARM
		{21F26CD8-B49F-404C-A5E5-8DB44B0E3414}.Debug|ARM.Build.0 = Debug|ARM
		{21F26CD8-B49F-404C-A5E5-8DB44B0E3414}.Debug|ARM.Deploy.0 = Debug|ARM
		{21F26CD8-B49F-404C-A5E5-8DB44B0E3414}.Debug|x64.ActiveCfg = Debug|x64
		{21F26CD8-B49F-404C-A5E5-8DB44B0E3414}.Debug|x64.Build.0 = Debug|x64
		{21F26CD8-B49F-404C-A5E5-8DB44B0E3414}.Debug|x64.Deploy.0 = Debug|x64
		{21F26CD8-B49F-404C-A5E5-8DB44B0E3414}.Debug|x86.ActiveCfg = Debug|x86
		{21F26CD8-B49F-404C-A5E5-8DB44B0E3414}.Debug|x86.Build.0 = Debug|x86
		{21F26CD8-B49F-404C-A5E5-8DB44B0E3414}.Debug|x86.Deploy.0 = Debug|x86
		{21F26CD8-B49F-404C-A5E5-8DB44B0E3414}.Release|Any CPU.ActiveCfg = Release|x86
		{21F26CD8-B49F-404C-A5E5-8DB44B0E3414}.Release|ARM.ActiveCfg = Release|ARM
		{21F26CD8-B49F-404C-A5E5-8DB44B0E3414}.Release|ARM.Build.0 = Release|ARM
		{21F26CD8-B49F-404C-A5E5-8DB44B0E3414}.Release|ARM.Deploy.0 = Release|ARM
		{21F26CD8-B49F-404C-A5E5-8DB44B0E3414}.Release|x64.ActiveCfg = Release|x64
		{21F26CD8-B49F-404C-A5E5-8DB44B0E3414}.Release|x64.Build.0 = Release|x64
		{21F26CD8-B49F-404C-A5E5-8DB44B0E3414}.Release|x64.Deploy.0 = Release|x64
		{21F26CD8-B49F-404C-A5E5-8DB44B0E3414}.Release|x86.ActiveCfg = Release|x86
		{21F26CD8-B49F-404C-A5E5-8DB44B0E3414}.Release|x86.Build.0 = Release|x86
		{21F26CD8-B49F-404C-A5E5-8DB44B0E3414}.Release|x86.Deploy.0 = Release|x86
		{93779F37-571B-4821-BFF3-3B8D61D1093C}.Debug|Any CPU.ActiveCfg = Debug|Any CPU
		{93779F37-571B-4821-BFF3-3B8D61D1093C}.Debug|Any CPU.Build.0 = Debug|Any CPU
		{93779F37-571B-4821-BFF3-3B8D61D1093C}.Debug|ARM.ActiveCfg = Debug|Any CPU
		{93779F37-571B-4821-BFF3-3B8D61D1093C}.Debug|ARM.Build.0 = Debug|Any CPU
		{93779F37-571B-4821-BFF3-3B8D61D1093C}.Debug|x64.ActiveCfg = Debug|Any CPU
		{93779F37-571B-4821-BFF3-3B8D61D1093C}.Debug|x64.Build.0 = Debug|Any CPU
		{93779F37-571B-4821-BFF3-3B8D61D1093C}.Debug|x86.ActiveCfg = Debug|Any CPU
		{93779F37-571B-4821-BFF3-3B8D61D1093C}.Debug|x86.Build.0 = Debug|Any CPU
		{93779F37-571B-4821-BFF3-3B8D61D1093C}.Release|Any CPU.ActiveCfg = Release|Any CPU
		{93779F37-571B-4821-BFF3-3B8D61D1093C}.Release|Any CPU.Build.0 = Release|Any CPU
		{93779F37-571B-4821-BFF3-3B8D61D1093C}.Release|ARM.ActiveCfg = Release|Any CPU
		{93779F37-571B-4821-BFF3-3B8D61D1093C}.Release|ARM.Build.0 = Release|Any CPU
		{93779F37-571B-4821-BFF3-3B8D61D1093C}.Release|x64.ActiveCfg = Release|Any CPU
		{93779F37-571B-4821-BFF3-3B8D61D1093C}.Release|x64.Build.0 = Release|Any CPU
		{93779F37-571B-4821-BFF3-3B8D61D1093C}.Release|x86.ActiveCfg = Release|Any CPU
		{93779F37-571B-4821-BFF3-3B8D61D1093C}.Release|x86.Build.0 = Release|Any CPU
		{774090E9-58DF-4601-9574-1B770D9B2270}.Debug|Any CPU.ActiveCfg = Debug|x86
		{774090E9-58DF-4601-9574-1B770D9B2270}.Debug|ARM.ActiveCfg = Debug|ARM
		{774090E9-58DF-4601-9574-1B770D9B2270}.Debug|ARM.Build.0 = Debug|ARM
		{774090E9-58DF-4601-9574-1B770D9B2270}.Debug|ARM.Deploy.0 = Debug|ARM
		{774090E9-58DF-4601-9574-1B770D9B2270}.Debug|x64.ActiveCfg = Debug|x64
		{774090E9-58DF-4601-9574-1B770D9B2270}.Debug|x64.Build.0 = Debug|x64
		{774090E9-58DF-4601-9574-1B770D9B2270}.Debug|x64.Deploy.0 = Debug|x64
		{774090E9-58DF-4601-9574-1B770D9B2270}.Debug|x86.ActiveCfg = Debug|x86
		{774090E9-58DF-4601-9574-1B770D9B2270}.Debug|x86.Build.0 = Debug|x86
		{774090E9-58DF-4601-9574-1B770D9B2270}.Debug|x86.Deploy.0 = Debug|x86
		{774090E9-58DF-4601-9574-1B770D9B2270}.Release|Any CPU.ActiveCfg = Release|x86
		{774090E9-58DF-4601-9574-1B770D9B2270}.Release|ARM.ActiveCfg = Release|ARM
		{774090E9-58DF-4601-9574-1B770D9B2270}.Release|ARM.Build.0 = Release|ARM
		{774090E9-58DF-4601-9574-1B770D9B2270}.Release|ARM.Deploy.0 = Release|ARM
		{774090E9-58DF-4601-9574-1B770D9B2270}.Release|x64.ActiveCfg = Release|x64
		{774090E9-58DF-4601-9574-1B770D9B2270}.Release|x64.Build.0 = Release|x64
		{774090E9-58DF-4601-9574-1B770D9B2270}.Release|x64.Deploy.0 = Release|x64
		{774090E9-58DF-4601-9574-1B770D9B2270}.Release|x86.ActiveCfg = Release|x86
		{774090E9-58DF-4601-9574-1B770D9B2270}.Release|x86.Build.0 = Release|x86
		{774090E9-58DF-4601-9574-1B770D9B2270}.Release|x86.Deploy.0 = Release|x86
		{588B1C4D-9178-4B3A-84D4-EE15CE772293}.Debug|Any CPU.ActiveCfg = Debug|Any CPU
		{588B1C4D-9178-4B3A-84D4-EE15CE772293}.Debug|Any CPU.Build.0 = Debug|Any CPU
		{588B1C4D-9178-4B3A-84D4-EE15CE772293}.Debug|ARM.ActiveCfg = Debug|Any CPU
		{588B1C4D-9178-4B3A-84D4-EE15CE772293}.Debug|ARM.Build.0 = Debug|Any CPU
		{588B1C4D-9178-4B3A-84D4-EE15CE772293}.Debug|x64.ActiveCfg = Debug|Any CPU
		{588B1C4D-9178-4B3A-84D4-EE15CE772293}.Debug|x64.Build.0 = Debug|Any CPU
		{588B1C4D-9178-4B3A-84D4-EE15CE772293}.Debug|x86.ActiveCfg = Debug|Any CPU
		{588B1C4D-9178-4B3A-84D4-EE15CE772293}.Debug|x86.Build.0 = Debug|Any CPU
		{588B1C4D-9178-4B3A-84D4-EE15CE772293}.Release|Any CPU.ActiveCfg = Release|Any CPU
		{588B1C4D-9178-4B3A-84D4-EE15CE772293}.Release|Any CPU.Build.0 = Release|Any CPU
		{588B1C4D-9178-4B3A-84D4-EE15CE772293}.Release|ARM.ActiveCfg = Release|Any CPU
		{588B1C4D-9178-4B3A-84D4-EE15CE772293}.Release|ARM.Build.0 = Release|Any CPU
		{588B1C4D-9178-4B3A-84D4-EE15CE772293}.Release|x64.ActiveCfg = Release|Any CPU
		{588B1C4D-9178-4B3A-84D4-EE15CE772293}.Release|x64.Build.0 = Release|Any CPU
		{588B1C4D-9178-4B3A-84D4-EE15CE772293}.Release|x86.ActiveCfg = Release|Any CPU
		{588B1C4D-9178-4B3A-84D4-EE15CE772293}.Release|x86.Build.0 = Release|Any CPU
		{4985CE5D-5E20-4D8A-BB19-039981D4FBF3}.Debug|Any CPU.ActiveCfg = Debug|x86
		{4985CE5D-5E20-4D8A-BB19-039981D4FBF3}.Debug|ARM.ActiveCfg = Debug|ARM
		{4985CE5D-5E20-4D8A-BB19-039981D4FBF3}.Debug|ARM.Build.0 = Debug|ARM
		{4985CE5D-5E20-4D8A-BB19-039981D4FBF3}.Debug|ARM.Deploy.0 = Debug|ARM
		{4985CE5D-5E20-4D8A-BB19-039981D4FBF3}.Debug|x64.ActiveCfg = Debug|x64
		{4985CE5D-5E20-4D8A-BB19-039981D4FBF3}.Debug|x64.Build.0 = Debug|x64
		{4985CE5D-5E20-4D8A-BB19-039981D4FBF3}.Debug|x64.Deploy.0 = Debug|x64
		{4985CE5D-5E20-4D8A-BB19-039981D4FBF3}.Debug|x86.ActiveCfg = Debug|x86
		{4985CE5D-5E20-4D8A-BB19-039981D4FBF3}.Debug|x86.Build.0 = Debug|x86
		{4985CE5D-5E20-4D8A-BB19-039981D4FBF3}.Debug|x86.Deploy.0 = Debug|x86
		{4985CE5D-5E20-4D8A-BB19-039981D4FBF3}.Release|Any CPU.ActiveCfg = Release|x86
		{4985CE5D-5E20-4D8A-BB19-039981D4FBF3}.Release|ARM.ActiveCfg = Release|ARM
		{4985CE5D-5E20-4D8A-BB19-039981D4FBF3}.Release|ARM.Build.0 = Release|ARM
		{4985CE5D-5E20-4D8A-BB19-039981D4FBF3}.Release|ARM.Deploy.0 = Release|ARM
		{4985CE5D-5E20-4D8A-BB19-039981D4FBF3}.Release|x64.ActiveCfg = Release|x64
		{4985CE5D-5E20-4D8A-BB19-039981D4FBF3}.Release|x64.Build.0 = Release|x64
		{4985CE5D-5E20-4D8A-BB19-039981D4FBF3}.Release|x64.Deploy.0 = Release|x64
		{4985CE5D-5E20-4D8A-BB19-039981D4FBF3}.Release|x86.ActiveCfg = Release|x86
		{4985CE5D-5E20-4D8A-BB19-039981D4FBF3}.Release|x86.Build.0 = Release|x86
		{4985CE5D-5E20-4D8A-BB19-039981D4FBF3}.Release|x86.Deploy.0 = Release|x86
		{5674A9DD-3F44-4731-9B4F-C0DF6687DE17}.Debug|Any CPU.ActiveCfg = Debug|Any CPU
		{5674A9DD-3F44-4731-9B4F-C0DF6687DE17}.Debug|Any CPU.Build.0 = Debug|Any CPU
		{5674A9DD-3F44-4731-9B4F-C0DF6687DE17}.Debug|ARM.ActiveCfg = Debug|Any CPU
		{5674A9DD-3F44-4731-9B4F-C0DF6687DE17}.Debug|ARM.Build.0 = Debug|Any CPU
		{5674A9DD-3F44-4731-9B4F-C0DF6687DE17}.Debug|x64.ActiveCfg = Debug|Any CPU
		{5674A9DD-3F44-4731-9B4F-C0DF6687DE17}.Debug|x64.Build.0 = Debug|Any CPU
		{5674A9DD-3F44-4731-9B4F-C0DF6687DE17}.Debug|x86.ActiveCfg = Debug|Any CPU
		{5674A9DD-3F44-4731-9B4F-C0DF6687DE17}.Debug|x86.Build.0 = Debug|Any CPU
		{5674A9DD-3F44-4731-9B4F-C0DF6687DE17}.Release|Any CPU.ActiveCfg = Release|Any CPU
		{5674A9DD-3F44-4731-9B4F-C0DF6687DE17}.Release|Any CPU.Build.0 = Release|Any CPU
		{5674A9DD-3F44-4731-9B4F-C0DF6687DE17}.Release|ARM.ActiveCfg = Release|Any CPU
		{5674A9DD-3F44-4731-9B4F-C0DF6687DE17}.Release|ARM.Build.0 = Release|Any CPU
		{5674A9DD-3F44-4731-9B4F-C0DF6687DE17}.Release|x64.ActiveCfg = Release|Any CPU
		{5674A9DD-3F44-4731-9B4F-C0DF6687DE17}.Release|x64.Build.0 = Release|Any CPU
		{5674A9DD-3F44-4731-9B4F-C0DF6687DE17}.Release|x86.ActiveCfg = Release|Any CPU
		{5674A9DD-3F44-4731-9B4F-C0DF6687DE17}.Release|x86.Build.0 = Release|Any CPU
		{36BF491F-5115-4CA9-838E-6ED11A1D9947}.Debug|Any CPU.ActiveCfg = Debug|x86
		{36BF491F-5115-4CA9-838E-6ED11A1D9947}.Debug|ARM.ActiveCfg = Debug|ARM
		{36BF491F-5115-4CA9-838E-6ED11A1D9947}.Debug|ARM.Build.0 = Debug|ARM
		{36BF491F-5115-4CA9-838E-6ED11A1D9947}.Debug|ARM.Deploy.0 = Debug|ARM
		{36BF491F-5115-4CA9-838E-6ED11A1D9947}.Debug|x64.ActiveCfg = Debug|x64
		{36BF491F-5115-4CA9-838E-6ED11A1D9947}.Debug|x64.Build.0 = Debug|x64
		{36BF491F-5115-4CA9-838E-6ED11A1D9947}.Debug|x64.Deploy.0 = Debug|x64
		{36BF491F-5115-4CA9-838E-6ED11A1D9947}.Debug|x86.ActiveCfg = Debug|x86
		{36BF491F-5115-4CA9-838E-6ED11A1D9947}.Debug|x86.Build.0 = Debug|x86
		{36BF491F-5115-4CA9-838E-6ED11A1D9947}.Debug|x86.Deploy.0 = Debug|x86
		{36BF491F-5115-4CA9-838E-6ED11A1D9947}.Release|Any CPU.ActiveCfg = Release|x86
		{36BF491F-5115-4CA9-838E-6ED11A1D9947}.Release|ARM.ActiveCfg = Release|ARM
		{36BF491F-5115-4CA9-838E-6ED11A1D9947}.Release|ARM.Build.0 = Release|ARM
		{36BF491F-5115-4CA9-838E-6ED11A1D9947}.Release|ARM.Deploy.0 = Release|ARM
		{36BF491F-5115-4CA9-838E-6ED11A1D9947}.Release|x64.ActiveCfg = Release|x64
		{36BF491F-5115-4CA9-838E-6ED11A1D9947}.Release|x64.Build.0 = Release|x64
		{36BF491F-5115-4CA9-838E-6ED11A1D9947}.Release|x64.Deploy.0 = Release|x64
		{36BF491F-5115-4CA9-838E-6ED11A1D9947}.Release|x86.ActiveCfg = Release|x86
		{36BF491F-5115-4CA9-838E-6ED11A1D9947}.Release|x86.Build.0 = Release|x86
		{36BF491F-5115-4CA9-838E-6ED11A1D9947}.Release|x86.Deploy.0 = Release|x86
		{94BF9B12-A69F-403D-BD87-EDD4F2592958}.Debug|Any CPU.ActiveCfg = Debug|Any CPU
		{94BF9B12-A69F-403D-BD87-EDD4F2592958}.Debug|Any CPU.Build.0 = Debug|Any CPU
		{94BF9B12-A69F-403D-BD87-EDD4F2592958}.Debug|ARM.ActiveCfg = Debug|Any CPU
		{94BF9B12-A69F-403D-BD87-EDD4F2592958}.Debug|ARM.Build.0 = Debug|Any CPU
		{94BF9B12-A69F-403D-BD87-EDD4F2592958}.Debug|x64.ActiveCfg = Debug|Any CPU
		{94BF9B12-A69F-403D-BD87-EDD4F2592958}.Debug|x64.Build.0 = Debug|Any CPU
		{94BF9B12-A69F-403D-BD87-EDD4F2592958}.Debug|x86.ActiveCfg = Debug|Any CPU
		{94BF9B12-A69F-403D-BD87-EDD4F2592958}.Debug|x86.Build.0 = Debug|Any CPU
		{94BF9B12-A69F-403D-BD87-EDD4F2592958}.Release|Any CPU.ActiveCfg = Release|Any CPU
		{94BF9B12-A69F-403D-BD87-EDD4F2592958}.Release|Any CPU.Build.0 = Release|Any CPU
		{94BF9B12-A69F-403D-BD87-EDD4F2592958}.Release|ARM.ActiveCfg = Release|Any CPU
		{94BF9B12-A69F-403D-BD87-EDD4F2592958}.Release|ARM.Build.0 = Release|Any CPU
		{94BF9B12-A69F-403D-BD87-EDD4F2592958}.Release|x64.ActiveCfg = Release|Any CPU
		{94BF9B12-A69F-403D-BD87-EDD4F2592958}.Release|x64.Build.0 = Release|Any CPU
		{94BF9B12-A69F-403D-BD87-EDD4F2592958}.Release|x86.ActiveCfg = Release|Any CPU
		{94BF9B12-A69F-403D-BD87-EDD4F2592958}.Release|x86.Build.0 = Release|Any CPU
		{DBC58C1D-131B-4139-8744-CB662742FB27}.Debug|Any CPU.ActiveCfg = Debug|x86
		{DBC58C1D-131B-4139-8744-CB662742FB27}.Debug|ARM.ActiveCfg = Debug|ARM
		{DBC58C1D-131B-4139-8744-CB662742FB27}.Debug|ARM.Build.0 = Debug|ARM
		{DBC58C1D-131B-4139-8744-CB662742FB27}.Debug|ARM.Deploy.0 = Debug|ARM
		{DBC58C1D-131B-4139-8744-CB662742FB27}.Debug|x64.ActiveCfg = Debug|x64
		{DBC58C1D-131B-4139-8744-CB662742FB27}.Debug|x64.Build.0 = Debug|x64
		{DBC58C1D-131B-4139-8744-CB662742FB27}.Debug|x64.Deploy.0 = Debug|x64
		{DBC58C1D-131B-4139-8744-CB662742FB27}.Debug|x86.ActiveCfg = Debug|x86
		{DBC58C1D-131B-4139-8744-CB662742FB27}.Debug|x86.Build.0 = Debug|x86
		{DBC58C1D-131B-4139-8744-CB662742FB27}.Debug|x86.Deploy.0 = Debug|x86
		{DBC58C1D-131B-4139-8744-CB662742FB27}.Release|Any CPU.ActiveCfg = Release|x86
		{DBC58C1D-131B-4139-8744-CB662742FB27}.Release|ARM.ActiveCfg = Release|ARM
		{DBC58C1D-131B-4139-8744-CB662742FB27}.Release|ARM.Build.0 = Release|ARM
		{DBC58C1D-131B-4139-8744-CB662742FB27}.Release|ARM.Deploy.0 = Release|ARM
		{DBC58C1D-131B-4139-8744-CB662742FB27}.Release|x64.ActiveCfg = Release|x64
		{DBC58C1D-131B-4139-8744-CB662742FB27}.Release|x64.Build.0 = Release|x64
		{DBC58C1D-131B-4139-8744-CB662742FB27}.Release|x64.Deploy.0 = Release|x64
		{DBC58C1D-131B-4139-8744-CB662742FB27}.Release|x86.ActiveCfg = Release|x86
		{DBC58C1D-131B-4139-8744-CB662742FB27}.Release|x86.Build.0 = Release|x86
		{DBC58C1D-131B-4139-8744-CB662742FB27}.Release|x86.Deploy.0 = Release|x86
		{F156E29A-4EB4-4EFE-9AE1-30E5D3258BE9}.Debug|Any CPU.ActiveCfg = Debug|Any CPU
		{F156E29A-4EB4-4EFE-9AE1-30E5D3258BE9}.Debug|Any CPU.Build.0 = Debug|Any CPU
		{F156E29A-4EB4-4EFE-9AE1-30E5D3258BE9}.Debug|ARM.ActiveCfg = Debug|Any CPU
		{F156E29A-4EB4-4EFE-9AE1-30E5D3258BE9}.Debug|ARM.Build.0 = Debug|Any CPU
		{F156E29A-4EB4-4EFE-9AE1-30E5D3258BE9}.Debug|x64.ActiveCfg = Debug|Any CPU
		{F156E29A-4EB4-4EFE-9AE1-30E5D3258BE9}.Debug|x64.Build.0 = Debug|Any CPU
		{F156E29A-4EB4-4EFE-9AE1-30E5D3258BE9}.Debug|x86.ActiveCfg = Debug|Any CPU
		{F156E29A-4EB4-4EFE-9AE1-30E5D3258BE9}.Debug|x86.Build.0 = Debug|Any CPU
		{F156E29A-4EB4-4EFE-9AE1-30E5D3258BE9}.Release|Any CPU.ActiveCfg = Release|Any CPU
		{F156E29A-4EB4-4EFE-9AE1-30E5D3258BE9}.Release|Any CPU.Build.0 = Release|Any CPU
		{F156E29A-4EB4-4EFE-9AE1-30E5D3258BE9}.Release|ARM.ActiveCfg = Release|Any CPU
		{F156E29A-4EB4-4EFE-9AE1-30E5D3258BE9}.Release|ARM.Build.0 = Release|Any CPU
		{F156E29A-4EB4-4EFE-9AE1-30E5D3258BE9}.Release|x64.ActiveCfg = Release|Any CPU
		{F156E29A-4EB4-4EFE-9AE1-30E5D3258BE9}.Release|x64.Build.0 = Release|Any CPU
		{F156E29A-4EB4-4EFE-9AE1-30E5D3258BE9}.Release|x86.ActiveCfg = Release|Any CPU
		{F156E29A-4EB4-4EFE-9AE1-30E5D3258BE9}.Release|x86.Build.0 = Release|Any CPU
		{F094606E-F25F-49DB-B9E3-A82876EACD16}.Debug|Any CPU.ActiveCfg = Debug|x86
		{F094606E-F25F-49DB-B9E3-A82876EACD16}.Debug|ARM.ActiveCfg = Debug|ARM
		{F094606E-F25F-49DB-B9E3-A82876EACD16}.Debug|ARM.Build.0 = Debug|ARM
		{F094606E-F25F-49DB-B9E3-A82876EACD16}.Debug|ARM.Deploy.0 = Debug|ARM
		{F094606E-F25F-49DB-B9E3-A82876EACD16}.Debug|x64.ActiveCfg = Debug|x64
		{F094606E-F25F-49DB-B9E3-A82876EACD16}.Debug|x64.Build.0 = Debug|x64
		{F094606E-F25F-49DB-B9E3-A82876EACD16}.Debug|x64.Deploy.0 = Debug|x64
		{F094606E-F25F-49DB-B9E3-A82876EACD16}.Debug|x86.ActiveCfg = Debug|x86
		{F094606E-F25F-49DB-B9E3-A82876EACD16}.Debug|x86.Build.0 = Debug|x86
		{F094606E-F25F-49DB-B9E3-A82876EACD16}.Debug|x86.Deploy.0 = Debug|x86
		{F094606E-F25F-49DB-B9E3-A82876EACD16}.Release|Any CPU.ActiveCfg = Release|x86
		{F094606E-F25F-49DB-B9E3-A82876EACD16}.Release|ARM.ActiveCfg = Release|ARM
		{F094606E-F25F-49DB-B9E3-A82876EACD16}.Release|ARM.Build.0 = Release|ARM
		{F094606E-F25F-49DB-B9E3-A82876EACD16}.Release|ARM.Deploy.0 = Release|ARM
		{F094606E-F25F-49DB-B9E3-A82876EACD16}.Release|x64.ActiveCfg = Release|x64
		{F094606E-F25F-49DB-B9E3-A82876EACD16}.Release|x64.Build.0 = Release|x64
		{F094606E-F25F-49DB-B9E3-A82876EACD16}.Release|x64.Deploy.0 = Release|x64
		{F094606E-F25F-49DB-B9E3-A82876EACD16}.Release|x86.ActiveCfg = Release|x86
		{F094606E-F25F-49DB-B9E3-A82876EACD16}.Release|x86.Build.0 = Release|x86
		{F094606E-F25F-49DB-B9E3-A82876EACD16}.Release|x86.Deploy.0 = Release|x86
		{BB919DFF-ACBB-4B7A-939B-EE44338A1712}.Debug|Any CPU.ActiveCfg = Debug|Any CPU
		{BB919DFF-ACBB-4B7A-939B-EE44338A1712}.Debug|Any CPU.Build.0 = Debug|Any CPU
		{BB919DFF-ACBB-4B7A-939B-EE44338A1712}.Debug|ARM.ActiveCfg = Debug|Any CPU
		{BB919DFF-ACBB-4B7A-939B-EE44338A1712}.Debug|ARM.Build.0 = Debug|Any CPU
		{BB919DFF-ACBB-4B7A-939B-EE44338A1712}.Debug|x64.ActiveCfg = Debug|Any CPU
		{BB919DFF-ACBB-4B7A-939B-EE44338A1712}.Debug|x64.Build.0 = Debug|Any CPU
		{BB919DFF-ACBB-4B7A-939B-EE44338A1712}.Debug|x86.ActiveCfg = Debug|Any CPU
		{BB919DFF-ACBB-4B7A-939B-EE44338A1712}.Debug|x86.Build.0 = Debug|Any CPU
		{BB919DFF-ACBB-4B7A-939B-EE44338A1712}.Release|Any CPU.ActiveCfg = Release|Any CPU
		{BB919DFF-ACBB-4B7A-939B-EE44338A1712}.Release|Any CPU.Build.0 = Release|Any CPU
		{BB919DFF-ACBB-4B7A-939B-EE44338A1712}.Release|ARM.ActiveCfg = Release|Any CPU
		{BB919DFF-ACBB-4B7A-939B-EE44338A1712}.Release|ARM.Build.0 = Release|Any CPU
		{BB919DFF-ACBB-4B7A-939B-EE44338A1712}.Release|x64.ActiveCfg = Release|Any CPU
		{BB919DFF-ACBB-4B7A-939B-EE44338A1712}.Release|x64.Build.0 = Release|Any CPU
		{BB919DFF-ACBB-4B7A-939B-EE44338A1712}.Release|x86.ActiveCfg = Release|Any CPU
		{BB919DFF-ACBB-4B7A-939B-EE44338A1712}.Release|x86.Build.0 = Release|Any CPU
		{CF3571E9-4813-49B4-9F6E-85BD58CE15BB}.Debug|Any CPU.ActiveCfg = Debug|x86
		{CF3571E9-4813-49B4-9F6E-85BD58CE15BB}.Debug|ARM.ActiveCfg = Debug|ARM
		{CF3571E9-4813-49B4-9F6E-85BD58CE15BB}.Debug|ARM.Build.0 = Debug|ARM
		{CF3571E9-4813-49B4-9F6E-85BD58CE15BB}.Debug|ARM.Deploy.0 = Debug|ARM
		{CF3571E9-4813-49B4-9F6E-85BD58CE15BB}.Debug|x64.ActiveCfg = Debug|x64
		{CF3571E9-4813-49B4-9F6E-85BD58CE15BB}.Debug|x64.Build.0 = Debug|x64
		{CF3571E9-4813-49B4-9F6E-85BD58CE15BB}.Debug|x64.Deploy.0 = Debug|x64
		{CF3571E9-4813-49B4-9F6E-85BD58CE15BB}.Debug|x86.ActiveCfg = Debug|x86
		{CF3571E9-4813-49B4-9F6E-85BD58CE15BB}.Debug|x86.Build.0 = Debug|x86
		{CF3571E9-4813-49B4-9F6E-85BD58CE15BB}.Debug|x86.Deploy.0 = Debug|x86
		{CF3571E9-4813-49B4-9F6E-85BD58CE15BB}.Release|Any CPU.ActiveCfg = Release|x86
		{CF3571E9-4813-49B4-9F6E-85BD58CE15BB}.Release|ARM.ActiveCfg = Release|ARM
		{CF3571E9-4813-49B4-9F6E-85BD58CE15BB}.Release|ARM.Build.0 = Release|ARM
		{CF3571E9-4813-49B4-9F6E-85BD58CE15BB}.Release|ARM.Deploy.0 = Release|ARM
		{CF3571E9-4813-49B4-9F6E-85BD58CE15BB}.Release|x64.ActiveCfg = Release|x64
		{CF3571E9-4813-49B4-9F6E-85BD58CE15BB}.Release|x64.Build.0 = Release|x64
		{CF3571E9-4813-49B4-9F6E-85BD58CE15BB}.Release|x64.Deploy.0 = Release|x64
		{CF3571E9-4813-49B4-9F6E-85BD58CE15BB}.Release|x86.ActiveCfg = Release|x86
		{CF3571E9-4813-49B4-9F6E-85BD58CE15BB}.Release|x86.Build.0 = Release|x86
		{CF3571E9-4813-49B4-9F6E-85BD58CE15BB}.Release|x86.Deploy.0 = Release|x86
		{927E215F-CE66-4B32-BE67-61D73F165B4C}.Debug|Any CPU.ActiveCfg = Debug|Any CPU
		{927E215F-CE66-4B32-BE67-61D73F165B4C}.Debug|Any CPU.Build.0 = Debug|Any CPU
		{927E215F-CE66-4B32-BE67-61D73F165B4C}.Debug|ARM.ActiveCfg = Debug|Any CPU
		{927E215F-CE66-4B32-BE67-61D73F165B4C}.Debug|ARM.Build.0 = Debug|Any CPU
		{927E215F-CE66-4B32-BE67-61D73F165B4C}.Debug|x64.ActiveCfg = Debug|Any CPU
		{927E215F-CE66-4B32-BE67-61D73F165B4C}.Debug|x64.Build.0 = Debug|Any CPU
		{927E215F-CE66-4B32-BE67-61D73F165B4C}.Debug|x86.ActiveCfg = Debug|Any CPU
		{927E215F-CE66-4B32-BE67-61D73F165B4C}.Debug|x86.Build.0 = Debug|Any CPU
		{927E215F-CE66-4B32-BE67-61D73F165B4C}.Release|Any CPU.ActiveCfg = Release|Any CPU
		{927E215F-CE66-4B32-BE67-61D73F165B4C}.Release|Any CPU.Build.0 = Release|Any CPU
		{927E215F-CE66-4B32-BE67-61D73F165B4C}.Release|ARM.ActiveCfg = Release|Any CPU
		{927E215F-CE66-4B32-BE67-61D73F165B4C}.Release|ARM.Build.0 = Release|Any CPU
		{927E215F-CE66-4B32-BE67-61D73F165B4C}.Release|x64.ActiveCfg = Release|Any CPU
		{927E215F-CE66-4B32-BE67-61D73F165B4C}.Release|x64.Build.0 = Release|Any CPU
		{927E215F-CE66-4B32-BE67-61D73F165B4C}.Release|x86.ActiveCfg = Release|Any CPU
		{927E215F-CE66-4B32-BE67-61D73F165B4C}.Release|x86.Build.0 = Release|Any CPU
		{2AA491B1-79E7-4307-92C3-EA2B5C6E0D3D}.Debug|Any CPU.ActiveCfg = Debug|x86
		{2AA491B1-79E7-4307-92C3-EA2B5C6E0D3D}.Debug|ARM.ActiveCfg = Debug|ARM
		{2AA491B1-79E7-4307-92C3-EA2B5C6E0D3D}.Debug|ARM.Build.0 = Debug|ARM
		{2AA491B1-79E7-4307-92C3-EA2B5C6E0D3D}.Debug|ARM.Deploy.0 = Debug|ARM
		{2AA491B1-79E7-4307-92C3-EA2B5C6E0D3D}.Debug|x64.ActiveCfg = Debug|x64
		{2AA491B1-79E7-4307-92C3-EA2B5C6E0D3D}.Debug|x64.Build.0 = Debug|x64
		{2AA491B1-79E7-4307-92C3-EA2B5C6E0D3D}.Debug|x64.Deploy.0 = Debug|x64
		{2AA491B1-79E7-4307-92C3-EA2B5C6E0D3D}.Debug|x86.ActiveCfg = Debug|x86
		{2AA491B1-79E7-4307-92C3-EA2B5C6E0D3D}.Debug|x86.Build.0 = Debug|x86
		{2AA491B1-79E7-4307-92C3-EA2B5C6E0D3D}.Debug|x86.Deploy.0 = Debug|x86
		{2AA491B1-79E7-4307-92C3-EA2B5C6E0D3D}.Release|Any CPU.ActiveCfg = Release|x86
		{2AA491B1-79E7-4307-92C3-EA2B5C6E0D3D}.Release|ARM.ActiveCfg = Release|ARM
		{2AA491B1-79E7-4307-92C3-EA2B5C6E0D3D}.Release|ARM.Build.0 = Release|ARM
		{2AA491B1-79E7-4307-92C3-EA2B5C6E0D3D}.Release|ARM.Deploy.0 = Release|ARM
		{2AA491B1-79E7-4307-92C3-EA2B5C6E0D3D}.Release|x64.ActiveCfg = Release|x64
		{2AA491B1-79E7-4307-92C3-EA2B5C6E0D3D}.Release|x64.Build.0 = Release|x64
		{2AA491B1-79E7-4307-92C3-EA2B5C6E0D3D}.Release|x64.Deploy.0 = Release|x64
		{2AA491B1-79E7-4307-92C3-EA2B5C6E0D3D}.Release|x86.ActiveCfg = Release|x86
		{2AA491B1-79E7-4307-92C3-EA2B5C6E0D3D}.Release|x86.Build.0 = Release|x86
		{2AA491B1-79E7-4307-92C3-EA2B5C6E0D3D}.Release|x86.Deploy.0 = Release|x86
		{29F6AB9C-B09B-4DDD-A10E-531621504E96}.Debug|Any CPU.ActiveCfg = Debug|Any CPU
		{29F6AB9C-B09B-4DDD-A10E-531621504E96}.Debug|Any CPU.Build.0 = Debug|Any CPU
		{29F6AB9C-B09B-4DDD-A10E-531621504E96}.Debug|ARM.ActiveCfg = Debug|Any CPU
		{29F6AB9C-B09B-4DDD-A10E-531621504E96}.Debug|ARM.Build.0 = Debug|Any CPU
		{29F6AB9C-B09B-4DDD-A10E-531621504E96}.Debug|x64.ActiveCfg = Debug|Any CPU
		{29F6AB9C-B09B-4DDD-A10E-531621504E96}.Debug|x64.Build.0 = Debug|Any CPU
		{29F6AB9C-B09B-4DDD-A10E-531621504E96}.Debug|x86.ActiveCfg = Debug|Any CPU
		{29F6AB9C-B09B-4DDD-A10E-531621504E96}.Debug|x86.Build.0 = Debug|Any CPU
		{29F6AB9C-B09B-4DDD-A10E-531621504E96}.Release|Any CPU.ActiveCfg = Release|Any CPU
		{29F6AB9C-B09B-4DDD-A10E-531621504E96}.Release|Any CPU.Build.0 = Release|Any CPU
		{29F6AB9C-B09B-4DDD-A10E-531621504E96}.Release|ARM.ActiveCfg = Release|Any CPU
		{29F6AB9C-B09B-4DDD-A10E-531621504E96}.Release|ARM.Build.0 = Release|Any CPU
		{29F6AB9C-B09B-4DDD-A10E-531621504E96}.Release|x64.ActiveCfg = Release|Any CPU
		{29F6AB9C-B09B-4DDD-A10E-531621504E96}.Release|x64.Build.0 = Release|Any CPU
		{29F6AB9C-B09B-4DDD-A10E-531621504E96}.Release|x86.ActiveCfg = Release|Any CPU
		{29F6AB9C-B09B-4DDD-A10E-531621504E96}.Release|x86.Build.0 = Release|Any CPU
		{80972519-990B-4FC3-8D22-6B21B2DE96E4}.Debug|Any CPU.ActiveCfg = Debug|x86
		{80972519-990B-4FC3-8D22-6B21B2DE96E4}.Debug|ARM.ActiveCfg = Debug|ARM
		{80972519-990B-4FC3-8D22-6B21B2DE96E4}.Debug|ARM.Build.0 = Debug|ARM
		{80972519-990B-4FC3-8D22-6B21B2DE96E4}.Debug|ARM.Deploy.0 = Debug|ARM
		{80972519-990B-4FC3-8D22-6B21B2DE96E4}.Debug|x64.ActiveCfg = Debug|x64
		{80972519-990B-4FC3-8D22-6B21B2DE96E4}.Debug|x64.Build.0 = Debug|x64
		{80972519-990B-4FC3-8D22-6B21B2DE96E4}.Debug|x64.Deploy.0 = Debug|x64
		{80972519-990B-4FC3-8D22-6B21B2DE96E4}.Debug|x86.ActiveCfg = Debug|x86
		{80972519-990B-4FC3-8D22-6B21B2DE96E4}.Debug|x86.Build.0 = Debug|x86
		{80972519-990B-4FC3-8D22-6B21B2DE96E4}.Debug|x86.Deploy.0 = Debug|x86
		{80972519-990B-4FC3-8D22-6B21B2DE96E4}.Release|Any CPU.ActiveCfg = Release|x86
		{80972519-990B-4FC3-8D22-6B21B2DE96E4}.Release|ARM.ActiveCfg = Release|ARM
		{80972519-990B-4FC3-8D22-6B21B2DE96E4}.Release|ARM.Build.0 = Release|ARM
		{80972519-990B-4FC3-8D22-6B21B2DE96E4}.Release|ARM.Deploy.0 = Release|ARM
		{80972519-990B-4FC3-8D22-6B21B2DE96E4}.Release|x64.ActiveCfg = Release|x64
		{80972519-990B-4FC3-8D22-6B21B2DE96E4}.Release|x64.Build.0 = Release|x64
		{80972519-990B-4FC3-8D22-6B21B2DE96E4}.Release|x64.Deploy.0 = Release|x64
		{80972519-990B-4FC3-8D22-6B21B2DE96E4}.Release|x86.ActiveCfg = Release|x86
		{80972519-990B-4FC3-8D22-6B21B2DE96E4}.Release|x86.Build.0 = Release|x86
		{80972519-990B-4FC3-8D22-6B21B2DE96E4}.Release|x86.Deploy.0 = Release|x86
		{01E5E586-D6C5-44ED-BCDE-0699B429441F}.Debug|Any CPU.ActiveCfg = Debug|Any CPU
		{01E5E586-D6C5-44ED-BCDE-0699B429441F}.Debug|Any CPU.Build.0 = Debug|Any CPU
		{01E5E586-D6C5-44ED-BCDE-0699B429441F}.Debug|ARM.ActiveCfg = Debug|Any CPU
		{01E5E586-D6C5-44ED-BCDE-0699B429441F}.Debug|ARM.Build.0 = Debug|Any CPU
		{01E5E586-D6C5-44ED-BCDE-0699B429441F}.Debug|x64.ActiveCfg = Debug|Any CPU
		{01E5E586-D6C5-44ED-BCDE-0699B429441F}.Debug|x64.Build.0 = Debug|Any CPU
		{01E5E586-D6C5-44ED-BCDE-0699B429441F}.Debug|x86.ActiveCfg = Debug|Any CPU
		{01E5E586-D6C5-44ED-BCDE-0699B429441F}.Debug|x86.Build.0 = Debug|Any CPU
		{01E5E586-D6C5-44ED-BCDE-0699B429441F}.Release|Any CPU.ActiveCfg = Release|Any CPU
		{01E5E586-D6C5-44ED-BCDE-0699B429441F}.Release|Any CPU.Build.0 = Release|Any CPU
		{01E5E586-D6C5-44ED-BCDE-0699B429441F}.Release|ARM.ActiveCfg = Release|Any CPU
		{01E5E586-D6C5-44ED-BCDE-0699B429441F}.Release|ARM.Build.0 = Release|Any CPU
		{01E5E586-D6C5-44ED-BCDE-0699B429441F}.Release|x64.ActiveCfg = Release|Any CPU
		{01E5E586-D6C5-44ED-BCDE-0699B429441F}.Release|x64.Build.0 = Release|Any CPU
		{01E5E586-D6C5-44ED-BCDE-0699B429441F}.Release|x86.ActiveCfg = Release|Any CPU
		{01E5E586-D6C5-44ED-BCDE-0699B429441F}.Release|x86.Build.0 = Release|Any CPU
		{B5517755-CDEC-42E5-A0E0-2F4AD0743157}.Debug|Any CPU.ActiveCfg = Debug|x86
		{B5517755-CDEC-42E5-A0E0-2F4AD0743157}.Debug|ARM.ActiveCfg = Debug|ARM
		{B5517755-CDEC-42E5-A0E0-2F4AD0743157}.Debug|ARM.Build.0 = Debug|ARM
		{B5517755-CDEC-42E5-A0E0-2F4AD0743157}.Debug|ARM.Deploy.0 = Debug|ARM
		{B5517755-CDEC-42E5-A0E0-2F4AD0743157}.Debug|x64.ActiveCfg = Debug|x64
		{B5517755-CDEC-42E5-A0E0-2F4AD0743157}.Debug|x64.Build.0 = Debug|x64
		{B5517755-CDEC-42E5-A0E0-2F4AD0743157}.Debug|x64.Deploy.0 = Debug|x64
		{B5517755-CDEC-42E5-A0E0-2F4AD0743157}.Debug|x86.ActiveCfg = Debug|x86
		{B5517755-CDEC-42E5-A0E0-2F4AD0743157}.Debug|x86.Build.0 = Debug|x86
		{B5517755-CDEC-42E5-A0E0-2F4AD0743157}.Debug|x86.Deploy.0 = Debug|x86
		{B5517755-CDEC-42E5-A0E0-2F4AD0743157}.Release|Any CPU.ActiveCfg = Release|x86
		{B5517755-CDEC-42E5-A0E0-2F4AD0743157}.Release|ARM.ActiveCfg = Release|ARM
		{B5517755-CDEC-42E5-A0E0-2F4AD0743157}.Release|ARM.Build.0 = Release|ARM
		{B5517755-CDEC-42E5-A0E0-2F4AD0743157}.Release|ARM.Deploy.0 = Release|ARM
		{B5517755-CDEC-42E5-A0E0-2F4AD0743157}.Release|x64.ActiveCfg = Release|x64
		{B5517755-CDEC-42E5-A0E0-2F4AD0743157}.Release|x64.Build.0 = Release|x64
		{B5517755-CDEC-42E5-A0E0-2F4AD0743157}.Release|x64.Deploy.0 = Release|x64
		{B5517755-CDEC-42E5-A0E0-2F4AD0743157}.Release|x86.ActiveCfg = Release|x86
		{B5517755-CDEC-42E5-A0E0-2F4AD0743157}.Release|x86.Build.0 = Release|x86
		{B5517755-CDEC-42E5-A0E0-2F4AD0743157}.Release|x86.Deploy.0 = Release|x86
		{0E851E4C-D2FE-4B10-B5D1-88894EF82482}.Debug|Any CPU.ActiveCfg = Debug|Any CPU
		{0E851E4C-D2FE-4B10-B5D1-88894EF82482}.Debug|Any CPU.Build.0 = Debug|Any CPU
		{0E851E4C-D2FE-4B10-B5D1-88894EF82482}.Debug|ARM.ActiveCfg = Debug|Any CPU
		{0E851E4C-D2FE-4B10-B5D1-88894EF82482}.Debug|ARM.Build.0 = Debug|Any CPU
		{0E851E4C-D2FE-4B10-B5D1-88894EF82482}.Debug|x64.ActiveCfg = Debug|Any CPU
		{0E851E4C-D2FE-4B10-B5D1-88894EF82482}.Debug|x64.Build.0 = Debug|Any CPU
		{0E851E4C-D2FE-4B10-B5D1-88894EF82482}.Debug|x86.ActiveCfg = Debug|Any CPU
		{0E851E4C-D2FE-4B10-B5D1-88894EF82482}.Debug|x86.Build.0 = Debug|Any CPU
		{0E851E4C-D2FE-4B10-B5D1-88894EF82482}.Release|Any CPU.ActiveCfg = Release|Any CPU
		{0E851E4C-D2FE-4B10-B5D1-88894EF82482}.Release|Any CPU.Build.0 = Release|Any CPU
		{0E851E4C-D2FE-4B10-B5D1-88894EF82482}.Release|ARM.ActiveCfg = Release|Any CPU
		{0E851E4C-D2FE-4B10-B5D1-88894EF82482}.Release|ARM.Build.0 = Release|Any CPU
		{0E851E4C-D2FE-4B10-B5D1-88894EF82482}.Release|x64.ActiveCfg = Release|Any CPU
		{0E851E4C-D2FE-4B10-B5D1-88894EF82482}.Release|x64.Build.0 = Release|Any CPU
		{0E851E4C-D2FE-4B10-B5D1-88894EF82482}.Release|x86.ActiveCfg = Release|Any CPU
		{0E851E4C-D2FE-4B10-B5D1-88894EF82482}.Release|x86.Build.0 = Release|Any CPU
		{D23B6050-BD0E-4BE0-A90D-A1030F22DEF5}.Debug|Any CPU.ActiveCfg = Debug|x86
		{D23B6050-BD0E-4BE0-A90D-A1030F22DEF5}.Debug|ARM.ActiveCfg = Debug|ARM
		{D23B6050-BD0E-4BE0-A90D-A1030F22DEF5}.Debug|ARM.Build.0 = Debug|ARM
		{D23B6050-BD0E-4BE0-A90D-A1030F22DEF5}.Debug|ARM.Deploy.0 = Debug|ARM
		{D23B6050-BD0E-4BE0-A90D-A1030F22DEF5}.Debug|x64.ActiveCfg = Debug|x64
		{D23B6050-BD0E-4BE0-A90D-A1030F22DEF5}.Debug|x64.Build.0 = Debug|x64
		{D23B6050-BD0E-4BE0-A90D-A1030F22DEF5}.Debug|x64.Deploy.0 = Debug|x64
		{D23B6050-BD0E-4BE0-A90D-A1030F22DEF5}.Debug|x86.ActiveCfg = Debug|x86
		{D23B6050-BD0E-4BE0-A90D-A1030F22DEF5}.Debug|x86.Build.0 = Debug|x86
		{D23B6050-BD0E-4BE0-A90D-A1030F22DEF5}.Debug|x86.Deploy.0 = Debug|x86
		{D23B6050-BD0E-4BE0-A90D-A1030F22DEF5}.Release|Any CPU.ActiveCfg = Release|x86
		{D23B6050-BD0E-4BE0-A90D-A1030F22DEF5}.Release|ARM.ActiveCfg = Release|ARM
		{D23B6050-BD0E-4BE0-A90D-A1030F22DEF5}.Release|ARM.Build.0 = Release|ARM
		{D23B6050-BD0E-4BE0-A90D-A1030F22DEF5}.Release|ARM.Deploy.0 = Release|ARM
		{D23B6050-BD0E-4BE0-A90D-A1030F22DEF5}.Release|x64.ActiveCfg = Release|x64
		{D23B6050-BD0E-4BE0-A90D-A1030F22DEF5}.Release|x64.Build.0 = Release|x64
		{D23B6050-BD0E-4BE0-A90D-A1030F22DEF5}.Release|x64.Deploy.0 = Release|x64
		{D23B6050-BD0E-4BE0-A90D-A1030F22DEF5}.Release|x86.ActiveCfg = Release|x86
		{D23B6050-BD0E-4BE0-A90D-A1030F22DEF5}.Release|x86.Build.0 = Release|x86
		{D23B6050-BD0E-4BE0-A90D-A1030F22DEF5}.Release|x86.Deploy.0 = Release|x86
		{C1770C38-2078-43A3-9B85-1F5E963B6AC1}.Debug|Any CPU.ActiveCfg = Debug|Any CPU
		{C1770C38-2078-43A3-9B85-1F5E963B6AC1}.Debug|Any CPU.Build.0 = Debug|Any CPU
		{C1770C38-2078-43A3-9B85-1F5E963B6AC1}.Debug|ARM.ActiveCfg = Debug|Any CPU
		{C1770C38-2078-43A3-9B85-1F5E963B6AC1}.Debug|ARM.Build.0 = Debug|Any CPU
		{C1770C38-2078-43A3-9B85-1F5E963B6AC1}.Debug|x64.ActiveCfg = Debug|Any CPU
		{C1770C38-2078-43A3-9B85-1F5E963B6AC1}.Debug|x64.Build.0 = Debug|Any CPU
		{C1770C38-2078-43A3-9B85-1F5E963B6AC1}.Debug|x86.ActiveCfg = Debug|Any CPU
		{C1770C38-2078-43A3-9B85-1F5E963B6AC1}.Debug|x86.Build.0 = Debug|Any CPU
		{C1770C38-2078-43A3-9B85-1F5E963B6AC1}.Release|Any CPU.ActiveCfg = Release|Any CPU
		{C1770C38-2078-43A3-9B85-1F5E963B6AC1}.Release|Any CPU.Build.0 = Release|Any CPU
		{C1770C38-2078-43A3-9B85-1F5E963B6AC1}.Release|ARM.ActiveCfg = Release|Any CPU
		{C1770C38-2078-43A3-9B85-1F5E963B6AC1}.Release|ARM.Build.0 = Release|Any CPU
		{C1770C38-2078-43A3-9B85-1F5E963B6AC1}.Release|x64.ActiveCfg = Release|Any CPU
		{C1770C38-2078-43A3-9B85-1F5E963B6AC1}.Release|x64.Build.0 = Release|Any CPU
		{C1770C38-2078-43A3-9B85-1F5E963B6AC1}.Release|x86.ActiveCfg = Release|Any CPU
		{C1770C38-2078-43A3-9B85-1F5E963B6AC1}.Release|x86.Build.0 = Release|Any CPU
	EndGlobalSection
	GlobalSection(SolutionProperties) = preSolution
		HideSolutionNode = FALSE
	EndGlobalSection
	GlobalSection(NestedProjects) = preSolution
		{0E216AC4-6F66-47A5-A235-6534A7461F34} = {C4E92CB0-6154-4ED4-A5DD-E393ED961D10}
		{970991CF-A55E-41E9-8871-D0A7DF999190} = {C4E92CB0-6154-4ED4-A5DD-E393ED961D10}
		{FA7F3E67-B7B3-4BD1-BFAE-870DF0B2C0D7} = {04A81047-DC05-474B-96C9-0ED53A16B883}
		{A6AEB275-9D8C-4B48-8E0C-409BA65DB8E7} = {04A81047-DC05-474B-96C9-0ED53A16B883}
		{6C563FCF-34DA-4558-9182-72EE007515EA} = {8D4A5DA2-D20A-488F-AC9E-31172FE51909}
		{29D4BDA7-F7BC-4C22-BE1A-1D9C4A0AC278} = {8D4A5DA2-D20A-488F-AC9E-31172FE51909}
		{B1B9AE84-5FA2-4F21-8003-7A7709C66B4C} = {A35CEA24-A76C-437F-8EFA-39AF32DC4182}
		{935245DC-F54C-4228-A08D-A1C55672B9CC} = {A35CEA24-A76C-437F-8EFA-39AF32DC4182}
		{AF1A7FE3-83F5-4B9A-9AA4-45170670115C} = {34912521-F922-4B03-9A39-79B3B468E623}
		{4C59E889-1788-4742-A3C5-0EAD35D2D56E} = {34912521-F922-4B03-9A39-79B3B468E623}
		{1C5CB891-F7FF-4977-8864-379CED4D6363} = {D8E94CE5-BF08-4CC0-8678-843558B4AD52}
		{CEBF9BC1-9DBC-40D9-A414-46B9CC7B6658} = {D8E94CE5-BF08-4CC0-8678-843558B4AD52}
		{302ED0E9-F8BD-4C85-9C70-BFD19CF89886} = {204FC433-6F39-4B54-8C36-C543791644AA}
		{8EAACDF2-D931-428A-AF05-DBFD400C4FEE} = {204FC433-6F39-4B54-8C36-C543791644AA}
		{24EB648E-3815-4382-B126-98F361E7811F} = {33EC8E00-BFE7-4EB3-A56F-677A5B5D0606}
		{77C35154-3C1E-4914-8A14-7A2F7CE25337} = {33EC8E00-BFE7-4EB3-A56F-677A5B5D0606}
		{0A8C58E3-4E74-44C8-A6DD-3B4171C78A60} = {FB5CFFB1-C39D-4ECC-83F2-6CE10B52C763}
		{10D0CBD5-6AD1-4ECC-B85C-83E1F035C1C4} = {FB5CFFB1-C39D-4ECC-83F2-6CE10B52C763}
		{EFA80962-7AF4-4F3A-8053-36D193FDC43F} = {CE4848AE-5D03-4009-85F7-F22C8E860DBE}
		{08AA4057-9A5D-460F-B21E-2336203B9D9C} = {CE4848AE-5D03-4009-85F7-F22C8E860DBE}
		{438B2405-756B-4043-9792-A4C9D183950F} = {89C3C07B-7C3B-4024-958B-B4B4692D4A4F}
		{42C5CE70-AD89-4C8E-AADE-D93133BC910E} = {89C3C07B-7C3B-4024-958B-B4B4692D4A4F}
		{6A636E1B-9822-4E84-8C42-32CA681C818C} = {1357BDFC-CF94-4A7E-9D98-F859CD3F80A2}
		{BEFE6617-8EAF-41DF-9DF3-EB9F6455760E} = {1357BDFC-CF94-4A7E-9D98-F859CD3F80A2}
		{D1082FEC-52B4-4F5A-9646-9493AD4D07D4} = {8B26BC43-D886-4B39-8961-3DD61F2E4AE6}
		{84D49EFF-27A8-4505-9F62-9BE68A9568AF} = {8B26BC43-D886-4B39-8961-3DD61F2E4AE6}
		{F291D525-2A0B-47F1-8539-5C4FC0253EE8} = {143CCF9B-0A51-4168-B275-7B323B70CAD9}
		{10A10DA3-3FC9-436A-83FE-E7AF69D1775A} = {143CCF9B-0A51-4168-B275-7B323B70CAD9}
		{21F26CD8-B49F-404C-A5E5-8DB44B0E3414} = {5AE4C324-33AB-4A35-981F-D0749042D321}
		{93779F37-571B-4821-BFF3-3B8D61D1093C} = {5AE4C324-33AB-4A35-981F-D0749042D321}
		{774090E9-58DF-4601-9574-1B770D9B2270} = {087573A2-6D9C-43A6-854C-71FFCEE1BCAF}
		{588B1C4D-9178-4B3A-84D4-EE15CE772293} = {087573A2-6D9C-43A6-854C-71FFCEE1BCAF}
		{4985CE5D-5E20-4D8A-BB19-039981D4FBF3} = {57C6602E-7090-41A8-A96F-AD71C7A85A70}
		{5674A9DD-3F44-4731-9B4F-C0DF6687DE17} = {57C6602E-7090-41A8-A96F-AD71C7A85A70}
		{36BF491F-5115-4CA9-838E-6ED11A1D9947} = {C86D16C3-7D73-4F4C-AE59-80F883D0AC8C}
		{94BF9B12-A69F-403D-BD87-EDD4F2592958} = {C86D16C3-7D73-4F4C-AE59-80F883D0AC8C}
		{DBC58C1D-131B-4139-8744-CB662742FB27} = {95756DD7-C5CB-4349-85DF-1A6B781770ED}
		{F156E29A-4EB4-4EFE-9AE1-30E5D3258BE9} = {95756DD7-C5CB-4349-85DF-1A6B781770ED}
		{F094606E-F25F-49DB-B9E3-A82876EACD16} = {FB93E7E8-E07B-41D2-94F3-D35DF36062A0}
		{BB919DFF-ACBB-4B7A-939B-EE44338A1712} = {FB93E7E8-E07B-41D2-94F3-D35DF36062A0}
		{CF3571E9-4813-49B4-9F6E-85BD58CE15BB} = {29599FB4-028B-4C3A-ADD2-6841A4D1FF7F}
		{927E215F-CE66-4B32-BE67-61D73F165B4C} = {29599FB4-028B-4C3A-ADD2-6841A4D1FF7F}
		{2AA491B1-79E7-4307-92C3-EA2B5C6E0D3D} = {0FEFF3A4-820E-46F8-9486-8D71CDEE6CC1}
		{29F6AB9C-B09B-4DDD-A10E-531621504E96} = {0FEFF3A4-820E-46F8-9486-8D71CDEE6CC1}
		{80972519-990B-4FC3-8D22-6B21B2DE96E4} = {5D41D83F-FC8A-40B6-908E-D71225CB9870}
		{01E5E586-D6C5-44ED-BCDE-0699B429441F} = {5D41D83F-FC8A-40B6-908E-D71225CB9870}
		{B5517755-CDEC-42E5-A0E0-2F4AD0743157} = {44A7816E-4BA6-459B-9EAA-9DA396B86D47}
		{0E851E4C-D2FE-4B10-B5D1-88894EF82482} = {44A7816E-4BA6-459B-9EAA-9DA396B86D47}
		{D23B6050-BD0E-4BE0-A90D-A1030F22DEF5} = {487EF9AB-DDAD-4348-B066-2D50C4DAFD11}
		{C1770C38-2078-43A3-9B85-1F5E963B6AC1} = {487EF9AB-DDAD-4348-B066-2D50C4DAFD11}
	EndGlobalSection
	GlobalSection(ExtensibilityGlobals) = postSolution
		SolutionGuid = {13BB9617-54F3-4A07-9797-2094CB9A3B55}
	EndGlobalSection
EndGlobal
