
Microsoft Visual Studio Solution File, Format Version 12.00
# Visual Studio 15
VisualStudioVersion = 15.0.28307.329
MinimumVisualStudioVersion = 10.0.40219.1
Project("{FAE04EC0-301F-11D3-BF4B-00C04F79EFBC}") = "App_NavigationPane_CodeBehind", "App_NavigationPane_CodeBehind\App_NavigationPane_CodeBehind.csproj", "{0918BAD0-D8F2-4AE0-AE8F-4FFF8A125FF5}"
EndProject
Project("{9A19103F-16F7-4668-BE54-9A1E7A4F7556}") = "App_NavigationPane_CodeBehind.Core", "App_NavigationPane_CodeBehind.Core\App_NavigationPane_CodeBehind.Core.csproj", "{D96E6B46-6369-4150-B670-9CD8B6C83714}"
EndProject
Project("{2150E333-8FDC-42A3-9474-1A3956D46DE8}") = "NavigationPane_CodeBehind", "NavigationPane_CodeBehind", "{8CDBBAFC-BE2B-4A23-9CD3-18013571A2C6}"
EndProject
Project("{2150E333-8FDC-42A3-9474-1A3956D46DE8}") = "Blank_CodeBehind", "Blank_CodeBehind", "{B8ED38CD-1E71-4350-88AD-10FCB0EAEA77}"
EndProject
Project("{FAE04EC0-301F-11D3-BF4B-00C04F79EFBC}") = "App_Blank_CodeBehind", "App_Blank_CodeBehind\App_Blank_CodeBehind.csproj", "{FAC80928-28C2-42AF-89B9-BDECDC3AF111}"
EndProject
Project("{9A19103F-16F7-4668-BE54-9A1E7A4F7556}") = "App_Blank_CodeBehind.Core", "App_Blank_CodeBehind.Core\App_Blank_CodeBehind.Core.csproj", "{1761C405-72F3-49F6-A35D-682B13F0EE6F}"
EndProject
Project("{2150E333-8FDC-42A3-9474-1A3956D46DE8}") = "HorizontalNavigationPane_CodeBehind", "HorizontalNavigationPane_CodeBehind", "{A24351DD-2348-49AB-9D79-CD595B351AF5}"
EndProject
Project("{FAE04EC0-301F-11D3-BF4B-00C04F79EFBC}") = "App_HorizontalNavigationPane_CodeBehind", "App_HorizontalNavigationPane_CodeBehind\App_HorizontalNavigationPane_CodeBehind.csproj", "{76572E0A-467E-4948-B454-2ACE3E9E2CD4}"
EndProject
Project("{9A19103F-16F7-4668-BE54-9A1E7A4F7556}") = "App_HorizontalNavigationPane_CodeBehind.Core", "App_HorizontalNavigationPane_CodeBehind.Core\App_HorizontalNavigationPane_CodeBehind.Core.csproj", "{09C67EFD-7FC5-4086-A0CA-1D9922616400}"
EndProject
Project("{2150E333-8FDC-42A3-9474-1A3956D46DE8}") = "NavigationPane_MvvmLight", "NavigationPane_MvvmLight", "{E85E5401-F507-4E12-A6DF-758D895C970C}"
EndProject
Project("{FAE04EC0-301F-11D3-BF4B-00C04F79EFBC}") = "App_NavigationPane_MvvmLight", "App_NavigationPane_MvvmLight\App_NavigationPane_MvvmLight.csproj", "{137323BA-3D51-40CC-9CDA-AB1C2852C347}"
EndProject
Project("{9A19103F-16F7-4668-BE54-9A1E7A4F7556}") = "App_NavigationPane_MvvmLight.Core", "App_NavigationPane_MvvmLight.Core\App_NavigationPane_MvvmLight.Core.csproj", "{255A45AE-91C9-43D1-998C-76AD8E2A2761}"
EndProject
Project("{2150E333-8FDC-42A3-9474-1A3956D46DE8}") = "Blank_MvvmLight", "Blank_MvvmLight", "{2CF19567-3D9E-4567-8E8D-E759C2AABD42}"
EndProject
Project("{FAE04EC0-301F-11D3-BF4B-00C04F79EFBC}") = "App_Blank_MvvmLight", "App_Blank_MvvmLight\App_Blank_MvvmLight.csproj", "{8524F628-3C0B-4AFC-9A77-CA32D80EA412}"
EndProject
Project("{9A19103F-16F7-4668-BE54-9A1E7A4F7556}") = "App_Blank_MvvmLight.Core", "App_Blank_MvvmLight.Core\App_Blank_MvvmLight.Core.csproj", "{40461D3E-EA3E-490A-9D92-46F83F8A70D1}"
EndProject
Project("{2150E333-8FDC-42A3-9474-1A3956D46DE8}") = "HorizontalNavigationPane_MvvmLight", "HorizontalNavigationPane_MvvmLight", "{062EE37D-E093-40C9-B0A2-F76041BE2D8F}"
EndProject
Project("{FAE04EC0-301F-11D3-BF4B-00C04F79EFBC}") = "App_HorizontalNavigationPane_MvvmLight", "App_HorizontalNavigationPane_MvvmLight\App_HorizontalNavigationPane_MvvmLight.csproj", "{70FAF771-B51D-48EF-8B30-E2AEAF4FC6CA}"
EndProject
Project("{9A19103F-16F7-4668-BE54-9A1E7A4F7556}") = "App_HorizontalNavigationPane_MvvmLight.Core", "App_HorizontalNavigationPane_MvvmLight.Core\App_HorizontalNavigationPane_MvvmLight.Core.csproj", "{3AC907D1-FE12-418C-BC9E-AD08EE76AD67}"
EndProject
Project("{2150E333-8FDC-42A3-9474-1A3956D46DE8}") = "NavigationPane_MvvmBasic", "NavigationPane_MvvmBasic", "{4C866840-C608-4759-AF0C-2E5ACD5A15E6}"
EndProject
Project("{FAE04EC0-301F-11D3-BF4B-00C04F79EFBC}") = "App_NavigationPane_MvvmBasic", "App_NavigationPane_MvvmBasic\App_NavigationPane_MvvmBasic.csproj", "{CB28461F-5E4C-4B9B-A203-CBDF26F92B89}"
EndProject
Project("{9A19103F-16F7-4668-BE54-9A1E7A4F7556}") = "App_NavigationPane_MvvmBasic.Core", "App_NavigationPane_MvvmBasic.Core\App_NavigationPane_MvvmBasic.Core.csproj", "{BE07722F-930D-484F-86C9-8327B9359039}"
EndProject
Project("{2150E333-8FDC-42A3-9474-1A3956D46DE8}") = "Blank_MvvmBasic", "Blank_MvvmBasic", "{9F5B2FDA-419C-4FC7-9F5B-DA2E5EE2FE1D}"
EndProject
Project("{FAE04EC0-301F-11D3-BF4B-00C04F79EFBC}") = "App_Blank_MvvmBasic", "App_Blank_MvvmBasic\App_Blank_MvvmBasic.csproj", "{3A37CB25-13BF-4ED1-B3D2-18971CCD8F80}"
EndProject
Project("{9A19103F-16F7-4668-BE54-9A1E7A4F7556}") = "App_Blank_MvvmBasic.Core", "App_Blank_MvvmBasic.Core\App_Blank_MvvmBasic.Core.csproj", "{6CB83543-FD78-439C-A0B5-231291C633AE}"
EndProject
Project("{2150E333-8FDC-42A3-9474-1A3956D46DE8}") = "HorizontalNavigationPane_MvvmBasic", "HorizontalNavigationPane_MvvmBasic", "{86DD7B21-47F1-4199-B21B-E488927FF97B}"
EndProject
Project("{FAE04EC0-301F-11D3-BF4B-00C04F79EFBC}") = "App_HorizontalNavigationPane_MvvmBasic", "App_HorizontalNavigationPane_MvvmBasic\App_HorizontalNavigationPane_MvvmBasic.csproj", "{32273EC9-590E-45E2-8163-BA4192B242A4}"
EndProject
Project("{9A19103F-16F7-4668-BE54-9A1E7A4F7556}") = "App_HorizontalNavigationPane_MvvmBasic.Core", "App_HorizontalNavigationPane_MvvmBasic.Core\App_HorizontalNavigationPane_MvvmBasic.Core.csproj", "{5E7E1CFA-3C13-4CF8-A2B1-9E4FA0DCDF49}"
EndProject
Project("{2150E333-8FDC-42A3-9474-1A3956D46DE8}") = "NavigationPane_CaliburnMicro", "NavigationPane_CaliburnMicro", "{C771735D-D509-4D82-8621-65E8369CB75C}"
EndProject
Project("{FAE04EC0-301F-11D3-BF4B-00C04F79EFBC}") = "App_NavigationPane_CaliburnMicro", "App_NavigationPane_CaliburnMicro\App_NavigationPane_CaliburnMicro.csproj", "{BA906D36-80F7-4F26-B610-7BB113977562}"
EndProject
Project("{9A19103F-16F7-4668-BE54-9A1E7A4F7556}") = "App_NavigationPane_CaliburnMicro.Core", "App_NavigationPane_CaliburnMicro.Core\App_NavigationPane_CaliburnMicro.Core.csproj", "{B2E410E2-F804-44F7-91F6-10D999998FE1}"
EndProject
Project("{2150E333-8FDC-42A3-9474-1A3956D46DE8}") = "Blank_CaliburnMicro", "Blank_CaliburnMicro", "{0C15B430-B799-4538-8825-9F5B5A9DDD4E}"
EndProject
Project("{FAE04EC0-301F-11D3-BF4B-00C04F79EFBC}") = "App_Blank_CaliburnMicro", "App_Blank_CaliburnMicro\App_Blank_CaliburnMicro.csproj", "{40B0BEEC-B012-4047-86E0-0244E36964BE}"
EndProject
Project("{9A19103F-16F7-4668-BE54-9A1E7A4F7556}") = "App_Blank_CaliburnMicro.Core", "App_Blank_CaliburnMicro.Core\App_Blank_CaliburnMicro.Core.csproj", "{AB65AE89-E6DE-479C-8963-C0A1B0D79E4A}"
EndProject
Project("{2150E333-8FDC-42A3-9474-1A3956D46DE8}") = "HorizontalNavigationPane_CaliburnMicro", "HorizontalNavigationPane_CaliburnMicro", "{4F08C88F-D564-4029-A969-8F83ACD2E988}"
EndProject
Project("{FAE04EC0-301F-11D3-BF4B-00C04F79EFBC}") = "App_HorizontalNavigationPane_CaliburnMicro", "App_HorizontalNavigationPane_CaliburnMicro\App_HorizontalNavigationPane_CaliburnMicro.csproj", "{FF2F8CBE-343F-45D7-8255-76C0D88276A7}"
EndProject
Project("{9A19103F-16F7-4668-BE54-9A1E7A4F7556}") = "App_HorizontalNavigationPane_CaliburnMicro.Core", "App_HorizontalNavigationPane_CaliburnMicro.Core\App_HorizontalNavigationPane_CaliburnMicro.Core.csproj", "{72A8C050-F87F-4975-969A-70EA8BACC07D}"
EndProject
Project("{2150E333-8FDC-42A3-9474-1A3956D46DE8}") = "NavigationPane_Prism", "NavigationPane_Prism", "{39F67E81-817C-4486-B854-A2118182E2CB}"
EndProject
Project("{FAE04EC0-301F-11D3-BF4B-00C04F79EFBC}") = "App_NavigationPane_Prism", "App_NavigationPane_Prism\App_NavigationPane_Prism.csproj", "{26A74F88-1911-4F4C-9793-61457A93F992}"
EndProject
Project("{9A19103F-16F7-4668-BE54-9A1E7A4F7556}") = "App_NavigationPane_Prism.Core", "App_NavigationPane_Prism.Core\App_NavigationPane_Prism.Core.csproj", "{D2FA6EC7-009F-400F-B375-5C72DE00D645}"
EndProject
Global
	GlobalSection(SolutionConfigurationPlatforms) = preSolution
		Debug|Any CPU = Debug|Any CPU
		Debug|ARM = Debug|ARM
		Debug|x64 = Debug|x64
		Debug|x86 = Debug|x86
		Release|Any CPU = Release|Any CPU
		Release|ARM = Release|ARM
		Release|x64 = Release|x64
		Release|x86 = Release|x86
	EndGlobalSection
	GlobalSection(ProjectConfigurationPlatforms) = postSolution
		{0918BAD0-D8F2-4AE0-AE8F-4FFF8A125FF5}.Debug|Any CPU.ActiveCfg = Debug|x86
		{0918BAD0-D8F2-4AE0-AE8F-4FFF8A125FF5}.Debug|ARM.ActiveCfg = Debug|ARM
		{0918BAD0-D8F2-4AE0-AE8F-4FFF8A125FF5}.Debug|ARM.Build.0 = Debug|ARM
		{0918BAD0-D8F2-4AE0-AE8F-4FFF8A125FF5}.Debug|ARM.Deploy.0 = Debug|ARM
		{0918BAD0-D8F2-4AE0-AE8F-4FFF8A125FF5}.Debug|x64.ActiveCfg = Debug|x64
		{0918BAD0-D8F2-4AE0-AE8F-4FFF8A125FF5}.Debug|x64.Build.0 = Debug|x64
		{0918BAD0-D8F2-4AE0-AE8F-4FFF8A125FF5}.Debug|x64.Deploy.0 = Debug|x64
		{0918BAD0-D8F2-4AE0-AE8F-4FFF8A125FF5}.Debug|x86.ActiveCfg = Debug|x86
		{0918BAD0-D8F2-4AE0-AE8F-4FFF8A125FF5}.Debug|x86.Build.0 = Debug|x86
		{0918BAD0-D8F2-4AE0-AE8F-4FFF8A125FF5}.Debug|x86.Deploy.0 = Debug|x86
		{0918BAD0-D8F2-4AE0-AE8F-4FFF8A125FF5}.Release|Any CPU.ActiveCfg = Release|x86
		{0918BAD0-D8F2-4AE0-AE8F-4FFF8A125FF5}.Release|ARM.ActiveCfg = Release|ARM
		{0918BAD0-D8F2-4AE0-AE8F-4FFF8A125FF5}.Release|ARM.Build.0 = Release|ARM
		{0918BAD0-D8F2-4AE0-AE8F-4FFF8A125FF5}.Release|ARM.Deploy.0 = Release|ARM
		{0918BAD0-D8F2-4AE0-AE8F-4FFF8A125FF5}.Release|x64.ActiveCfg = Release|x64
		{0918BAD0-D8F2-4AE0-AE8F-4FFF8A125FF5}.Release|x64.Build.0 = Release|x64
		{0918BAD0-D8F2-4AE0-AE8F-4FFF8A125FF5}.Release|x64.Deploy.0 = Release|x64
		{0918BAD0-D8F2-4AE0-AE8F-4FFF8A125FF5}.Release|x86.ActiveCfg = Release|x86
		{0918BAD0-D8F2-4AE0-AE8F-4FFF8A125FF5}.Release|x86.Build.0 = Release|x86
		{0918BAD0-D8F2-4AE0-AE8F-4FFF8A125FF5}.Release|x86.Deploy.0 = Release|x86
		{D96E6B46-6369-4150-B670-9CD8B6C83714}.Debug|Any CPU.ActiveCfg = Debug|Any CPU
		{D96E6B46-6369-4150-B670-9CD8B6C83714}.Debug|Any CPU.Build.0 = Debug|Any CPU
		{D96E6B46-6369-4150-B670-9CD8B6C83714}.Debug|ARM.ActiveCfg = Debug|Any CPU
		{D96E6B46-6369-4150-B670-9CD8B6C83714}.Debug|ARM.Build.0 = Debug|Any CPU
		{D96E6B46-6369-4150-B670-9CD8B6C83714}.Debug|x64.ActiveCfg = Debug|Any CPU
		{D96E6B46-6369-4150-B670-9CD8B6C83714}.Debug|x64.Build.0 = Debug|Any CPU
		{D96E6B46-6369-4150-B670-9CD8B6C83714}.Debug|x86.ActiveCfg = Debug|Any CPU
		{D96E6B46-6369-4150-B670-9CD8B6C83714}.Debug|x86.Build.0 = Debug|Any CPU
		{D96E6B46-6369-4150-B670-9CD8B6C83714}.Release|Any CPU.ActiveCfg = Release|Any CPU
		{D96E6B46-6369-4150-B670-9CD8B6C83714}.Release|Any CPU.Build.0 = Release|Any CPU
		{D96E6B46-6369-4150-B670-9CD8B6C83714}.Release|ARM.ActiveCfg = Release|Any CPU
		{D96E6B46-6369-4150-B670-9CD8B6C83714}.Release|ARM.Build.0 = Release|Any CPU
		{D96E6B46-6369-4150-B670-9CD8B6C83714}.Release|x64.ActiveCfg = Release|Any CPU
		{D96E6B46-6369-4150-B670-9CD8B6C83714}.Release|x64.Build.0 = Release|Any CPU
		{D96E6B46-6369-4150-B670-9CD8B6C83714}.Release|x86.ActiveCfg = Release|Any CPU
		{D96E6B46-6369-4150-B670-9CD8B6C83714}.Release|x86.Build.0 = Release|Any CPU
		{FAC80928-28C2-42AF-89B9-BDECDC3AF111}.Debug|Any CPU.ActiveCfg = Debug|x86
		{FAC80928-28C2-42AF-89B9-BDECDC3AF111}.Debug|ARM.ActiveCfg = Debug|ARM
		{FAC80928-28C2-42AF-89B9-BDECDC3AF111}.Debug|ARM.Build.0 = Debug|ARM
		{FAC80928-28C2-42AF-89B9-BDECDC3AF111}.Debug|ARM.Deploy.0 = Debug|ARM
		{FAC80928-28C2-42AF-89B9-BDECDC3AF111}.Debug|x64.ActiveCfg = Debug|x64
		{FAC80928-28C2-42AF-89B9-BDECDC3AF111}.Debug|x64.Build.0 = Debug|x64
		{FAC80928-28C2-42AF-89B9-BDECDC3AF111}.Debug|x64.Deploy.0 = Debug|x64
		{FAC80928-28C2-42AF-89B9-BDECDC3AF111}.Debug|x86.ActiveCfg = Debug|x86
		{FAC80928-28C2-42AF-89B9-BDECDC3AF111}.Debug|x86.Build.0 = Debug|x86
		{FAC80928-28C2-42AF-89B9-BDECDC3AF111}.Debug|x86.Deploy.0 = Debug|x86
		{FAC80928-28C2-42AF-89B9-BDECDC3AF111}.Release|Any CPU.ActiveCfg = Release|x86
		{FAC80928-28C2-42AF-89B9-BDECDC3AF111}.Release|ARM.ActiveCfg = Release|ARM
		{FAC80928-28C2-42AF-89B9-BDECDC3AF111}.Release|ARM.Build.0 = Release|ARM
		{FAC80928-28C2-42AF-89B9-BDECDC3AF111}.Release|ARM.Deploy.0 = Release|ARM
		{FAC80928-28C2-42AF-89B9-BDECDC3AF111}.Release|x64.ActiveCfg = Release|x64
		{FAC80928-28C2-42AF-89B9-BDECDC3AF111}.Release|x64.Build.0 = Release|x64
		{FAC80928-28C2-42AF-89B9-BDECDC3AF111}.Release|x64.Deploy.0 = Release|x64
		{FAC80928-28C2-42AF-89B9-BDECDC3AF111}.Release|x86.ActiveCfg = Release|x86
		{FAC80928-28C2-42AF-89B9-BDECDC3AF111}.Release|x86.Build.0 = Release|x86
		{FAC80928-28C2-42AF-89B9-BDECDC3AF111}.Release|x86.Deploy.0 = Release|x86
		{1761C405-72F3-49F6-A35D-682B13F0EE6F}.Debug|Any CPU.ActiveCfg = Debug|Any CPU
		{1761C405-72F3-49F6-A35D-682B13F0EE6F}.Debug|Any CPU.Build.0 = Debug|Any CPU
		{1761C405-72F3-49F6-A35D-682B13F0EE6F}.Debug|ARM.ActiveCfg = Debug|Any CPU
		{1761C405-72F3-49F6-A35D-682B13F0EE6F}.Debug|ARM.Build.0 = Debug|Any CPU
		{1761C405-72F3-49F6-A35D-682B13F0EE6F}.Debug|x64.ActiveCfg = Debug|Any CPU
		{1761C405-72F3-49F6-A35D-682B13F0EE6F}.Debug|x64.Build.0 = Debug|Any CPU
		{1761C405-72F3-49F6-A35D-682B13F0EE6F}.Debug|x86.ActiveCfg = Debug|Any CPU
		{1761C405-72F3-49F6-A35D-682B13F0EE6F}.Debug|x86.Build.0 = Debug|Any CPU
		{1761C405-72F3-49F6-A35D-682B13F0EE6F}.Release|Any CPU.ActiveCfg = Release|Any CPU
		{1761C405-72F3-49F6-A35D-682B13F0EE6F}.Release|Any CPU.Build.0 = Release|Any CPU
		{1761C405-72F3-49F6-A35D-682B13F0EE6F}.Release|ARM.ActiveCfg = Release|Any CPU
		{1761C405-72F3-49F6-A35D-682B13F0EE6F}.Release|ARM.Build.0 = Release|Any CPU
		{1761C405-72F3-49F6-A35D-682B13F0EE6F}.Release|x64.ActiveCfg = Release|Any CPU
		{1761C405-72F3-49F6-A35D-682B13F0EE6F}.Release|x64.Build.0 = Release|Any CPU
		{1761C405-72F3-49F6-A35D-682B13F0EE6F}.Release|x86.ActiveCfg = Release|Any CPU
		{1761C405-72F3-49F6-A35D-682B13F0EE6F}.Release|x86.Build.0 = Release|Any CPU
		{76572E0A-467E-4948-B454-2ACE3E9E2CD4}.Debug|Any CPU.ActiveCfg = Debug|x86
		{76572E0A-467E-4948-B454-2ACE3E9E2CD4}.Debug|ARM.ActiveCfg = Debug|ARM
		{76572E0A-467E-4948-B454-2ACE3E9E2CD4}.Debug|ARM.Build.0 = Debug|ARM
		{76572E0A-467E-4948-B454-2ACE3E9E2CD4}.Debug|ARM.Deploy.0 = Debug|ARM
		{76572E0A-467E-4948-B454-2ACE3E9E2CD4}.Debug|x64.ActiveCfg = Debug|x64
		{76572E0A-467E-4948-B454-2ACE3E9E2CD4}.Debug|x64.Build.0 = Debug|x64
		{76572E0A-467E-4948-B454-2ACE3E9E2CD4}.Debug|x64.Deploy.0 = Debug|x64
		{76572E0A-467E-4948-B454-2ACE3E9E2CD4}.Debug|x86.ActiveCfg = Debug|x86
		{76572E0A-467E-4948-B454-2ACE3E9E2CD4}.Debug|x86.Build.0 = Debug|x86
		{76572E0A-467E-4948-B454-2ACE3E9E2CD4}.Debug|x86.Deploy.0 = Debug|x86
		{76572E0A-467E-4948-B454-2ACE3E9E2CD4}.Release|Any CPU.ActiveCfg = Release|x86
		{76572E0A-467E-4948-B454-2ACE3E9E2CD4}.Release|ARM.ActiveCfg = Release|ARM
		{76572E0A-467E-4948-B454-2ACE3E9E2CD4}.Release|ARM.Build.0 = Release|ARM
		{76572E0A-467E-4948-B454-2ACE3E9E2CD4}.Release|ARM.Deploy.0 = Release|ARM
		{76572E0A-467E-4948-B454-2ACE3E9E2CD4}.Release|x64.ActiveCfg = Release|x64
		{76572E0A-467E-4948-B454-2ACE3E9E2CD4}.Release|x64.Build.0 = Release|x64
		{76572E0A-467E-4948-B454-2ACE3E9E2CD4}.Release|x64.Deploy.0 = Release|x64
		{76572E0A-467E-4948-B454-2ACE3E9E2CD4}.Release|x86.ActiveCfg = Release|x86
		{76572E0A-467E-4948-B454-2ACE3E9E2CD4}.Release|x86.Build.0 = Release|x86
		{76572E0A-467E-4948-B454-2ACE3E9E2CD4}.Release|x86.Deploy.0 = Release|x86
		{09C67EFD-7FC5-4086-A0CA-1D9922616400}.Debug|Any CPU.ActiveCfg = Debug|Any CPU
		{09C67EFD-7FC5-4086-A0CA-1D9922616400}.Debug|Any CPU.Build.0 = Debug|Any CPU
		{09C67EFD-7FC5-4086-A0CA-1D9922616400}.Debug|ARM.ActiveCfg = Debug|Any CPU
		{09C67EFD-7FC5-4086-A0CA-1D9922616400}.Debug|ARM.Build.0 = Debug|Any CPU
		{09C67EFD-7FC5-4086-A0CA-1D9922616400}.Debug|x64.ActiveCfg = Debug|Any CPU
		{09C67EFD-7FC5-4086-A0CA-1D9922616400}.Debug|x64.Build.0 = Debug|Any CPU
		{09C67EFD-7FC5-4086-A0CA-1D9922616400}.Debug|x86.ActiveCfg = Debug|Any CPU
		{09C67EFD-7FC5-4086-A0CA-1D9922616400}.Debug|x86.Build.0 = Debug|Any CPU
		{09C67EFD-7FC5-4086-A0CA-1D9922616400}.Release|Any CPU.ActiveCfg = Release|Any CPU
		{09C67EFD-7FC5-4086-A0CA-1D9922616400}.Release|Any CPU.Build.0 = Release|Any CPU
		{09C67EFD-7FC5-4086-A0CA-1D9922616400}.Release|ARM.ActiveCfg = Release|Any CPU
		{09C67EFD-7FC5-4086-A0CA-1D9922616400}.Release|ARM.Build.0 = Release|Any CPU
		{09C67EFD-7FC5-4086-A0CA-1D9922616400}.Release|x64.ActiveCfg = Release|Any CPU
		{09C67EFD-7FC5-4086-A0CA-1D9922616400}.Release|x64.Build.0 = Release|Any CPU
		{09C67EFD-7FC5-4086-A0CA-1D9922616400}.Release|x86.ActiveCfg = Release|Any CPU
		{09C67EFD-7FC5-4086-A0CA-1D9922616400}.Release|x86.Build.0 = Release|Any CPU
		{137323BA-3D51-40CC-9CDA-AB1C2852C347}.Debug|Any CPU.ActiveCfg = Debug|x86
		{137323BA-3D51-40CC-9CDA-AB1C2852C347}.Debug|ARM.ActiveCfg = Debug|ARM
		{137323BA-3D51-40CC-9CDA-AB1C2852C347}.Debug|ARM.Build.0 = Debug|ARM
		{137323BA-3D51-40CC-9CDA-AB1C2852C347}.Debug|ARM.Deploy.0 = Debug|ARM
		{137323BA-3D51-40CC-9CDA-AB1C2852C347}.Debug|x64.ActiveCfg = Debug|x64
		{137323BA-3D51-40CC-9CDA-AB1C2852C347}.Debug|x64.Build.0 = Debug|x64
		{137323BA-3D51-40CC-9CDA-AB1C2852C347}.Debug|x64.Deploy.0 = Debug|x64
		{137323BA-3D51-40CC-9CDA-AB1C2852C347}.Debug|x86.ActiveCfg = Debug|x86
		{137323BA-3D51-40CC-9CDA-AB1C2852C347}.Debug|x86.Build.0 = Debug|x86
		{137323BA-3D51-40CC-9CDA-AB1C2852C347}.Debug|x86.Deploy.0 = Debug|x86
		{137323BA-3D51-40CC-9CDA-AB1C2852C347}.Release|Any CPU.ActiveCfg = Release|x86
		{137323BA-3D51-40CC-9CDA-AB1C2852C347}.Release|ARM.ActiveCfg = Release|ARM
		{137323BA-3D51-40CC-9CDA-AB1C2852C347}.Release|ARM.Build.0 = Release|ARM
		{137323BA-3D51-40CC-9CDA-AB1C2852C347}.Release|ARM.Deploy.0 = Release|ARM
		{137323BA-3D51-40CC-9CDA-AB1C2852C347}.Release|x64.ActiveCfg = Release|x64
		{137323BA-3D51-40CC-9CDA-AB1C2852C347}.Release|x64.Build.0 = Release|x64
		{137323BA-3D51-40CC-9CDA-AB1C2852C347}.Release|x64.Deploy.0 = Release|x64
		{137323BA-3D51-40CC-9CDA-AB1C2852C347}.Release|x86.ActiveCfg = Release|x86
		{137323BA-3D51-40CC-9CDA-AB1C2852C347}.Release|x86.Build.0 = Release|x86
		{137323BA-3D51-40CC-9CDA-AB1C2852C347}.Release|x86.Deploy.0 = Release|x86
		{255A45AE-91C9-43D1-998C-76AD8E2A2761}.Debug|Any CPU.ActiveCfg = Debug|Any CPU
		{255A45AE-91C9-43D1-998C-76AD8E2A2761}.Debug|Any CPU.Build.0 = Debug|Any CPU
		{255A45AE-91C9-43D1-998C-76AD8E2A2761}.Debug|ARM.ActiveCfg = Debug|Any CPU
		{255A45AE-91C9-43D1-998C-76AD8E2A2761}.Debug|ARM.Build.0 = Debug|Any CPU
		{255A45AE-91C9-43D1-998C-76AD8E2A2761}.Debug|x64.ActiveCfg = Debug|Any CPU
		{255A45AE-91C9-43D1-998C-76AD8E2A2761}.Debug|x64.Build.0 = Debug|Any CPU
		{255A45AE-91C9-43D1-998C-76AD8E2A2761}.Debug|x86.ActiveCfg = Debug|Any CPU
		{255A45AE-91C9-43D1-998C-76AD8E2A2761}.Debug|x86.Build.0 = Debug|Any CPU
		{255A45AE-91C9-43D1-998C-76AD8E2A2761}.Release|Any CPU.ActiveCfg = Release|Any CPU
		{255A45AE-91C9-43D1-998C-76AD8E2A2761}.Release|Any CPU.Build.0 = Release|Any CPU
		{255A45AE-91C9-43D1-998C-76AD8E2A2761}.Release|ARM.ActiveCfg = Release|Any CPU
		{255A45AE-91C9-43D1-998C-76AD8E2A2761}.Release|ARM.Build.0 = Release|Any CPU
		{255A45AE-91C9-43D1-998C-76AD8E2A2761}.Release|x64.ActiveCfg = Release|Any CPU
		{255A45AE-91C9-43D1-998C-76AD8E2A2761}.Release|x64.Build.0 = Release|Any CPU
		{255A45AE-91C9-43D1-998C-76AD8E2A2761}.Release|x86.ActiveCfg = Release|Any CPU
		{255A45AE-91C9-43D1-998C-76AD8E2A2761}.Release|x86.Build.0 = Release|Any CPU
		{8524F628-3C0B-4AFC-9A77-CA32D80EA412}.Debug|Any CPU.ActiveCfg = Debug|x86
		{8524F628-3C0B-4AFC-9A77-CA32D80EA412}.Debug|ARM.ActiveCfg = Debug|ARM
		{8524F628-3C0B-4AFC-9A77-CA32D80EA412}.Debug|ARM.Build.0 = Debug|ARM
		{8524F628-3C0B-4AFC-9A77-CA32D80EA412}.Debug|ARM.Deploy.0 = Debug|ARM
		{8524F628-3C0B-4AFC-9A77-CA32D80EA412}.Debug|x64.ActiveCfg = Debug|x64
		{8524F628-3C0B-4AFC-9A77-CA32D80EA412}.Debug|x64.Build.0 = Debug|x64
		{8524F628-3C0B-4AFC-9A77-CA32D80EA412}.Debug|x64.Deploy.0 = Debug|x64
		{8524F628-3C0B-4AFC-9A77-CA32D80EA412}.Debug|x86.ActiveCfg = Debug|x86
		{8524F628-3C0B-4AFC-9A77-CA32D80EA412}.Debug|x86.Build.0 = Debug|x86
		{8524F628-3C0B-4AFC-9A77-CA32D80EA412}.Debug|x86.Deploy.0 = Debug|x86
		{8524F628-3C0B-4AFC-9A77-CA32D80EA412}.Release|Any CPU.ActiveCfg = Release|x86
		{8524F628-3C0B-4AFC-9A77-CA32D80EA412}.Release|ARM.ActiveCfg = Release|ARM
		{8524F628-3C0B-4AFC-9A77-CA32D80EA412}.Release|ARM.Build.0 = Release|ARM
		{8524F628-3C0B-4AFC-9A77-CA32D80EA412}.Release|ARM.Deploy.0 = Release|ARM
		{8524F628-3C0B-4AFC-9A77-CA32D80EA412}.Release|x64.ActiveCfg = Release|x64
		{8524F628-3C0B-4AFC-9A77-CA32D80EA412}.Release|x64.Build.0 = Release|x64
		{8524F628-3C0B-4AFC-9A77-CA32D80EA412}.Release|x64.Deploy.0 = Release|x64
		{8524F628-3C0B-4AFC-9A77-CA32D80EA412}.Release|x86.ActiveCfg = Release|x86
		{8524F628-3C0B-4AFC-9A77-CA32D80EA412}.Release|x86.Build.0 = Release|x86
		{8524F628-3C0B-4AFC-9A77-CA32D80EA412}.Release|x86.Deploy.0 = Release|x86
		{40461D3E-EA3E-490A-9D92-46F83F8A70D1}.Debug|Any CPU.ActiveCfg = Debug|Any CPU
		{40461D3E-EA3E-490A-9D92-46F83F8A70D1}.Debug|Any CPU.Build.0 = Debug|Any CPU
		{40461D3E-EA3E-490A-9D92-46F83F8A70D1}.Debug|ARM.ActiveCfg = Debug|Any CPU
		{40461D3E-EA3E-490A-9D92-46F83F8A70D1}.Debug|ARM.Build.0 = Debug|Any CPU
		{40461D3E-EA3E-490A-9D92-46F83F8A70D1}.Debug|x64.ActiveCfg = Debug|Any CPU
		{40461D3E-EA3E-490A-9D92-46F83F8A70D1}.Debug|x64.Build.0 = Debug|Any CPU
		{40461D3E-EA3E-490A-9D92-46F83F8A70D1}.Debug|x86.ActiveCfg = Debug|Any CPU
		{40461D3E-EA3E-490A-9D92-46F83F8A70D1}.Debug|x86.Build.0 = Debug|Any CPU
		{40461D3E-EA3E-490A-9D92-46F83F8A70D1}.Release|Any CPU.ActiveCfg = Release|Any CPU
		{40461D3E-EA3E-490A-9D92-46F83F8A70D1}.Release|Any CPU.Build.0 = Release|Any CPU
		{40461D3E-EA3E-490A-9D92-46F83F8A70D1}.Release|ARM.ActiveCfg = Release|Any CPU
		{40461D3E-EA3E-490A-9D92-46F83F8A70D1}.Release|ARM.Build.0 = Release|Any CPU
		{40461D3E-EA3E-490A-9D92-46F83F8A70D1}.Release|x64.ActiveCfg = Release|Any CPU
		{40461D3E-EA3E-490A-9D92-46F83F8A70D1}.Release|x64.Build.0 = Release|Any CPU
		{40461D3E-EA3E-490A-9D92-46F83F8A70D1}.Release|x86.ActiveCfg = Release|Any CPU
		{40461D3E-EA3E-490A-9D92-46F83F8A70D1}.Release|x86.Build.0 = Release|Any CPU
		{70FAF771-B51D-48EF-8B30-E2AEAF4FC6CA}.Debug|Any CPU.ActiveCfg = Debug|x86
		{70FAF771-B51D-48EF-8B30-E2AEAF4FC6CA}.Debug|ARM.ActiveCfg = Debug|ARM
		{70FAF771-B51D-48EF-8B30-E2AEAF4FC6CA}.Debug|ARM.Build.0 = Debug|ARM
		{70FAF771-B51D-48EF-8B30-E2AEAF4FC6CA}.Debug|ARM.Deploy.0 = Debug|ARM
		{70FAF771-B51D-48EF-8B30-E2AEAF4FC6CA}.Debug|x64.ActiveCfg = Debug|x64
		{70FAF771-B51D-48EF-8B30-E2AEAF4FC6CA}.Debug|x64.Build.0 = Debug|x64
		{70FAF771-B51D-48EF-8B30-E2AEAF4FC6CA}.Debug|x64.Deploy.0 = Debug|x64
		{70FAF771-B51D-48EF-8B30-E2AEAF4FC6CA}.Debug|x86.ActiveCfg = Debug|x86
		{70FAF771-B51D-48EF-8B30-E2AEAF4FC6CA}.Debug|x86.Build.0 = Debug|x86
		{70FAF771-B51D-48EF-8B30-E2AEAF4FC6CA}.Debug|x86.Deploy.0 = Debug|x86
		{70FAF771-B51D-48EF-8B30-E2AEAF4FC6CA}.Release|Any CPU.ActiveCfg = Release|x86
		{70FAF771-B51D-48EF-8B30-E2AEAF4FC6CA}.Release|ARM.ActiveCfg = Release|ARM
		{70FAF771-B51D-48EF-8B30-E2AEAF4FC6CA}.Release|ARM.Build.0 = Release|ARM
		{70FAF771-B51D-48EF-8B30-E2AEAF4FC6CA}.Release|ARM.Deploy.0 = Release|ARM
		{70FAF771-B51D-48EF-8B30-E2AEAF4FC6CA}.Release|x64.ActiveCfg = Release|x64
		{70FAF771-B51D-48EF-8B30-E2AEAF4FC6CA}.Release|x64.Build.0 = Release|x64
		{70FAF771-B51D-48EF-8B30-E2AEAF4FC6CA}.Release|x64.Deploy.0 = Release|x64
		{70FAF771-B51D-48EF-8B30-E2AEAF4FC6CA}.Release|x86.ActiveCfg = Release|x86
		{70FAF771-B51D-48EF-8B30-E2AEAF4FC6CA}.Release|x86.Build.0 = Release|x86
		{70FAF771-B51D-48EF-8B30-E2AEAF4FC6CA}.Release|x86.Deploy.0 = Release|x86
		{3AC907D1-FE12-418C-BC9E-AD08EE76AD67}.Debug|Any CPU.ActiveCfg = Debug|Any CPU
		{3AC907D1-FE12-418C-BC9E-AD08EE76AD67}.Debug|Any CPU.Build.0 = Debug|Any CPU
		{3AC907D1-FE12-418C-BC9E-AD08EE76AD67}.Debug|ARM.ActiveCfg = Debug|Any CPU
		{3AC907D1-FE12-418C-BC9E-AD08EE76AD67}.Debug|ARM.Build.0 = Debug|Any CPU
		{3AC907D1-FE12-418C-BC9E-AD08EE76AD67}.Debug|x64.ActiveCfg = Debug|Any CPU
		{3AC907D1-FE12-418C-BC9E-AD08EE76AD67}.Debug|x64.Build.0 = Debug|Any CPU
		{3AC907D1-FE12-418C-BC9E-AD08EE76AD67}.Debug|x86.ActiveCfg = Debug|Any CPU
		{3AC907D1-FE12-418C-BC9E-AD08EE76AD67}.Debug|x86.Build.0 = Debug|Any CPU
		{3AC907D1-FE12-418C-BC9E-AD08EE76AD67}.Release|Any CPU.ActiveCfg = Release|Any CPU
		{3AC907D1-FE12-418C-BC9E-AD08EE76AD67}.Release|Any CPU.Build.0 = Release|Any CPU
		{3AC907D1-FE12-418C-BC9E-AD08EE76AD67}.Release|ARM.ActiveCfg = Release|Any CPU
		{3AC907D1-FE12-418C-BC9E-AD08EE76AD67}.Release|ARM.Build.0 = Release|Any CPU
		{3AC907D1-FE12-418C-BC9E-AD08EE76AD67}.Release|x64.ActiveCfg = Release|Any CPU
		{3AC907D1-FE12-418C-BC9E-AD08EE76AD67}.Release|x64.Build.0 = Release|Any CPU
		{3AC907D1-FE12-418C-BC9E-AD08EE76AD67}.Release|x86.ActiveCfg = Release|Any CPU
		{3AC907D1-FE12-418C-BC9E-AD08EE76AD67}.Release|x86.Build.0 = Release|Any CPU
		{CB28461F-5E4C-4B9B-A203-CBDF26F92B89}.Debug|Any CPU.ActiveCfg = Debug|x86
		{CB28461F-5E4C-4B9B-A203-CBDF26F92B89}.Debug|ARM.ActiveCfg = Debug|ARM
		{CB28461F-5E4C-4B9B-A203-CBDF26F92B89}.Debug|ARM.Build.0 = Debug|ARM
		{CB28461F-5E4C-4B9B-A203-CBDF26F92B89}.Debug|ARM.Deploy.0 = Debug|ARM
		{CB28461F-5E4C-4B9B-A203-CBDF26F92B89}.Debug|x64.ActiveCfg = Debug|x64
		{CB28461F-5E4C-4B9B-A203-CBDF26F92B89}.Debug|x64.Build.0 = Debug|x64
		{CB28461F-5E4C-4B9B-A203-CBDF26F92B89}.Debug|x64.Deploy.0 = Debug|x64
		{CB28461F-5E4C-4B9B-A203-CBDF26F92B89}.Debug|x86.ActiveCfg = Debug|x86
		{CB28461F-5E4C-4B9B-A203-CBDF26F92B89}.Debug|x86.Build.0 = Debug|x86
		{CB28461F-5E4C-4B9B-A203-CBDF26F92B89}.Debug|x86.Deploy.0 = Debug|x86
		{CB28461F-5E4C-4B9B-A203-CBDF26F92B89}.Release|Any CPU.ActiveCfg = Release|x86
		{CB28461F-5E4C-4B9B-A203-CBDF26F92B89}.Release|ARM.ActiveCfg = Release|ARM
		{CB28461F-5E4C-4B9B-A203-CBDF26F92B89}.Release|ARM.Build.0 = Release|ARM
		{CB28461F-5E4C-4B9B-A203-CBDF26F92B89}.Release|ARM.Deploy.0 = Release|ARM
		{CB28461F-5E4C-4B9B-A203-CBDF26F92B89}.Release|x64.ActiveCfg = Release|x64
		{CB28461F-5E4C-4B9B-A203-CBDF26F92B89}.Release|x64.Build.0 = Release|x64
		{CB28461F-5E4C-4B9B-A203-CBDF26F92B89}.Release|x64.Deploy.0 = Release|x64
		{CB28461F-5E4C-4B9B-A203-CBDF26F92B89}.Release|x86.ActiveCfg = Release|x86
		{CB28461F-5E4C-4B9B-A203-CBDF26F92B89}.Release|x86.Build.0 = Release|x86
		{CB28461F-5E4C-4B9B-A203-CBDF26F92B89}.Release|x86.Deploy.0 = Release|x86
		{BE07722F-930D-484F-86C9-8327B9359039}.Debug|Any CPU.ActiveCfg = Debug|Any CPU
		{BE07722F-930D-484F-86C9-8327B9359039}.Debug|Any CPU.Build.0 = Debug|Any CPU
		{BE07722F-930D-484F-86C9-8327B9359039}.Debug|ARM.ActiveCfg = Debug|Any CPU
		{BE07722F-930D-484F-86C9-8327B9359039}.Debug|ARM.Build.0 = Debug|Any CPU
		{BE07722F-930D-484F-86C9-8327B9359039}.Debug|x64.ActiveCfg = Debug|Any CPU
		{BE07722F-930D-484F-86C9-8327B9359039}.Debug|x64.Build.0 = Debug|Any CPU
		{BE07722F-930D-484F-86C9-8327B9359039}.Debug|x86.ActiveCfg = Debug|Any CPU
		{BE07722F-930D-484F-86C9-8327B9359039}.Debug|x86.Build.0 = Debug|Any CPU
		{BE07722F-930D-484F-86C9-8327B9359039}.Release|Any CPU.ActiveCfg = Release|Any CPU
		{BE07722F-930D-484F-86C9-8327B9359039}.Release|Any CPU.Build.0 = Release|Any CPU
		{BE07722F-930D-484F-86C9-8327B9359039}.Release|ARM.ActiveCfg = Release|Any CPU
		{BE07722F-930D-484F-86C9-8327B9359039}.Release|ARM.Build.0 = Release|Any CPU
		{BE07722F-930D-484F-86C9-8327B9359039}.Release|x64.ActiveCfg = Release|Any CPU
		{BE07722F-930D-484F-86C9-8327B9359039}.Release|x64.Build.0 = Release|Any CPU
		{BE07722F-930D-484F-86C9-8327B9359039}.Release|x86.ActiveCfg = Release|Any CPU
		{BE07722F-930D-484F-86C9-8327B9359039}.Release|x86.Build.0 = Release|Any CPU
		{3A37CB25-13BF-4ED1-B3D2-18971CCD8F80}.Debug|Any CPU.ActiveCfg = Debug|x86
		{3A37CB25-13BF-4ED1-B3D2-18971CCD8F80}.Debug|ARM.ActiveCfg = Debug|ARM
		{3A37CB25-13BF-4ED1-B3D2-18971CCD8F80}.Debug|ARM.Build.0 = Debug|ARM
		{3A37CB25-13BF-4ED1-B3D2-18971CCD8F80}.Debug|ARM.Deploy.0 = Debug|ARM
		{3A37CB25-13BF-4ED1-B3D2-18971CCD8F80}.Debug|x64.ActiveCfg = Debug|x64
		{3A37CB25-13BF-4ED1-B3D2-18971CCD8F80}.Debug|x64.Build.0 = Debug|x64
		{3A37CB25-13BF-4ED1-B3D2-18971CCD8F80}.Debug|x64.Deploy.0 = Debug|x64
		{3A37CB25-13BF-4ED1-B3D2-18971CCD8F80}.Debug|x86.ActiveCfg = Debug|x86
		{3A37CB25-13BF-4ED1-B3D2-18971CCD8F80}.Debug|x86.Build.0 = Debug|x86
		{3A37CB25-13BF-4ED1-B3D2-18971CCD8F80}.Debug|x86.Deploy.0 = Debug|x86
		{3A37CB25-13BF-4ED1-B3D2-18971CCD8F80}.Release|Any CPU.ActiveCfg = Release|x86
		{3A37CB25-13BF-4ED1-B3D2-18971CCD8F80}.Release|ARM.ActiveCfg = Release|ARM
		{3A37CB25-13BF-4ED1-B3D2-18971CCD8F80}.Release|ARM.Build.0 = Release|ARM
		{3A37CB25-13BF-4ED1-B3D2-18971CCD8F80}.Release|ARM.Deploy.0 = Release|ARM
		{3A37CB25-13BF-4ED1-B3D2-18971CCD8F80}.Release|x64.ActiveCfg = Release|x64
		{3A37CB25-13BF-4ED1-B3D2-18971CCD8F80}.Release|x64.Build.0 = Release|x64
		{3A37CB25-13BF-4ED1-B3D2-18971CCD8F80}.Release|x64.Deploy.0 = Release|x64
		{3A37CB25-13BF-4ED1-B3D2-18971CCD8F80}.Release|x86.ActiveCfg = Release|x86
		{3A37CB25-13BF-4ED1-B3D2-18971CCD8F80}.Release|x86.Build.0 = Release|x86
		{3A37CB25-13BF-4ED1-B3D2-18971CCD8F80}.Release|x86.Deploy.0 = Release|x86
		{6CB83543-FD78-439C-A0B5-231291C633AE}.Debug|Any CPU.ActiveCfg = Debug|Any CPU
		{6CB83543-FD78-439C-A0B5-231291C633AE}.Debug|Any CPU.Build.0 = Debug|Any CPU
		{6CB83543-FD78-439C-A0B5-231291C633AE}.Debug|ARM.ActiveCfg = Debug|Any CPU
		{6CB83543-FD78-439C-A0B5-231291C633AE}.Debug|ARM.Build.0 = Debug|Any CPU
		{6CB83543-FD78-439C-A0B5-231291C633AE}.Debug|x64.ActiveCfg = Debug|Any CPU
		{6CB83543-FD78-439C-A0B5-231291C633AE}.Debug|x64.Build.0 = Debug|Any CPU
		{6CB83543-FD78-439C-A0B5-231291C633AE}.Debug|x86.ActiveCfg = Debug|Any CPU
		{6CB83543-FD78-439C-A0B5-231291C633AE}.Debug|x86.Build.0 = Debug|Any CPU
		{6CB83543-FD78-439C-A0B5-231291C633AE}.Release|Any CPU.ActiveCfg = Release|Any CPU
		{6CB83543-FD78-439C-A0B5-231291C633AE}.Release|Any CPU.Build.0 = Release|Any CPU
		{6CB83543-FD78-439C-A0B5-231291C633AE}.Release|ARM.ActiveCfg = Release|Any CPU
		{6CB83543-FD78-439C-A0B5-231291C633AE}.Release|ARM.Build.0 = Release|Any CPU
		{6CB83543-FD78-439C-A0B5-231291C633AE}.Release|x64.ActiveCfg = Release|Any CPU
		{6CB83543-FD78-439C-A0B5-231291C633AE}.Release|x64.Build.0 = Release|Any CPU
		{6CB83543-FD78-439C-A0B5-231291C633AE}.Release|x86.ActiveCfg = Release|Any CPU
		{6CB83543-FD78-439C-A0B5-231291C633AE}.Release|x86.Build.0 = Release|Any CPU
		{32273EC9-590E-45E2-8163-BA4192B242A4}.Debug|Any CPU.ActiveCfg = Debug|x86
		{32273EC9-590E-45E2-8163-BA4192B242A4}.Debug|ARM.ActiveCfg = Debug|ARM
		{32273EC9-590E-45E2-8163-BA4192B242A4}.Debug|ARM.Build.0 = Debug|ARM
		{32273EC9-590E-45E2-8163-BA4192B242A4}.Debug|ARM.Deploy.0 = Debug|ARM
		{32273EC9-590E-45E2-8163-BA4192B242A4}.Debug|x64.ActiveCfg = Debug|x64
		{32273EC9-590E-45E2-8163-BA4192B242A4}.Debug|x64.Build.0 = Debug|x64
		{32273EC9-590E-45E2-8163-BA4192B242A4}.Debug|x64.Deploy.0 = Debug|x64
		{32273EC9-590E-45E2-8163-BA4192B242A4}.Debug|x86.ActiveCfg = Debug|x86
		{32273EC9-590E-45E2-8163-BA4192B242A4}.Debug|x86.Build.0 = Debug|x86
		{32273EC9-590E-45E2-8163-BA4192B242A4}.Debug|x86.Deploy.0 = Debug|x86
		{32273EC9-590E-45E2-8163-BA4192B242A4}.Release|Any CPU.ActiveCfg = Release|x86
		{32273EC9-590E-45E2-8163-BA4192B242A4}.Release|ARM.ActiveCfg = Release|ARM
		{32273EC9-590E-45E2-8163-BA4192B242A4}.Release|ARM.Build.0 = Release|ARM
		{32273EC9-590E-45E2-8163-BA4192B242A4}.Release|ARM.Deploy.0 = Release|ARM
		{32273EC9-590E-45E2-8163-BA4192B242A4}.Release|x64.ActiveCfg = Release|x64
		{32273EC9-590E-45E2-8163-BA4192B242A4}.Release|x64.Build.0 = Release|x64
		{32273EC9-590E-45E2-8163-BA4192B242A4}.Release|x64.Deploy.0 = Release|x64
		{32273EC9-590E-45E2-8163-BA4192B242A4}.Release|x86.ActiveCfg = Release|x86
		{32273EC9-590E-45E2-8163-BA4192B242A4}.Release|x86.Build.0 = Release|x86
		{32273EC9-590E-45E2-8163-BA4192B242A4}.Release|x86.Deploy.0 = Release|x86
		{5E7E1CFA-3C13-4CF8-A2B1-9E4FA0DCDF49}.Debug|Any CPU.ActiveCfg = Debug|Any CPU
		{5E7E1CFA-3C13-4CF8-A2B1-9E4FA0DCDF49}.Debug|Any CPU.Build.0 = Debug|Any CPU
		{5E7E1CFA-3C13-4CF8-A2B1-9E4FA0DCDF49}.Debug|ARM.ActiveCfg = Debug|Any CPU
		{5E7E1CFA-3C13-4CF8-A2B1-9E4FA0DCDF49}.Debug|ARM.Build.0 = Debug|Any CPU
		{5E7E1CFA-3C13-4CF8-A2B1-9E4FA0DCDF49}.Debug|x64.ActiveCfg = Debug|Any CPU
		{5E7E1CFA-3C13-4CF8-A2B1-9E4FA0DCDF49}.Debug|x64.Build.0 = Debug|Any CPU
		{5E7E1CFA-3C13-4CF8-A2B1-9E4FA0DCDF49}.Debug|x86.ActiveCfg = Debug|Any CPU
		{5E7E1CFA-3C13-4CF8-A2B1-9E4FA0DCDF49}.Debug|x86.Build.0 = Debug|Any CPU
		{5E7E1CFA-3C13-4CF8-A2B1-9E4FA0DCDF49}.Release|Any CPU.ActiveCfg = Release|Any CPU
		{5E7E1CFA-3C13-4CF8-A2B1-9E4FA0DCDF49}.Release|Any CPU.Build.0 = Release|Any CPU
		{5E7E1CFA-3C13-4CF8-A2B1-9E4FA0DCDF49}.Release|ARM.ActiveCfg = Release|Any CPU
		{5E7E1CFA-3C13-4CF8-A2B1-9E4FA0DCDF49}.Release|ARM.Build.0 = Release|Any CPU
		{5E7E1CFA-3C13-4CF8-A2B1-9E4FA0DCDF49}.Release|x64.ActiveCfg = Release|Any CPU
		{5E7E1CFA-3C13-4CF8-A2B1-9E4FA0DCDF49}.Release|x64.Build.0 = Release|Any CPU
		{5E7E1CFA-3C13-4CF8-A2B1-9E4FA0DCDF49}.Release|x86.ActiveCfg = Release|Any CPU
		{5E7E1CFA-3C13-4CF8-A2B1-9E4FA0DCDF49}.Release|x86.Build.0 = Release|Any CPU
		{BA906D36-80F7-4F26-B610-7BB113977562}.Debug|Any CPU.ActiveCfg = Debug|x86
		{BA906D36-80F7-4F26-B610-7BB113977562}.Debug|ARM.ActiveCfg = Debug|ARM
		{BA906D36-80F7-4F26-B610-7BB113977562}.Debug|ARM.Build.0 = Debug|ARM
		{BA906D36-80F7-4F26-B610-7BB113977562}.Debug|ARM.Deploy.0 = Debug|ARM
		{BA906D36-80F7-4F26-B610-7BB113977562}.Debug|x64.ActiveCfg = Debug|x64
		{BA906D36-80F7-4F26-B610-7BB113977562}.Debug|x64.Build.0 = Debug|x64
		{BA906D36-80F7-4F26-B610-7BB113977562}.Debug|x64.Deploy.0 = Debug|x64
		{BA906D36-80F7-4F26-B610-7BB113977562}.Debug|x86.ActiveCfg = Debug|x86
		{BA906D36-80F7-4F26-B610-7BB113977562}.Debug|x86.Build.0 = Debug|x86
		{BA906D36-80F7-4F26-B610-7BB113977562}.Debug|x86.Deploy.0 = Debug|x86
		{BA906D36-80F7-4F26-B610-7BB113977562}.Release|Any CPU.ActiveCfg = Release|x86
		{BA906D36-80F7-4F26-B610-7BB113977562}.Release|ARM.ActiveCfg = Release|ARM
		{BA906D36-80F7-4F26-B610-7BB113977562}.Release|ARM.Build.0 = Release|ARM
		{BA906D36-80F7-4F26-B610-7BB113977562}.Release|ARM.Deploy.0 = Release|ARM
		{BA906D36-80F7-4F26-B610-7BB113977562}.Release|x64.ActiveCfg = Release|x64
		{BA906D36-80F7-4F26-B610-7BB113977562}.Release|x64.Build.0 = Release|x64
		{BA906D36-80F7-4F26-B610-7BB113977562}.Release|x64.Deploy.0 = Release|x64
		{BA906D36-80F7-4F26-B610-7BB113977562}.Release|x86.ActiveCfg = Release|x86
		{BA906D36-80F7-4F26-B610-7BB113977562}.Release|x86.Build.0 = Release|x86
		{BA906D36-80F7-4F26-B610-7BB113977562}.Release|x86.Deploy.0 = Release|x86
		{B2E410E2-F804-44F7-91F6-10D999998FE1}.Debug|Any CPU.ActiveCfg = Debug|Any CPU
		{B2E410E2-F804-44F7-91F6-10D999998FE1}.Debug|Any CPU.Build.0 = Debug|Any CPU
		{B2E410E2-F804-44F7-91F6-10D999998FE1}.Debug|ARM.ActiveCfg = Debug|Any CPU
		{B2E410E2-F804-44F7-91F6-10D999998FE1}.Debug|ARM.Build.0 = Debug|Any CPU
		{B2E410E2-F804-44F7-91F6-10D999998FE1}.Debug|x64.ActiveCfg = Debug|Any CPU
		{B2E410E2-F804-44F7-91F6-10D999998FE1}.Debug|x64.Build.0 = Debug|Any CPU
		{B2E410E2-F804-44F7-91F6-10D999998FE1}.Debug|x86.ActiveCfg = Debug|Any CPU
		{B2E410E2-F804-44F7-91F6-10D999998FE1}.Debug|x86.Build.0 = Debug|Any CPU
		{B2E410E2-F804-44F7-91F6-10D999998FE1}.Release|Any CPU.ActiveCfg = Release|Any CPU
		{B2E410E2-F804-44F7-91F6-10D999998FE1}.Release|Any CPU.Build.0 = Release|Any CPU
		{B2E410E2-F804-44F7-91F6-10D999998FE1}.Release|ARM.ActiveCfg = Release|Any CPU
		{B2E410E2-F804-44F7-91F6-10D999998FE1}.Release|ARM.Build.0 = Release|Any CPU
		{B2E410E2-F804-44F7-91F6-10D999998FE1}.Release|x64.ActiveCfg = Release|Any CPU
		{B2E410E2-F804-44F7-91F6-10D999998FE1}.Release|x64.Build.0 = Release|Any CPU
		{B2E410E2-F804-44F7-91F6-10D999998FE1}.Release|x86.ActiveCfg = Release|Any CPU
		{B2E410E2-F804-44F7-91F6-10D999998FE1}.Release|x86.Build.0 = Release|Any CPU
		{40B0BEEC-B012-4047-86E0-0244E36964BE}.Debug|Any CPU.ActiveCfg = Debug|x86
		{40B0BEEC-B012-4047-86E0-0244E36964BE}.Debug|ARM.ActiveCfg = Debug|ARM
		{40B0BEEC-B012-4047-86E0-0244E36964BE}.Debug|ARM.Build.0 = Debug|ARM
		{40B0BEEC-B012-4047-86E0-0244E36964BE}.Debug|ARM.Deploy.0 = Debug|ARM
		{40B0BEEC-B012-4047-86E0-0244E36964BE}.Debug|x64.ActiveCfg = Debug|x64
		{40B0BEEC-B012-4047-86E0-0244E36964BE}.Debug|x64.Build.0 = Debug|x64
		{40B0BEEC-B012-4047-86E0-0244E36964BE}.Debug|x64.Deploy.0 = Debug|x64
		{40B0BEEC-B012-4047-86E0-0244E36964BE}.Debug|x86.ActiveCfg = Debug|x86
		{40B0BEEC-B012-4047-86E0-0244E36964BE}.Debug|x86.Build.0 = Debug|x86
		{40B0BEEC-B012-4047-86E0-0244E36964BE}.Debug|x86.Deploy.0 = Debug|x86
		{40B0BEEC-B012-4047-86E0-0244E36964BE}.Release|Any CPU.ActiveCfg = Release|x86
		{40B0BEEC-B012-4047-86E0-0244E36964BE}.Release|ARM.ActiveCfg = Release|ARM
		{40B0BEEC-B012-4047-86E0-0244E36964BE}.Release|ARM.Build.0 = Release|ARM
		{40B0BEEC-B012-4047-86E0-0244E36964BE}.Release|ARM.Deploy.0 = Release|ARM
		{40B0BEEC-B012-4047-86E0-0244E36964BE}.Release|x64.ActiveCfg = Release|x64
		{40B0BEEC-B012-4047-86E0-0244E36964BE}.Release|x64.Build.0 = Release|x64
		{40B0BEEC-B012-4047-86E0-0244E36964BE}.Release|x64.Deploy.0 = Release|x64
		{40B0BEEC-B012-4047-86E0-0244E36964BE}.Release|x86.ActiveCfg = Release|x86
		{40B0BEEC-B012-4047-86E0-0244E36964BE}.Release|x86.Build.0 = Release|x86
		{40B0BEEC-B012-4047-86E0-0244E36964BE}.Release|x86.Deploy.0 = Release|x86
		{AB65AE89-E6DE-479C-8963-C0A1B0D79E4A}.Debug|Any CPU.ActiveCfg = Debug|Any CPU
		{AB65AE89-E6DE-479C-8963-C0A1B0D79E4A}.Debug|Any CPU.Build.0 = Debug|Any CPU
		{AB65AE89-E6DE-479C-8963-C0A1B0D79E4A}.Debug|ARM.ActiveCfg = Debug|Any CPU
		{AB65AE89-E6DE-479C-8963-C0A1B0D79E4A}.Debug|ARM.Build.0 = Debug|Any CPU
		{AB65AE89-E6DE-479C-8963-C0A1B0D79E4A}.Debug|x64.ActiveCfg = Debug|Any CPU
		{AB65AE89-E6DE-479C-8963-C0A1B0D79E4A}.Debug|x64.Build.0 = Debug|Any CPU
		{AB65AE89-E6DE-479C-8963-C0A1B0D79E4A}.Debug|x86.ActiveCfg = Debug|Any CPU
		{AB65AE89-E6DE-479C-8963-C0A1B0D79E4A}.Debug|x86.Build.0 = Debug|Any CPU
		{AB65AE89-E6DE-479C-8963-C0A1B0D79E4A}.Release|Any CPU.ActiveCfg = Release|Any CPU
		{AB65AE89-E6DE-479C-8963-C0A1B0D79E4A}.Release|Any CPU.Build.0 = Release|Any CPU
		{AB65AE89-E6DE-479C-8963-C0A1B0D79E4A}.Release|ARM.ActiveCfg = Release|Any CPU
		{AB65AE89-E6DE-479C-8963-C0A1B0D79E4A}.Release|ARM.Build.0 = Release|Any CPU
		{AB65AE89-E6DE-479C-8963-C0A1B0D79E4A}.Release|x64.ActiveCfg = Release|Any CPU
		{AB65AE89-E6DE-479C-8963-C0A1B0D79E4A}.Release|x64.Build.0 = Release|Any CPU
		{AB65AE89-E6DE-479C-8963-C0A1B0D79E4A}.Release|x86.ActiveCfg = Release|Any CPU
		{AB65AE89-E6DE-479C-8963-C0A1B0D79E4A}.Release|x86.Build.0 = Release|Any CPU
		{FF2F8CBE-343F-45D7-8255-76C0D88276A7}.Debug|Any CPU.ActiveCfg = Debug|x86
		{FF2F8CBE-343F-45D7-8255-76C0D88276A7}.Debug|ARM.ActiveCfg = Debug|ARM
		{FF2F8CBE-343F-45D7-8255-76C0D88276A7}.Debug|ARM.Build.0 = Debug|ARM
		{FF2F8CBE-343F-45D7-8255-76C0D88276A7}.Debug|ARM.Deploy.0 = Debug|ARM
		{FF2F8CBE-343F-45D7-8255-76C0D88276A7}.Debug|x64.ActiveCfg = Debug|x64
		{FF2F8CBE-343F-45D7-8255-76C0D88276A7}.Debug|x64.Build.0 = Debug|x64
		{FF2F8CBE-343F-45D7-8255-76C0D88276A7}.Debug|x64.Deploy.0 = Debug|x64
		{FF2F8CBE-343F-45D7-8255-76C0D88276A7}.Debug|x86.ActiveCfg = Debug|x86
		{FF2F8CBE-343F-45D7-8255-76C0D88276A7}.Debug|x86.Build.0 = Debug|x86
		{FF2F8CBE-343F-45D7-8255-76C0D88276A7}.Debug|x86.Deploy.0 = Debug|x86
		{FF2F8CBE-343F-45D7-8255-76C0D88276A7}.Release|Any CPU.ActiveCfg = Release|x86
		{FF2F8CBE-343F-45D7-8255-76C0D88276A7}.Release|ARM.ActiveCfg = Release|ARM
		{FF2F8CBE-343F-45D7-8255-76C0D88276A7}.Release|ARM.Build.0 = Release|ARM
		{FF2F8CBE-343F-45D7-8255-76C0D88276A7}.Release|ARM.Deploy.0 = Release|ARM
		{FF2F8CBE-343F-45D7-8255-76C0D88276A7}.Release|x64.ActiveCfg = Release|x64
		{FF2F8CBE-343F-45D7-8255-76C0D88276A7}.Release|x64.Build.0 = Release|x64
		{FF2F8CBE-343F-45D7-8255-76C0D88276A7}.Release|x64.Deploy.0 = Release|x64
		{FF2F8CBE-343F-45D7-8255-76C0D88276A7}.Release|x86.ActiveCfg = Release|x86
		{FF2F8CBE-343F-45D7-8255-76C0D88276A7}.Release|x86.Build.0 = Release|x86
		{FF2F8CBE-343F-45D7-8255-76C0D88276A7}.Release|x86.Deploy.0 = Release|x86
		{72A8C050-F87F-4975-969A-70EA8BACC07D}.Debug|Any CPU.ActiveCfg = Debug|Any CPU
		{72A8C050-F87F-4975-969A-70EA8BACC07D}.Debug|Any CPU.Build.0 = Debug|Any CPU
		{72A8C050-F87F-4975-969A-70EA8BACC07D}.Debug|ARM.ActiveCfg = Debug|Any CPU
		{72A8C050-F87F-4975-969A-70EA8BACC07D}.Debug|ARM.Build.0 = Debug|Any CPU
		{72A8C050-F87F-4975-969A-70EA8BACC07D}.Debug|x64.ActiveCfg = Debug|Any CPU
		{72A8C050-F87F-4975-969A-70EA8BACC07D}.Debug|x64.Build.0 = Debug|Any CPU
		{72A8C050-F87F-4975-969A-70EA8BACC07D}.Debug|x86.ActiveCfg = Debug|Any CPU
		{72A8C050-F87F-4975-969A-70EA8BACC07D}.Debug|x86.Build.0 = Debug|Any CPU
		{72A8C050-F87F-4975-969A-70EA8BACC07D}.Release|Any CPU.ActiveCfg = Release|Any CPU
		{72A8C050-F87F-4975-969A-70EA8BACC07D}.Release|Any CPU.Build.0 = Release|Any CPU
		{72A8C050-F87F-4975-969A-70EA8BACC07D}.Release|ARM.ActiveCfg = Release|Any CPU
		{72A8C050-F87F-4975-969A-70EA8BACC07D}.Release|ARM.Build.0 = Release|Any CPU
		{72A8C050-F87F-4975-969A-70EA8BACC07D}.Release|x64.ActiveCfg = Release|Any CPU
		{72A8C050-F87F-4975-969A-70EA8BACC07D}.Release|x64.Build.0 = Release|Any CPU
		{72A8C050-F87F-4975-969A-70EA8BACC07D}.Release|x86.ActiveCfg = Release|Any CPU
		{72A8C050-F87F-4975-969A-70EA8BACC07D}.Release|x86.Build.0 = Release|Any CPU
		{26A74F88-1911-4F4C-9793-61457A93F992}.Debug|Any CPU.ActiveCfg = Debug|x86
		{26A74F88-1911-4F4C-9793-61457A93F992}.Debug|ARM.ActiveCfg = Debug|ARM
		{26A74F88-1911-4F4C-9793-61457A93F992}.Debug|ARM.Build.0 = Debug|ARM
		{26A74F88-1911-4F4C-9793-61457A93F992}.Debug|ARM.Deploy.0 = Debug|ARM
		{26A74F88-1911-4F4C-9793-61457A93F992}.Debug|x64.ActiveCfg = Debug|x64
		{26A74F88-1911-4F4C-9793-61457A93F992}.Debug|x64.Build.0 = Debug|x64
		{26A74F88-1911-4F4C-9793-61457A93F992}.Debug|x64.Deploy.0 = Debug|x64
		{26A74F88-1911-4F4C-9793-61457A93F992}.Debug|x86.ActiveCfg = Debug|x86
		{26A74F88-1911-4F4C-9793-61457A93F992}.Debug|x86.Build.0 = Debug|x86
		{26A74F88-1911-4F4C-9793-61457A93F992}.Debug|x86.Deploy.0 = Debug|x86
		{26A74F88-1911-4F4C-9793-61457A93F992}.Release|Any CPU.ActiveCfg = Release|x86
		{26A74F88-1911-4F4C-9793-61457A93F992}.Release|ARM.ActiveCfg = Release|ARM
		{26A74F88-1911-4F4C-9793-61457A93F992}.Release|ARM.Build.0 = Release|ARM
		{26A74F88-1911-4F4C-9793-61457A93F992}.Release|ARM.Deploy.0 = Release|ARM
		{26A74F88-1911-4F4C-9793-61457A93F992}.Release|x64.ActiveCfg = Release|x64
		{26A74F88-1911-4F4C-9793-61457A93F992}.Release|x64.Build.0 = Release|x64
		{26A74F88-1911-4F4C-9793-61457A93F992}.Release|x64.Deploy.0 = Release|x64
		{26A74F88-1911-4F4C-9793-61457A93F992}.Release|x86.ActiveCfg = Release|x86
		{26A74F88-1911-4F4C-9793-61457A93F992}.Release|x86.Build.0 = Release|x86
		{26A74F88-1911-4F4C-9793-61457A93F992}.Release|x86.Deploy.0 = Release|x86
		{D2FA6EC7-009F-400F-B375-5C72DE00D645}.Debug|Any CPU.ActiveCfg = Debug|Any CPU
		{D2FA6EC7-009F-400F-B375-5C72DE00D645}.Debug|Any CPU.Build.0 = Debug|Any CPU
		{D2FA6EC7-009F-400F-B375-5C72DE00D645}.Debug|ARM.ActiveCfg = Debug|Any CPU
		{D2FA6EC7-009F-400F-B375-5C72DE00D645}.Debug|ARM.Build.0 = Debug|Any CPU
		{D2FA6EC7-009F-400F-B375-5C72DE00D645}.Debug|x64.ActiveCfg = Debug|Any CPU
		{D2FA6EC7-009F-400F-B375-5C72DE00D645}.Debug|x64.Build.0 = Debug|Any CPU
		{D2FA6EC7-009F-400F-B375-5C72DE00D645}.Debug|x86.ActiveCfg = Debug|Any CPU
		{D2FA6EC7-009F-400F-B375-5C72DE00D645}.Debug|x86.Build.0 = Debug|Any CPU
		{D2FA6EC7-009F-400F-B375-5C72DE00D645}.Release|Any CPU.ActiveCfg = Release|Any CPU
		{D2FA6EC7-009F-400F-B375-5C72DE00D645}.Release|Any CPU.Build.0 = Release|Any CPU
		{D2FA6EC7-009F-400F-B375-5C72DE00D645}.Release|ARM.ActiveCfg = Release|Any CPU
		{D2FA6EC7-009F-400F-B375-5C72DE00D645}.Release|ARM.Build.0 = Release|Any CPU
		{D2FA6EC7-009F-400F-B375-5C72DE00D645}.Release|x64.ActiveCfg = Release|Any CPU
		{D2FA6EC7-009F-400F-B375-5C72DE00D645}.Release|x64.Build.0 = Release|Any CPU
		{D2FA6EC7-009F-400F-B375-5C72DE00D645}.Release|x86.ActiveCfg = Release|Any CPU
		{D2FA6EC7-009F-400F-B375-5C72DE00D645}.Release|x86.Build.0 = Release|Any CPU
	EndGlobalSection
	GlobalSection(SolutionProperties) = preSolution
		HideSolutionNode = FALSE
	EndGlobalSection
	GlobalSection(NestedProjects) = preSolution
		{0918BAD0-D8F2-4AE0-AE8F-4FFF8A125FF5} = {8CDBBAFC-BE2B-4A23-9CD3-18013571A2C6}
		{D96E6B46-6369-4150-B670-9CD8B6C83714} = {8CDBBAFC-BE2B-4A23-9CD3-18013571A2C6}
		{FAC80928-28C2-42AF-89B9-BDECDC3AF111} = {B8ED38CD-1E71-4350-88AD-10FCB0EAEA77}
		{1761C405-72F3-49F6-A35D-682B13F0EE6F} = {B8ED38CD-1E71-4350-88AD-10FCB0EAEA77}
		{76572E0A-467E-4948-B454-2ACE3E9E2CD4} = {A24351DD-2348-49AB-9D79-CD595B351AF5}
		{09C67EFD-7FC5-4086-A0CA-1D9922616400} = {A24351DD-2348-49AB-9D79-CD595B351AF5}
		{137323BA-3D51-40CC-9CDA-AB1C2852C347} = {E85E5401-F507-4E12-A6DF-758D895C970C}
		{255A45AE-91C9-43D1-998C-76AD8E2A2761} = {E85E5401-F507-4E12-A6DF-758D895C970C}
		{8524F628-3C0B-4AFC-9A77-CA32D80EA412} = {2CF19567-3D9E-4567-8E8D-E759C2AABD42}
		{40461D3E-EA3E-490A-9D92-46F83F8A70D1} = {2CF19567-3D9E-4567-8E8D-E759C2AABD42}
		{70FAF771-B51D-48EF-8B30-E2AEAF4FC6CA} = {062EE37D-E093-40C9-B0A2-F76041BE2D8F}
		{3AC907D1-FE12-418C-BC9E-AD08EE76AD67} = {062EE37D-E093-40C9-B0A2-F76041BE2D8F}
		{CB28461F-5E4C-4B9B-A203-CBDF26F92B89} = {4C866840-C608-4759-AF0C-2E5ACD5A15E6}
		{BE07722F-930D-484F-86C9-8327B9359039} = {4C866840-C608-4759-AF0C-2E5ACD5A15E6}
		{3A37CB25-13BF-4ED1-B3D2-18971CCD8F80} = {9F5B2FDA-419C-4FC7-9F5B-DA2E5EE2FE1D}
		{6CB83543-FD78-439C-A0B5-231291C633AE} = {9F5B2FDA-419C-4FC7-9F5B-DA2E5EE2FE1D}
		{32273EC9-590E-45E2-8163-BA4192B242A4} = {86DD7B21-47F1-4199-B21B-E488927FF97B}
		{5E7E1CFA-3C13-4CF8-A2B1-9E4FA0DCDF49} = {86DD7B21-47F1-4199-B21B-E488927FF97B}
		{BA906D36-80F7-4F26-B610-7BB113977562} = {C771735D-D509-4D82-8621-65E8369CB75C}
		{B2E410E2-F804-44F7-91F6-10D999998FE1} = {C771735D-D509-4D82-8621-65E8369CB75C}
		{40B0BEEC-B012-4047-86E0-0244E36964BE} = {0C15B430-B799-4538-8825-9F5B5A9DDD4E}
		{AB65AE89-E6DE-479C-8963-C0A1B0D79E4A} = {0C15B430-B799-4538-8825-9F5B5A9DDD4E}
		{FF2F8CBE-343F-45D7-8255-76C0D88276A7} = {4F08C88F-D564-4029-A969-8F83ACD2E988}
		{72A8C050-F87F-4975-969A-70EA8BACC07D} = {4F08C88F-D564-4029-A969-8F83ACD2E988}
		{26A74F88-1911-4F4C-9793-61457A93F992} = {39F67E81-817C-4486-B854-A2118182E2CB}
		{D2FA6EC7-009F-400F-B375-5C72DE00D645} = {39F67E81-817C-4486-B854-A2118182E2CB}
	EndGlobalSection
	GlobalSection(ExtensibilityGlobals) = postSolution
		SolutionGuid = {4ACE9F64-5AE8-4038-B684-CFED445893E8}
	EndGlobalSection
EndGlobal
